{
  "version": 4,
  "terraform_version": "0.13.4",
  "serial": 303,
  "lineage": "1b17590b-aa87-3a2e-93e5-65cf0d25fd5f",
  "outputs": {
    "cluster_endpoint": {
      "value": "https://099F4B605262DE7878D584E001C687C4.gr7.us-east-2.eks.amazonaws.com",
      "type": "string"
    },
    "cluster_name": {
      "value": "support-training-eks-6fdZIKG7",
      "type": "string"
    },
    "cluster_security_group_id": {
      "value": "sg-02222fd5599b004c9",
      "type": "string"
    },
    "config_map_aws_auth": {
      "value": [
        {
          "binary_data": null,
          "data": {
            "mapAccounts": "[]\n",
            "mapRoles": "- \"groups\":\n  - \"system:bootstrappers\"\n  - \"system:nodes\"\n  \"rolearn\": \"arn:aws:iam::429114214526:role/support-training-eks-6fdZIKG72020120922301915830000000c\"\n  \"username\": \"system:node:{{EC2PrivateDNSName}}\"\n",
            "mapUsers": "[]\n"
          },
          "id": "kube-system/aws-auth",
          "metadata": [
            {
              "annotations": null,
              "generate_name": "",
              "generation": 0,
              "labels": {
                "app.kubernetes.io/managed-by": "Terraform",
                "terraform.io/module": "terraform-aws-modules.eks.aws"
              },
              "name": "aws-auth",
              "namespace": "kube-system",
              "resource_version": "720",
              "self_link": "/api/v1/namespaces/kube-system/configmaps/aws-auth",
              "uid": "4d2ef3b6-6b7f-4d94-afdd-dd60226f8dd9"
            }
          ]
        }
      ],
      "type": [
        "tuple",
        [
          [
            "object",
            {
              "binary_data": [
                "map",
                "string"
              ],
              "data": [
                "map",
                "string"
              ],
              "id": "string",
              "metadata": [
                "list",
                [
                  "object",
                  {
                    "annotations": [
                      "map",
                      "string"
                    ],
                    "generate_name": "string",
                    "generation": "number",
                    "labels": [
                      "map",
                      "string"
                    ],
                    "name": "string",
                    "namespace": "string",
                    "resource_version": "string",
                    "self_link": "string",
                    "uid": "string"
                  }
                ]
              ]
            }
          ]
        ]
      ]
    },
    "kubectl_config": {
      "value": "apiVersion: v1\npreferences: {}\nkind: Config\n\nclusters:\n- cluster:\n    server: https://099F4B605262DE7878D584E001C687C4.gr7.us-east-2.eks.amazonaws.com\n    certificate-authority-data: LS0tLS1CRUdJTiBDRVJUSUZJQ0FURS0tLS0tCk1JSUN5RENDQWJDZ0F3SUJBZ0lCQURBTkJna3Foa2lHOXcwQkFRc0ZBREFWTVJNd0VRWURWUVFERXdwcmRXSmwKY201bGRHVnpNQjRYRFRJd01USXdPVEl5TWpVME1Wb1hEVE13TVRJd056SXlNalUwTVZvd0ZURVRNQkVHQTFVRQpBeE1LYTNWaVpYSnVaWFJsY3pDQ0FTSXdEUVlKS29aSWh2Y05BUUVCQlFBRGdnRVBBRENDQVFvQ2dnRUJBTEdOCmlZc08xdjFpSXR0Q0dBZHZsZkxEWjVGMjF5ZGpjbG92V043Q05oTlJzdVRNWGxDVTZPaDRsNVoxRU95eGZxL1UKTjJEanZEK3lHRkFJWG4zN0NVUE9VdXUyTk5RWi9UNHFwbCtaU0YxMVc2dFYrQkxUbTJUY1FMa0M0MkZVb25lYgpSN0VDV1R4d29mZmtCTFJBcjF6QXNPSzVqeExSWnhRWTB5Z0dXV09zU2dOcnpybkxSMDcwZ2hha1l5ZkFhb1JvCkRldmNyeWlvaHJ0bjVSQU1BM2N0elNrRDJCajU1MkZzekN1TkNZaVBDSGlGRGJabHo4RVoyRVNMUUVuTGdlVy8KTWhvTG5TcGp1ckxWclFZMVF3UXV3TE8vcUJTUFhPdDBRVDJhRFN1KzhxYlRwVHg0NFBBUU5nSWwrYm94ekRIUgpLK3ZUbXNZZGRDTFpGc1ppMnpzQ0F3RUFBYU1qTUNFd0RnWURWUjBQQVFIL0JBUURBZ0trTUE4R0ExVWRFd0VCCi93UUZNQU1CQWY4d0RRWUpLb1pJaHZjTkFRRUxCUUFEZ2dFQkFIeG9DSGk3aEZoNGQ0QnlmSDB3bkMwK1dTclAKWm8vcUErR0luVzNmK0Q1N0RHQVVMMmw4YnRxSGk1dnIzQW1jMFBaKzdmanJiWldIS3dRaXBvZXM0RWNDQ3ZhUAppUnFWYUFRNEUzeDRtcXl6SzJBbS80S3c4K3ZxdnZyMmFHT01yMTUzM3RWdFNGbTROekgzMkVzaWZPaHRrV0VEClZaRHl4OWZ2R1FtWUVqbXJ3ZEJRTGFGV1VEUXRaK01hSENRZGk5UUtXL3liOHFhUUVDOS9rcVVtL1hkQTNpeUMKUDUvTDFFaloyMVJ4UTYrWHVSb1ppeUNMbU5TYk1vb2NGYUlkSEdpU25Yc1M4bWdnMExQUHpmcHZWc1c2b2lrMApRY0FoRC95YkdkU2plUWM0ZEkvQ0YxeTB4RGtiOVk0NG9WUmgwVEhtaHNxWTNOeisrYWFxSzAyRTUvST0KLS0tLS1FTkQgQ0VSVElGSUNBVEUtLS0tLQo=\n  name: eks_support-training-eks-6fdZIKG7\n\ncontexts:\n- context:\n    cluster: eks_support-training-eks-6fdZIKG7\n    user: eks_support-training-eks-6fdZIKG7\n  name: eks_support-training-eks-6fdZIKG7\n\ncurrent-context: eks_support-training-eks-6fdZIKG7\n\nusers:\n- name: eks_support-training-eks-6fdZIKG7\n  user:\n    exec:\n      apiVersion: client.authentication.k8s.io/v1alpha1\n      command: aws-iam-authenticator\n      args:\n        - \"token\"\n        - \"-i\"\n        - \"support-training-eks-6fdZIKG7\"\n",
      "type": "string"
    },
    "region": {
      "value": "us-east-2",
      "type": "string"
    }
  },
  "resources": [
    {
      "mode": "data",
      "type": "aws_availability_zones",
      "name": "available",
      "provider": "provider[\"registry.terraform.io/hashicorp/aws\"]",
      "instances": [
        {
          "schema_version": 0,
          "attributes": {
            "all_availability_zones": null,
            "exclude_names": null,
            "exclude_zone_ids": null,
            "filter": null,
            "group_names": [
              "us-east-2"
            ],
            "id": "us-east-2",
            "names": [
              "us-east-2a",
              "us-east-2b",
              "us-east-2c"
            ],
            "state": null,
            "zone_ids": [
              "use2-az1",
              "use2-az2",
              "use2-az3"
            ]
          }
        }
      ]
    },
    {
      "mode": "data",
      "type": "aws_eks_cluster",
      "name": "cluster",
      "provider": "provider[\"registry.terraform.io/hashicorp/aws\"]",
      "instances": [
        {
          "schema_version": 0,
          "attributes": {
            "arn": "arn:aws:eks:us-east-2:429114214526:cluster/support-training-eks-6fdZIKG7",
            "certificate_authority": [
              {
                "data": "LS0tLS1CRUdJTiBDRVJUSUZJQ0FURS0tLS0tCk1JSUN5RENDQWJDZ0F3SUJBZ0lCQURBTkJna3Foa2lHOXcwQkFRc0ZBREFWTVJNd0VRWURWUVFERXdwcmRXSmwKY201bGRHVnpNQjRYRFRJd01USXdPVEl5TWpVME1Wb1hEVE13TVRJd056SXlNalUwTVZvd0ZURVRNQkVHQTFVRQpBeE1LYTNWaVpYSnVaWFJsY3pDQ0FTSXdEUVlKS29aSWh2Y05BUUVCQlFBRGdnRVBBRENDQVFvQ2dnRUJBTEdOCmlZc08xdjFpSXR0Q0dBZHZsZkxEWjVGMjF5ZGpjbG92V043Q05oTlJzdVRNWGxDVTZPaDRsNVoxRU95eGZxL1UKTjJEanZEK3lHRkFJWG4zN0NVUE9VdXUyTk5RWi9UNHFwbCtaU0YxMVc2dFYrQkxUbTJUY1FMa0M0MkZVb25lYgpSN0VDV1R4d29mZmtCTFJBcjF6QXNPSzVqeExSWnhRWTB5Z0dXV09zU2dOcnpybkxSMDcwZ2hha1l5ZkFhb1JvCkRldmNyeWlvaHJ0bjVSQU1BM2N0elNrRDJCajU1MkZzekN1TkNZaVBDSGlGRGJabHo4RVoyRVNMUUVuTGdlVy8KTWhvTG5TcGp1ckxWclFZMVF3UXV3TE8vcUJTUFhPdDBRVDJhRFN1KzhxYlRwVHg0NFBBUU5nSWwrYm94ekRIUgpLK3ZUbXNZZGRDTFpGc1ppMnpzQ0F3RUFBYU1qTUNFd0RnWURWUjBQQVFIL0JBUURBZ0trTUE4R0ExVWRFd0VCCi93UUZNQU1CQWY4d0RRWUpLb1pJaHZjTkFRRUxCUUFEZ2dFQkFIeG9DSGk3aEZoNGQ0QnlmSDB3bkMwK1dTclAKWm8vcUErR0luVzNmK0Q1N0RHQVVMMmw4YnRxSGk1dnIzQW1jMFBaKzdmanJiWldIS3dRaXBvZXM0RWNDQ3ZhUAppUnFWYUFRNEUzeDRtcXl6SzJBbS80S3c4K3ZxdnZyMmFHT01yMTUzM3RWdFNGbTROekgzMkVzaWZPaHRrV0VEClZaRHl4OWZ2R1FtWUVqbXJ3ZEJRTGFGV1VEUXRaK01hSENRZGk5UUtXL3liOHFhUUVDOS9rcVVtL1hkQTNpeUMKUDUvTDFFaloyMVJ4UTYrWHVSb1ppeUNMbU5TYk1vb2NGYUlkSEdpU25Yc1M4bWdnMExQUHpmcHZWc1c2b2lrMApRY0FoRC95YkdkU2plUWM0ZEkvQ0YxeTB4RGtiOVk0NG9WUmgwVEhtaHNxWTNOeisrYWFxSzAyRTUvST0KLS0tLS1FTkQgQ0VSVElGSUNBVEUtLS0tLQo="
              }
            ],
            "created_at": "2020-12-09 22:17:15.719 +0000 UTC",
            "enabled_cluster_log_types": [],
            "endpoint": "https://099F4B605262DE7878D584E001C687C4.gr7.us-east-2.eks.amazonaws.com",
            "id": "support-training-eks-6fdZIKG7",
            "identity": [
              {
                "oidc": [
                  {
                    "issuer": "https://oidc.eks.us-east-2.amazonaws.com/id/099F4B605262DE7878D584E001C687C4"
                  }
                ]
              }
            ],
            "name": "support-training-eks-6fdZIKG7",
            "platform_version": "eks.5",
            "role_arn": "arn:aws:iam::429114214526:role/support-training-eks-6fdZIKG720201209221706924600000002",
            "status": "ACTIVE",
            "tags": {
              "Environment": "support-training",
              "GithubOrg": "terraform-aws-modules",
              "GithubRepo": "terraform-aws-eks"
            },
            "version": "1.17",
            "vpc_config": [
              {
                "cluster_security_group_id": "sg-07774333ff6bbf623",
                "endpoint_private_access": false,
                "endpoint_public_access": true,
                "public_access_cidrs": [
                  "0.0.0.0/0"
                ],
                "security_group_ids": [
                  "sg-02222fd5599b004c9"
                ],
                "subnet_ids": [
                  "subnet-03df89dba9f047e19",
                  "subnet-06eee1b90a13ea99b",
                  "subnet-0df052bb468fac0ea"
                ],
                "vpc_id": "vpc-09a478d90bcbe14c6"
              }
            ]
          }
        }
      ]
    },
    {
      "mode": "data",
      "type": "aws_eks_cluster_auth",
      "name": "cluster",
      "provider": "provider[\"registry.terraform.io/hashicorp/aws\"]",
      "instances": [
        {
          "schema_version": 0,
          "attributes": {
            "id": "support-training-eks-6fdZIKG7",
            "name": "support-training-eks-6fdZIKG7",
            "token": "k8s-aws-v1.aHR0cHM6Ly9zdHMuYW1hem9uYXdzLmNvbS8_QWN0aW9uPUdldENhbGxlcklkZW50aXR5JlZlcnNpb249MjAxMS0wNi0xNSZYLUFtei1BbGdvcml0aG09QVdTNC1ITUFDLVNIQTI1NiZYLUFtei1DcmVkZW50aWFsPUFLSUFXSDJKVEpCN0xWWFU2REFYJTJGMjAyMDEyMDklMkZ1cy1lYXN0LTElMkZzdHMlMkZhd3M0X3JlcXVlc3QmWC1BbXotRGF0ZT0yMDIwMTIwOVQyMjMwMTlaJlgtQW16LUV4cGlyZXM9MCZYLUFtei1TaWduZWRIZWFkZXJzPWhvc3QlM0J4LWs4cy1hd3MtaWQmWC1BbXotU2lnbmF0dXJlPWMxMGU2YjgxZTAwOTVhYzJlNjZjZDRmZDQ2MjVhNmQxZGE4OTc0YWM5ZmE0MjY0MmNkYTYxMTFlZjMxMDI4MzU"
          }
        }
      ]
    },
    {
      "mode": "managed",
      "type": "aws_security_group",
      "name": "all_worker_mgmt",
      "provider": "provider[\"registry.terraform.io/hashicorp/aws\"]",
      "instances": [
        {
          "schema_version": 1,
          "attributes": {
            "arn": "arn:aws:ec2:us-east-2:429114214526:security-group/sg-02b4ddb55b51c168a",
            "description": "Managed by Terraform",
            "egress": [],
            "id": "sg-02b4ddb55b51c168a",
            "ingress": [
              {
                "cidr_blocks": [
                  "10.0.0.0/8",
                  "172.16.0.0/12",
                  "192.168.0.0/16"
                ],
                "description": "",
                "from_port": 22,
                "ipv6_cidr_blocks": [],
                "prefix_list_ids": [],
                "protocol": "tcp",
                "security_groups": [],
                "self": false,
                "to_port": 22
              }
            ],
            "name": "all_worker_management20201209221706927600000003",
            "name_prefix": "all_worker_management",
            "owner_id": "429114214526",
            "revoke_rules_on_delete": false,
            "tags": null,
            "timeouts": null,
            "vpc_id": "vpc-09a478d90bcbe14c6"
          },
          "private": "eyJlMmJmYjczMC1lY2FhLTExZTYtOGY4OC0zNDM2M2JjN2M0YzAiOnsiY3JlYXRlIjo2MDAwMDAwMDAwMDAsImRlbGV0ZSI6NjAwMDAwMDAwMDAwfSwic2NoZW1hX3ZlcnNpb24iOiIxIn0=",
          "dependencies": [
            "module.vpc.aws_vpc.this"
          ]
        }
      ]
    },
    {
      "mode": "managed",
      "type": "aws_security_group",
      "name": "worker_group_mgmt_one",
      "provider": "provider[\"registry.terraform.io/hashicorp/aws\"]",
      "instances": [
        {
          "schema_version": 1,
          "attributes": {
            "arn": "arn:aws:ec2:us-east-2:429114214526:security-group/sg-03c246623a74f7c52",
            "description": "Managed by Terraform",
            "egress": [],
            "id": "sg-03c246623a74f7c52",
            "ingress": [
              {
                "cidr_blocks": [
                  "10.0.0.0/8"
                ],
                "description": "",
                "from_port": 22,
                "ipv6_cidr_blocks": [],
                "prefix_list_ids": [],
                "protocol": "tcp",
                "security_groups": [],
                "self": false,
                "to_port": 22
              }
            ],
            "name": "worker_group_mgmt_one20201209221706928200000005",
            "name_prefix": "worker_group_mgmt_one",
            "owner_id": "429114214526",
            "revoke_rules_on_delete": false,
            "tags": null,
            "timeouts": null,
            "vpc_id": "vpc-09a478d90bcbe14c6"
          },
          "private": "eyJlMmJmYjczMC1lY2FhLTExZTYtOGY4OC0zNDM2M2JjN2M0YzAiOnsiY3JlYXRlIjo2MDAwMDAwMDAwMDAsImRlbGV0ZSI6NjAwMDAwMDAwMDAwfSwic2NoZW1hX3ZlcnNpb24iOiIxIn0=",
          "dependencies": [
            "module.vpc.aws_vpc.this"
          ],
          "create_before_destroy": true
        }
      ]
    },
    {
      "mode": "managed",
      "type": "aws_security_group",
      "name": "worker_group_mgmt_two",
      "provider": "provider[\"registry.terraform.io/hashicorp/aws\"]",
      "instances": [
        {
          "schema_version": 1,
          "attributes": {
            "arn": "arn:aws:ec2:us-east-2:429114214526:security-group/sg-0da0471b989afcd0c",
            "description": "Managed by Terraform",
            "egress": [],
            "id": "sg-0da0471b989afcd0c",
            "ingress": [
              {
                "cidr_blocks": [
                  "192.168.0.0/16"
                ],
                "description": "",
                "from_port": 22,
                "ipv6_cidr_blocks": [],
                "prefix_list_ids": [],
                "protocol": "tcp",
                "security_groups": [],
                "self": false,
                "to_port": 22
              }
            ],
            "name": "worker_group_mgmt_two20201209221706927700000004",
            "name_prefix": "worker_group_mgmt_two",
            "owner_id": "429114214526",
            "revoke_rules_on_delete": false,
            "tags": null,
            "timeouts": null,
            "vpc_id": "vpc-09a478d90bcbe14c6"
          },
          "private": "eyJlMmJmYjczMC1lY2FhLTExZTYtOGY4OC0zNDM2M2JjN2M0YzAiOnsiY3JlYXRlIjo2MDAwMDAwMDAwMDAsImRlbGV0ZSI6NjAwMDAwMDAwMDAwfSwic2NoZW1hX3ZlcnNpb24iOiIxIn0=",
          "dependencies": [
            "module.vpc.aws_vpc.this"
          ],
          "create_before_destroy": true
        }
      ]
    },
    {
      "mode": "managed",
      "type": "random_string",
      "name": "suffix",
      "provider": "provider[\"registry.terraform.io/hashicorp/random\"]",
      "instances": [
        {
          "schema_version": 1,
          "attributes": {
            "id": "6fdZIKG7",
            "keepers": null,
            "length": 8,
            "lower": true,
            "min_lower": 0,
            "min_numeric": 0,
            "min_special": 0,
            "min_upper": 0,
            "number": true,
            "override_special": null,
            "result": "6fdZIKG7",
            "special": false,
            "upper": true
          },
          "private": "eyJzY2hlbWFfdmVyc2lvbiI6IjEifQ=="
        }
      ]
    },
    {
      "module": "module.eks",
      "mode": "data",
      "type": "aws_ami",
      "name": "eks_worker",
      "provider": "provider[\"registry.terraform.io/hashicorp/aws\"]",
      "instances": [
        {
          "schema_version": 0,
          "attributes": {
            "architecture": "x86_64",
            "arn": "arn:aws:ec2:us-east-2::image/ami-0c1348374bce07f4c",
            "block_device_mappings": [
              {
                "device_name": "/dev/xvda",
                "ebs": {
                  "delete_on_termination": "true",
                  "encrypted": "false",
                  "iops": "0",
                  "snapshot_id": "snap-02e4224ddf9c199a4",
                  "volume_size": "20",
                  "volume_type": "gp2"
                },
                "no_device": "",
                "virtual_name": ""
              }
            ],
            "creation_date": "2020-11-26T05:27:11.000Z",
            "description": "EKS Kubernetes Worker AMI with AmazonLinux2 image, (k8s: 1.17.12, docker:19.03.6ce-4.amzn2)",
            "executable_users": null,
            "filter": [
              {
                "name": "name",
                "values": [
                  "amazon-eks-node-1.17-v*"
                ]
              }
            ],
            "hypervisor": "xen",
            "id": "ami-0c1348374bce07f4c",
            "image_id": "ami-0c1348374bce07f4c",
            "image_location": "amazon/amazon-eks-node-1.17-v20201126",
            "image_owner_alias": "amazon",
            "image_type": "machine",
            "kernel_id": null,
            "most_recent": true,
            "name": "amazon-eks-node-1.17-v20201126",
            "name_regex": null,
            "owner_id": "602401143452",
            "owners": [
              "amazon"
            ],
            "platform": null,
            "product_codes": [],
            "public": true,
            "ramdisk_id": null,
            "root_device_name": "/dev/xvda",
            "root_device_type": "ebs",
            "root_snapshot_id": "snap-02e4224ddf9c199a4",
            "sriov_net_support": "simple",
            "state": "available",
            "state_reason": {
              "code": "UNSET",
              "message": "UNSET"
            },
            "tags": {},
            "virtualization_type": "hvm"
          }
        }
      ]
    },
    {
      "module": "module.eks",
      "mode": "data",
      "type": "aws_ami",
      "name": "eks_worker_windows",
      "provider": "provider[\"registry.terraform.io/hashicorp/aws\"]",
      "instances": [
        {
          "schema_version": 0,
          "attributes": {
            "architecture": "x86_64",
            "arn": "arn:aws:ec2:us-east-2::image/ami-05e04cf03930e1f86",
            "block_device_mappings": [
              {
                "device_name": "/dev/sda1",
                "ebs": {
                  "delete_on_termination": "true",
                  "encrypted": "false",
                  "iops": "0",
                  "snapshot_id": "snap-0ef645ceaca32af0e",
                  "volume_size": "50",
                  "volume_type": "gp2"
                },
                "no_device": "",
                "virtual_name": ""
              },
              {
                "device_name": "xvdca",
                "ebs": {},
                "no_device": "",
                "virtual_name": "ephemeral0"
              },
              {
                "device_name": "xvdcb",
                "ebs": {},
                "no_device": "",
                "virtual_name": "ephemeral1"
              },
              {
                "device_name": "xvdcc",
                "ebs": {},
                "no_device": "",
                "virtual_name": "ephemeral2"
              },
              {
                "device_name": "xvdcd",
                "ebs": {},
                "no_device": "",
                "virtual_name": "ephemeral3"
              },
              {
                "device_name": "xvdce",
                "ebs": {},
                "no_device": "",
                "virtual_name": "ephemeral4"
              },
              {
                "device_name": "xvdcf",
                "ebs": {},
                "no_device": "",
                "virtual_name": "ephemeral5"
              },
              {
                "device_name": "xvdcg",
                "ebs": {},
                "no_device": "",
                "virtual_name": "ephemeral6"
              },
              {
                "device_name": "xvdch",
                "ebs": {},
                "no_device": "",
                "virtual_name": "ephemeral7"
              },
              {
                "device_name": "xvdci",
                "ebs": {},
                "no_device": "",
                "virtual_name": "ephemeral8"
              },
              {
                "device_name": "xvdcj",
                "ebs": {},
                "no_device": "",
                "virtual_name": "ephemeral9"
              },
              {
                "device_name": "xvdck",
                "ebs": {},
                "no_device": "",
                "virtual_name": "ephemeral10"
              },
              {
                "device_name": "xvdcl",
                "ebs": {},
                "no_device": "",
                "virtual_name": "ephemeral11"
              },
              {
                "device_name": "xvdcm",
                "ebs": {},
                "no_device": "",
                "virtual_name": "ephemeral12"
              },
              {
                "device_name": "xvdcn",
                "ebs": {},
                "no_device": "",
                "virtual_name": "ephemeral13"
              },
              {
                "device_name": "xvdco",
                "ebs": {},
                "no_device": "",
                "virtual_name": "ephemeral14"
              },
              {
                "device_name": "xvdcp",
                "ebs": {},
                "no_device": "",
                "virtual_name": "ephemeral15"
              },
              {
                "device_name": "xvdcq",
                "ebs": {},
                "no_device": "",
                "virtual_name": "ephemeral16"
              },
              {
                "device_name": "xvdcr",
                "ebs": {},
                "no_device": "",
                "virtual_name": "ephemeral17"
              },
              {
                "device_name": "xvdcs",
                "ebs": {},
                "no_device": "",
                "virtual_name": "ephemeral18"
              },
              {
                "device_name": "xvdct",
                "ebs": {},
                "no_device": "",
                "virtual_name": "ephemeral19"
              },
              {
                "device_name": "xvdcu",
                "ebs": {},
                "no_device": "",
                "virtual_name": "ephemeral20"
              },
              {
                "device_name": "xvdcv",
                "ebs": {},
                "no_device": "",
                "virtual_name": "ephemeral21"
              },
              {
                "device_name": "xvdcw",
                "ebs": {},
                "no_device": "",
                "virtual_name": "ephemeral22"
              },
              {
                "device_name": "xvdcx",
                "ebs": {},
                "no_device": "",
                "virtual_name": "ephemeral23"
              },
              {
                "device_name": "xvdcy",
                "ebs": {},
                "no_device": "",
                "virtual_name": "ephemeral24"
              },
              {
                "device_name": "xvdcz",
                "ebs": {},
                "no_device": "",
                "virtual_name": "ephemeral25"
              }
            ],
            "creation_date": "2020-11-12T22:19:48.000Z",
            "description": "Microsoft Windows Server 2019 Core optimized for EKS and provided by Amazon",
            "executable_users": null,
            "filter": [
              {
                "name": "name",
                "values": [
                  "Windows_Server-2019-English-Core-EKS_Optimized-1.17-*"
                ]
              },
              {
                "name": "platform",
                "values": [
                  "windows"
                ]
              }
            ],
            "hypervisor": "xen",
            "id": "ami-05e04cf03930e1f86",
            "image_id": "ami-05e04cf03930e1f86",
            "image_location": "amazon/Windows_Server-2019-English-Core-EKS_Optimized-1.17-2020.11.12",
            "image_owner_alias": "amazon",
            "image_type": "machine",
            "kernel_id": null,
            "most_recent": true,
            "name": "Windows_Server-2019-English-Core-EKS_Optimized-1.17-2020.11.12",
            "name_regex": null,
            "owner_id": "801119661308",
            "owners": [
              "amazon"
            ],
            "platform": "windows",
            "product_codes": [],
            "public": true,
            "ramdisk_id": null,
            "root_device_name": "/dev/sda1",
            "root_device_type": "ebs",
            "root_snapshot_id": "snap-0ef645ceaca32af0e",
            "sriov_net_support": "simple",
            "state": "available",
            "state_reason": {
              "code": "UNSET",
              "message": "UNSET"
            },
            "tags": {},
            "virtualization_type": "hvm"
          }
        }
      ]
    },
    {
      "module": "module.eks",
      "mode": "data",
      "type": "aws_caller_identity",
      "name": "current",
      "provider": "provider[\"registry.terraform.io/hashicorp/aws\"]",
      "instances": [
        {
          "schema_version": 0,
          "attributes": {
            "account_id": "429114214526",
            "arn": "arn:aws:iam::429114214526:user/tamara",
            "id": "429114214526",
            "user_id": "AIDAWH2JTJB7N4KYBPPBC"
          }
        }
      ]
    },
    {
      "module": "module.eks",
      "mode": "data",
      "type": "aws_iam_policy_document",
      "name": "cluster_assume_role_policy",
      "provider": "provider[\"registry.terraform.io/hashicorp/aws\"]",
      "instances": [
        {
          "schema_version": 0,
          "attributes": {
            "id": "2764486067",
            "json": "{\n  \"Version\": \"2012-10-17\",\n  \"Statement\": [\n    {\n      \"Sid\": \"EKSClusterAssumeRole\",\n      \"Effect\": \"Allow\",\n      \"Action\": \"sts:AssumeRole\",\n      \"Principal\": {\n        \"Service\": \"eks.amazonaws.com\"\n      }\n    }\n  ]\n}",
            "override_json": null,
            "policy_id": null,
            "source_json": null,
            "statement": [
              {
                "actions": [
                  "sts:AssumeRole"
                ],
                "condition": [],
                "effect": "Allow",
                "not_actions": [],
                "not_principals": [],
                "not_resources": [],
                "principals": [
                  {
                    "identifiers": [
                      "eks.amazonaws.com"
                    ],
                    "type": "Service"
                  }
                ],
                "resources": [],
                "sid": "EKSClusterAssumeRole"
              }
            ],
            "version": "2012-10-17"
          }
        }
      ]
    },
    {
      "module": "module.eks",
      "mode": "data",
      "type": "aws_iam_policy_document",
      "name": "cluster_elb_sl_role_creation",
      "provider": "provider[\"registry.terraform.io/hashicorp/aws\"]",
      "instances": [
        {
          "index_key": 0,
          "schema_version": 0,
          "attributes": {
            "id": "3407219844",
            "json": "{\n  \"Version\": \"2012-10-17\",\n  \"Statement\": [\n    {\n      \"Sid\": \"\",\n      \"Effect\": \"Allow\",\n      \"Action\": [\n        \"ec2:DescribeInternetGateways\",\n        \"ec2:DescribeAccountAttributes\"\n      ],\n      \"Resource\": \"*\"\n    }\n  ]\n}",
            "override_json": null,
            "policy_id": null,
            "source_json": null,
            "statement": [
              {
                "actions": [
                  "ec2:DescribeAccountAttributes",
                  "ec2:DescribeInternetGateways"
                ],
                "condition": [],
                "effect": "Allow",
                "not_actions": [],
                "not_principals": [],
                "not_resources": [],
                "principals": [],
                "resources": [
                  "*"
                ],
                "sid": ""
              }
            ],
            "version": "2012-10-17"
          }
        }
      ]
    },
    {
      "module": "module.eks",
      "mode": "data",
      "type": "aws_iam_policy_document",
      "name": "workers_assume_role_policy",
      "provider": "provider[\"registry.terraform.io/hashicorp/aws\"]",
      "instances": [
        {
          "schema_version": 0,
          "attributes": {
            "id": "3778018924",
            "json": "{\n  \"Version\": \"2012-10-17\",\n  \"Statement\": [\n    {\n      \"Sid\": \"EKSWorkerAssumeRole\",\n      \"Effect\": \"Allow\",\n      \"Action\": \"sts:AssumeRole\",\n      \"Principal\": {\n        \"Service\": \"ec2.amazonaws.com\"\n      }\n    }\n  ]\n}",
            "override_json": null,
            "policy_id": null,
            "source_json": null,
            "statement": [
              {
                "actions": [
                  "sts:AssumeRole"
                ],
                "condition": [],
                "effect": "Allow",
                "not_actions": [],
                "not_principals": [],
                "not_resources": [],
                "principals": [
                  {
                    "identifiers": [
                      "ec2.amazonaws.com"
                    ],
                    "type": "Service"
                  }
                ],
                "resources": [],
                "sid": "EKSWorkerAssumeRole"
              }
            ],
            "version": "2012-10-17"
          }
        }
      ]
    },
    {
      "module": "module.eks",
      "mode": "data",
      "type": "aws_partition",
      "name": "current",
      "provider": "provider[\"registry.terraform.io/hashicorp/aws\"]",
      "instances": [
        {
          "schema_version": 0,
          "attributes": {
            "dns_suffix": "amazonaws.com",
            "id": "aws",
            "partition": "aws"
          }
        }
      ]
    },
    {
      "module": "module.eks",
      "mode": "data",
      "type": "template_file",
      "name": "userdata",
      "provider": "provider[\"registry.terraform.io/hashicorp/template\"]",
      "instances": [
        {
          "index_key": 0,
          "schema_version": 0,
          "attributes": {
            "filename": null,
            "id": "69a47d3a0147ecdf136057b0f465d00a0921cada414d2bfbe821cddadf00b832",
            "rendered": "#!/bin/bash -xe\n\n# Allow user supplied pre userdata code\n\n\n# Bootstrap and join the cluster\n/etc/eks/bootstrap.sh --b64-cluster-ca 'LS0tLS1CRUdJTiBDRVJUSUZJQ0FURS0tLS0tCk1JSUN5RENDQWJDZ0F3SUJBZ0lCQURBTkJna3Foa2lHOXcwQkFRc0ZBREFWTVJNd0VRWURWUVFERXdwcmRXSmwKY201bGRHVnpNQjRYRFRJd01USXdPVEl5TWpVME1Wb1hEVE13TVRJd056SXlNalUwTVZvd0ZURVRNQkVHQTFVRQpBeE1LYTNWaVpYSnVaWFJsY3pDQ0FTSXdEUVlKS29aSWh2Y05BUUVCQlFBRGdnRVBBRENDQVFvQ2dnRUJBTEdOCmlZc08xdjFpSXR0Q0dBZHZsZkxEWjVGMjF5ZGpjbG92V043Q05oTlJzdVRNWGxDVTZPaDRsNVoxRU95eGZxL1UKTjJEanZEK3lHRkFJWG4zN0NVUE9VdXUyTk5RWi9UNHFwbCtaU0YxMVc2dFYrQkxUbTJUY1FMa0M0MkZVb25lYgpSN0VDV1R4d29mZmtCTFJBcjF6QXNPSzVqeExSWnhRWTB5Z0dXV09zU2dOcnpybkxSMDcwZ2hha1l5ZkFhb1JvCkRldmNyeWlvaHJ0bjVSQU1BM2N0elNrRDJCajU1MkZzekN1TkNZaVBDSGlGRGJabHo4RVoyRVNMUUVuTGdlVy8KTWhvTG5TcGp1ckxWclFZMVF3UXV3TE8vcUJTUFhPdDBRVDJhRFN1KzhxYlRwVHg0NFBBUU5nSWwrYm94ekRIUgpLK3ZUbXNZZGRDTFpGc1ppMnpzQ0F3RUFBYU1qTUNFd0RnWURWUjBQQVFIL0JBUURBZ0trTUE4R0ExVWRFd0VCCi93UUZNQU1CQWY4d0RRWUpLb1pJaHZjTkFRRUxCUUFEZ2dFQkFIeG9DSGk3aEZoNGQ0QnlmSDB3bkMwK1dTclAKWm8vcUErR0luVzNmK0Q1N0RHQVVMMmw4YnRxSGk1dnIzQW1jMFBaKzdmanJiWldIS3dRaXBvZXM0RWNDQ3ZhUAppUnFWYUFRNEUzeDRtcXl6SzJBbS80S3c4K3ZxdnZyMmFHT01yMTUzM3RWdFNGbTROekgzMkVzaWZPaHRrV0VEClZaRHl4OWZ2R1FtWUVqbXJ3ZEJRTGFGV1VEUXRaK01hSENRZGk5UUtXL3liOHFhUUVDOS9rcVVtL1hkQTNpeUMKUDUvTDFFaloyMVJ4UTYrWHVSb1ppeUNMbU5TYk1vb2NGYUlkSEdpU25Yc1M4bWdnMExQUHpmcHZWc1c2b2lrMApRY0FoRC95YkdkU2plUWM0ZEkvQ0YxeTB4RGtiOVk0NG9WUmgwVEhtaHNxWTNOeisrYWFxSzAyRTUvST0KLS0tLS1FTkQgQ0VSVElGSUNBVEUtLS0tLQo=' --apiserver-endpoint 'https://099F4B605262DE7878D584E001C687C4.gr7.us-east-2.eks.amazonaws.com'  --kubelet-extra-args \"\" 'support-training-eks-6fdZIKG7'\n\n# Allow user supplied userdata code\necho support-training\n",
            "template": "#!/bin/bash -xe\n\n# Allow user supplied pre userdata code\n${pre_userdata}\n\n# Bootstrap and join the cluster\n/etc/eks/bootstrap.sh --b64-cluster-ca '${cluster_auth_base64}' --apiserver-endpoint '${endpoint}' ${bootstrap_extra_args} --kubelet-extra-args \"${kubelet_extra_args}\" '${cluster_name}'\n\n# Allow user supplied userdata code\n${additional_userdata}\n",
            "vars": {
              "additional_userdata": "echo support-training",
              "bootstrap_extra_args": "",
              "cluster_auth_base64": "LS0tLS1CRUdJTiBDRVJUSUZJQ0FURS0tLS0tCk1JSUN5RENDQWJDZ0F3SUJBZ0lCQURBTkJna3Foa2lHOXcwQkFRc0ZBREFWTVJNd0VRWURWUVFERXdwcmRXSmwKY201bGRHVnpNQjRYRFRJd01USXdPVEl5TWpVME1Wb1hEVE13TVRJd056SXlNalUwTVZvd0ZURVRNQkVHQTFVRQpBeE1LYTNWaVpYSnVaWFJsY3pDQ0FTSXdEUVlKS29aSWh2Y05BUUVCQlFBRGdnRVBBRENDQVFvQ2dnRUJBTEdOCmlZc08xdjFpSXR0Q0dBZHZsZkxEWjVGMjF5ZGpjbG92V043Q05oTlJzdVRNWGxDVTZPaDRsNVoxRU95eGZxL1UKTjJEanZEK3lHRkFJWG4zN0NVUE9VdXUyTk5RWi9UNHFwbCtaU0YxMVc2dFYrQkxUbTJUY1FMa0M0MkZVb25lYgpSN0VDV1R4d29mZmtCTFJBcjF6QXNPSzVqeExSWnhRWTB5Z0dXV09zU2dOcnpybkxSMDcwZ2hha1l5ZkFhb1JvCkRldmNyeWlvaHJ0bjVSQU1BM2N0elNrRDJCajU1MkZzekN1TkNZaVBDSGlGRGJabHo4RVoyRVNMUUVuTGdlVy8KTWhvTG5TcGp1ckxWclFZMVF3UXV3TE8vcUJTUFhPdDBRVDJhRFN1KzhxYlRwVHg0NFBBUU5nSWwrYm94ekRIUgpLK3ZUbXNZZGRDTFpGc1ppMnpzQ0F3RUFBYU1qTUNFd0RnWURWUjBQQVFIL0JBUURBZ0trTUE4R0ExVWRFd0VCCi93UUZNQU1CQWY4d0RRWUpLb1pJaHZjTkFRRUxCUUFEZ2dFQkFIeG9DSGk3aEZoNGQ0QnlmSDB3bkMwK1dTclAKWm8vcUErR0luVzNmK0Q1N0RHQVVMMmw4YnRxSGk1dnIzQW1jMFBaKzdmanJiWldIS3dRaXBvZXM0RWNDQ3ZhUAppUnFWYUFRNEUzeDRtcXl6SzJBbS80S3c4K3ZxdnZyMmFHT01yMTUzM3RWdFNGbTROekgzMkVzaWZPaHRrV0VEClZaRHl4OWZ2R1FtWUVqbXJ3ZEJRTGFGV1VEUXRaK01hSENRZGk5UUtXL3liOHFhUUVDOS9rcVVtL1hkQTNpeUMKUDUvTDFFaloyMVJ4UTYrWHVSb1ppeUNMbU5TYk1vb2NGYUlkSEdpU25Yc1M4bWdnMExQUHpmcHZWc1c2b2lrMApRY0FoRC95YkdkU2plUWM0ZEkvQ0YxeTB4RGtiOVk0NG9WUmgwVEhtaHNxWTNOeisrYWFxSzAyRTUvST0KLS0tLS1FTkQgQ0VSVElGSUNBVEUtLS0tLQo=",
              "cluster_name": "support-training-eks-6fdZIKG7",
              "endpoint": "https://099F4B605262DE7878D584E001C687C4.gr7.us-east-2.eks.amazonaws.com",
              "kubelet_extra_args": "",
              "platform": "linux",
              "pre_userdata": ""
            }
          }
        },
        {
          "index_key": 1,
          "schema_version": 0,
          "attributes": {
            "filename": null,
            "id": "69a47d3a0147ecdf136057b0f465d00a0921cada414d2bfbe821cddadf00b832",
            "rendered": "#!/bin/bash -xe\n\n# Allow user supplied pre userdata code\n\n\n# Bootstrap and join the cluster\n/etc/eks/bootstrap.sh --b64-cluster-ca 'LS0tLS1CRUdJTiBDRVJUSUZJQ0FURS0tLS0tCk1JSUN5RENDQWJDZ0F3SUJBZ0lCQURBTkJna3Foa2lHOXcwQkFRc0ZBREFWTVJNd0VRWURWUVFERXdwcmRXSmwKY201bGRHVnpNQjRYRFRJd01USXdPVEl5TWpVME1Wb1hEVE13TVRJd056SXlNalUwTVZvd0ZURVRNQkVHQTFVRQpBeE1LYTNWaVpYSnVaWFJsY3pDQ0FTSXdEUVlKS29aSWh2Y05BUUVCQlFBRGdnRVBBRENDQVFvQ2dnRUJBTEdOCmlZc08xdjFpSXR0Q0dBZHZsZkxEWjVGMjF5ZGpjbG92V043Q05oTlJzdVRNWGxDVTZPaDRsNVoxRU95eGZxL1UKTjJEanZEK3lHRkFJWG4zN0NVUE9VdXUyTk5RWi9UNHFwbCtaU0YxMVc2dFYrQkxUbTJUY1FMa0M0MkZVb25lYgpSN0VDV1R4d29mZmtCTFJBcjF6QXNPSzVqeExSWnhRWTB5Z0dXV09zU2dOcnpybkxSMDcwZ2hha1l5ZkFhb1JvCkRldmNyeWlvaHJ0bjVSQU1BM2N0elNrRDJCajU1MkZzekN1TkNZaVBDSGlGRGJabHo4RVoyRVNMUUVuTGdlVy8KTWhvTG5TcGp1ckxWclFZMVF3UXV3TE8vcUJTUFhPdDBRVDJhRFN1KzhxYlRwVHg0NFBBUU5nSWwrYm94ekRIUgpLK3ZUbXNZZGRDTFpGc1ppMnpzQ0F3RUFBYU1qTUNFd0RnWURWUjBQQVFIL0JBUURBZ0trTUE4R0ExVWRFd0VCCi93UUZNQU1CQWY4d0RRWUpLb1pJaHZjTkFRRUxCUUFEZ2dFQkFIeG9DSGk3aEZoNGQ0QnlmSDB3bkMwK1dTclAKWm8vcUErR0luVzNmK0Q1N0RHQVVMMmw4YnRxSGk1dnIzQW1jMFBaKzdmanJiWldIS3dRaXBvZXM0RWNDQ3ZhUAppUnFWYUFRNEUzeDRtcXl6SzJBbS80S3c4K3ZxdnZyMmFHT01yMTUzM3RWdFNGbTROekgzMkVzaWZPaHRrV0VEClZaRHl4OWZ2R1FtWUVqbXJ3ZEJRTGFGV1VEUXRaK01hSENRZGk5UUtXL3liOHFhUUVDOS9rcVVtL1hkQTNpeUMKUDUvTDFFaloyMVJ4UTYrWHVSb1ppeUNMbU5TYk1vb2NGYUlkSEdpU25Yc1M4bWdnMExQUHpmcHZWc1c2b2lrMApRY0FoRC95YkdkU2plUWM0ZEkvQ0YxeTB4RGtiOVk0NG9WUmgwVEhtaHNxWTNOeisrYWFxSzAyRTUvST0KLS0tLS1FTkQgQ0VSVElGSUNBVEUtLS0tLQo=' --apiserver-endpoint 'https://099F4B605262DE7878D584E001C687C4.gr7.us-east-2.eks.amazonaws.com'  --kubelet-extra-args \"\" 'support-training-eks-6fdZIKG7'\n\n# Allow user supplied userdata code\necho support-training\n",
            "template": "#!/bin/bash -xe\n\n# Allow user supplied pre userdata code\n${pre_userdata}\n\n# Bootstrap and join the cluster\n/etc/eks/bootstrap.sh --b64-cluster-ca '${cluster_auth_base64}' --apiserver-endpoint '${endpoint}' ${bootstrap_extra_args} --kubelet-extra-args \"${kubelet_extra_args}\" '${cluster_name}'\n\n# Allow user supplied userdata code\n${additional_userdata}\n",
            "vars": {
              "additional_userdata": "echo support-training",
              "bootstrap_extra_args": "",
              "cluster_auth_base64": "LS0tLS1CRUdJTiBDRVJUSUZJQ0FURS0tLS0tCk1JSUN5RENDQWJDZ0F3SUJBZ0lCQURBTkJna3Foa2lHOXcwQkFRc0ZBREFWTVJNd0VRWURWUVFERXdwcmRXSmwKY201bGRHVnpNQjRYRFRJd01USXdPVEl5TWpVME1Wb1hEVE13TVRJd056SXlNalUwTVZvd0ZURVRNQkVHQTFVRQpBeE1LYTNWaVpYSnVaWFJsY3pDQ0FTSXdEUVlKS29aSWh2Y05BUUVCQlFBRGdnRVBBRENDQVFvQ2dnRUJBTEdOCmlZc08xdjFpSXR0Q0dBZHZsZkxEWjVGMjF5ZGpjbG92V043Q05oTlJzdVRNWGxDVTZPaDRsNVoxRU95eGZxL1UKTjJEanZEK3lHRkFJWG4zN0NVUE9VdXUyTk5RWi9UNHFwbCtaU0YxMVc2dFYrQkxUbTJUY1FMa0M0MkZVb25lYgpSN0VDV1R4d29mZmtCTFJBcjF6QXNPSzVqeExSWnhRWTB5Z0dXV09zU2dOcnpybkxSMDcwZ2hha1l5ZkFhb1JvCkRldmNyeWlvaHJ0bjVSQU1BM2N0elNrRDJCajU1MkZzekN1TkNZaVBDSGlGRGJabHo4RVoyRVNMUUVuTGdlVy8KTWhvTG5TcGp1ckxWclFZMVF3UXV3TE8vcUJTUFhPdDBRVDJhRFN1KzhxYlRwVHg0NFBBUU5nSWwrYm94ekRIUgpLK3ZUbXNZZGRDTFpGc1ppMnpzQ0F3RUFBYU1qTUNFd0RnWURWUjBQQVFIL0JBUURBZ0trTUE4R0ExVWRFd0VCCi93UUZNQU1CQWY4d0RRWUpLb1pJaHZjTkFRRUxCUUFEZ2dFQkFIeG9DSGk3aEZoNGQ0QnlmSDB3bkMwK1dTclAKWm8vcUErR0luVzNmK0Q1N0RHQVVMMmw4YnRxSGk1dnIzQW1jMFBaKzdmanJiWldIS3dRaXBvZXM0RWNDQ3ZhUAppUnFWYUFRNEUzeDRtcXl6SzJBbS80S3c4K3ZxdnZyMmFHT01yMTUzM3RWdFNGbTROekgzMkVzaWZPaHRrV0VEClZaRHl4OWZ2R1FtWUVqbXJ3ZEJRTGFGV1VEUXRaK01hSENRZGk5UUtXL3liOHFhUUVDOS9rcVVtL1hkQTNpeUMKUDUvTDFFaloyMVJ4UTYrWHVSb1ppeUNMbU5TYk1vb2NGYUlkSEdpU25Yc1M4bWdnMExQUHpmcHZWc1c2b2lrMApRY0FoRC95YkdkU2plUWM0ZEkvQ0YxeTB4RGtiOVk0NG9WUmgwVEhtaHNxWTNOeisrYWFxSzAyRTUvST0KLS0tLS1FTkQgQ0VSVElGSUNBVEUtLS0tLQo=",
              "cluster_name": "support-training-eks-6fdZIKG7",
              "endpoint": "https://099F4B605262DE7878D584E001C687C4.gr7.us-east-2.eks.amazonaws.com",
              "kubelet_extra_args": "",
              "platform": "linux",
              "pre_userdata": ""
            }
          }
        }
      ]
    },
    {
      "module": "module.eks",
      "mode": "managed",
      "type": "aws_autoscaling_group",
      "name": "workers",
      "provider": "provider[\"registry.terraform.io/hashicorp/aws\"]",
      "instances": [
        {
          "index_key": 0,
          "schema_version": 0,
          "attributes": {
            "arn": "arn:aws:autoscaling:us-east-2:429114214526:autoScalingGroup:c8cabcd2-dc29-42a6-aad9-e448d7b19fce:autoScalingGroupName/support-training-eks-6fdZIKG7-worker-group-120201209223034529800000015",
            "availability_zones": [
              "us-east-2a",
              "us-east-2b",
              "us-east-2c"
            ],
            "default_cooldown": 300,
            "desired_capacity": 2,
            "enabled_metrics": null,
            "force_delete": false,
            "health_check_grace_period": 300,
            "health_check_type": "EC2",
            "id": "support-training-eks-6fdZIKG7-worker-group-120201209223034529800000015",
            "initial_lifecycle_hook": [],
            "launch_configuration": "support-training-eks-6fdZIKG7-worker-group-120201209223022894800000012",
            "launch_template": [],
            "load_balancers": null,
            "max_instance_lifetime": 0,
            "max_size": 3,
            "metrics_granularity": "1Minute",
            "min_elb_capacity": null,
            "min_size": 1,
            "mixed_instances_policy": [],
            "name": "support-training-eks-6fdZIKG7-worker-group-120201209223034529800000015",
            "name_prefix": "support-training-eks-6fdZIKG7-worker-group-1",
            "placement_group": "",
            "protect_from_scale_in": false,
            "service_linked_role_arn": "arn:aws:iam::429114214526:role/aws-service-role/autoscaling.amazonaws.com/AWSServiceRoleForAutoScaling",
            "suspended_processes": [
              "AZRebalance"
            ],
            "tag": [
              {
                "key": "Environment",
                "propagate_at_launch": true,
                "value": "support-training"
              },
              {
                "key": "GithubOrg",
                "propagate_at_launch": true,
                "value": "terraform-aws-modules"
              },
              {
                "key": "GithubRepo",
                "propagate_at_launch": true,
                "value": "terraform-aws-eks"
              },
              {
                "key": "Name",
                "propagate_at_launch": true,
                "value": "support-training-eks-6fdZIKG7-worker-group-1-eks_asg"
              },
              {
                "key": "k8s.io/cluster/support-training-eks-6fdZIKG7",
                "propagate_at_launch": true,
                "value": "owned"
              },
              {
                "key": "kubernetes.io/cluster/support-training-eks-6fdZIKG7",
                "propagate_at_launch": true,
                "value": "owned"
              }
            ],
            "tags": null,
            "target_group_arns": null,
            "termination_policies": [],
            "timeouts": null,
            "vpc_zone_identifier": [
              "subnet-03df89dba9f047e19",
              "subnet-06eee1b90a13ea99b",
              "subnet-0df052bb468fac0ea"
            ],
            "wait_for_capacity_timeout": "10m",
            "wait_for_elb_capacity": null
          },
          "private": "eyJlMmJmYjczMC1lY2FhLTExZTYtOGY4OC0zNDM2M2JjN2M0YzAiOnsiZGVsZXRlIjo2MDAwMDAwMDAwMDB9fQ==",
          "dependencies": [
            "aws_security_group.worker_group_mgmt_one",
            "aws_security_group.worker_group_mgmt_two",
            "data.aws_availability_zones.available",
            "module.eks.aws_cloudwatch_log_group.this",
            "module.eks.aws_eks_cluster.this",
            "module.eks.aws_iam_instance_profile.workers",
            "module.eks.aws_iam_role.cluster",
            "module.eks.aws_iam_role.workers",
            "module.eks.aws_iam_role_policy_attachment.cluster_AmazonEKSClusterPolicy",
            "module.eks.aws_iam_role_policy_attachment.cluster_AmazonEKSServicePolicy",
            "module.eks.aws_iam_role_policy_attachment.cluster_AmazonEKSVPCResourceControllerPolicy",
            "module.eks.aws_iam_role_policy_attachment.workers_AmazonEC2ContainerRegistryReadOnly",
            "module.eks.aws_iam_role_policy_attachment.workers_AmazonEKSWorkerNodePolicy",
            "module.eks.aws_iam_role_policy_attachment.workers_AmazonEKS_CNI_Policy",
            "module.eks.aws_iam_role_policy_attachment.workers_additional_policies",
            "module.eks.aws_launch_configuration.workers",
            "module.eks.aws_security_group.cluster",
            "module.eks.aws_security_group.workers",
            "module.eks.aws_security_group_rule.cluster_egress_internet",
            "module.eks.aws_security_group_rule.cluster_https_worker_ingress",
            "module.eks.aws_security_group_rule.cluster_primary_ingress_workers",
            "module.eks.aws_security_group_rule.workers_egress_internet",
            "module.eks.aws_security_group_rule.workers_ingress_cluster",
            "module.eks.aws_security_group_rule.workers_ingress_cluster_https",
            "module.eks.aws_security_group_rule.workers_ingress_cluster_kubelet",
            "module.eks.aws_security_group_rule.workers_ingress_cluster_primary",
            "module.eks.aws_security_group_rule.workers_ingress_self",
            "module.eks.data.aws_ami.eks_worker",
            "module.eks.data.aws_ami.eks_worker_windows",
            "module.eks.data.aws_iam_instance_profile.custom_worker_group_iam_instance_profile",
            "module.eks.data.aws_iam_policy_document.cluster_assume_role_policy",
            "module.eks.data.aws_iam_policy_document.workers_assume_role_policy",
            "module.eks.data.aws_iam_role.custom_cluster_iam_role",
            "module.eks.data.aws_partition.current",
            "module.eks.data.template_file.userdata",
            "module.eks.random_pet.workers",
            "module.vpc.aws_subnet.private",
            "module.vpc.aws_vpc.this",
            "module.vpc.aws_vpc_ipv4_cidr_block_association.this",
            "random_string.suffix"
          ],
          "create_before_destroy": true
        },
        {
          "index_key": 1,
          "schema_version": 0,
          "attributes": {
            "arn": "arn:aws:autoscaling:us-east-2:429114214526:autoScalingGroup:90223bff-155f-46a9-a71e-661546092dcd:autoScalingGroupName/support-training-eks-6fdZIKG7-worker-group-220201209223034529500000014",
            "availability_zones": [
              "us-east-2a",
              "us-east-2b",
              "us-east-2c"
            ],
            "default_cooldown": 300,
            "desired_capacity": 1,
            "enabled_metrics": null,
            "force_delete": false,
            "health_check_grace_period": 300,
            "health_check_type": "EC2",
            "id": "support-training-eks-6fdZIKG7-worker-group-220201209223034529500000014",
            "initial_lifecycle_hook": [],
            "launch_configuration": "support-training-eks-6fdZIKG7-worker-group-220201209223023298400000013",
            "launch_template": [],
            "load_balancers": null,
            "max_instance_lifetime": 0,
            "max_size": 3,
            "metrics_granularity": "1Minute",
            "min_elb_capacity": null,
            "min_size": 1,
            "mixed_instances_policy": [],
            "name": "support-training-eks-6fdZIKG7-worker-group-220201209223034529500000014",
            "name_prefix": "support-training-eks-6fdZIKG7-worker-group-2",
            "placement_group": "",
            "protect_from_scale_in": false,
            "service_linked_role_arn": "arn:aws:iam::429114214526:role/aws-service-role/autoscaling.amazonaws.com/AWSServiceRoleForAutoScaling",
            "suspended_processes": [
              "AZRebalance"
            ],
            "tag": [
              {
                "key": "Environment",
                "propagate_at_launch": true,
                "value": "support-training"
              },
              {
                "key": "GithubOrg",
                "propagate_at_launch": true,
                "value": "terraform-aws-modules"
              },
              {
                "key": "GithubRepo",
                "propagate_at_launch": true,
                "value": "terraform-aws-eks"
              },
              {
                "key": "Name",
                "propagate_at_launch": true,
                "value": "support-training-eks-6fdZIKG7-worker-group-2-eks_asg"
              },
              {
                "key": "k8s.io/cluster/support-training-eks-6fdZIKG7",
                "propagate_at_launch": true,
                "value": "owned"
              },
              {
                "key": "kubernetes.io/cluster/support-training-eks-6fdZIKG7",
                "propagate_at_launch": true,
                "value": "owned"
              }
            ],
            "tags": null,
            "target_group_arns": null,
            "termination_policies": [],
            "timeouts": null,
            "vpc_zone_identifier": [
              "subnet-03df89dba9f047e19",
              "subnet-06eee1b90a13ea99b",
              "subnet-0df052bb468fac0ea"
            ],
            "wait_for_capacity_timeout": "10m",
            "wait_for_elb_capacity": null
          },
          "private": "eyJlMmJmYjczMC1lY2FhLTExZTYtOGY4OC0zNDM2M2JjN2M0YzAiOnsiZGVsZXRlIjo2MDAwMDAwMDAwMDB9fQ==",
          "dependencies": [
            "aws_security_group.worker_group_mgmt_one",
            "aws_security_group.worker_group_mgmt_two",
            "data.aws_availability_zones.available",
            "module.eks.aws_cloudwatch_log_group.this",
            "module.eks.aws_eks_cluster.this",
            "module.eks.aws_iam_instance_profile.workers",
            "module.eks.aws_iam_role.cluster",
            "module.eks.aws_iam_role.workers",
            "module.eks.aws_iam_role_policy_attachment.cluster_AmazonEKSClusterPolicy",
            "module.eks.aws_iam_role_policy_attachment.cluster_AmazonEKSServicePolicy",
            "module.eks.aws_iam_role_policy_attachment.cluster_AmazonEKSVPCResourceControllerPolicy",
            "module.eks.aws_iam_role_policy_attachment.workers_AmazonEC2ContainerRegistryReadOnly",
            "module.eks.aws_iam_role_policy_attachment.workers_AmazonEKSWorkerNodePolicy",
            "module.eks.aws_iam_role_policy_attachment.workers_AmazonEKS_CNI_Policy",
            "module.eks.aws_iam_role_policy_attachment.workers_additional_policies",
            "module.eks.aws_launch_configuration.workers",
            "module.eks.aws_security_group.cluster",
            "module.eks.aws_security_group.workers",
            "module.eks.aws_security_group_rule.cluster_egress_internet",
            "module.eks.aws_security_group_rule.cluster_https_worker_ingress",
            "module.eks.aws_security_group_rule.cluster_primary_ingress_workers",
            "module.eks.aws_security_group_rule.workers_egress_internet",
            "module.eks.aws_security_group_rule.workers_ingress_cluster",
            "module.eks.aws_security_group_rule.workers_ingress_cluster_https",
            "module.eks.aws_security_group_rule.workers_ingress_cluster_kubelet",
            "module.eks.aws_security_group_rule.workers_ingress_cluster_primary",
            "module.eks.aws_security_group_rule.workers_ingress_self",
            "module.eks.data.aws_ami.eks_worker",
            "module.eks.data.aws_ami.eks_worker_windows",
            "module.eks.data.aws_iam_instance_profile.custom_worker_group_iam_instance_profile",
            "module.eks.data.aws_iam_policy_document.cluster_assume_role_policy",
            "module.eks.data.aws_iam_policy_document.workers_assume_role_policy",
            "module.eks.data.aws_iam_role.custom_cluster_iam_role",
            "module.eks.data.aws_partition.current",
            "module.eks.data.template_file.userdata",
            "module.eks.random_pet.workers",
            "module.vpc.aws_subnet.private",
            "module.vpc.aws_vpc.this",
            "module.vpc.aws_vpc_ipv4_cidr_block_association.this",
            "random_string.suffix"
          ],
          "create_before_destroy": true
        }
      ]
    },
    {
      "module": "module.eks",
      "mode": "managed",
      "type": "aws_eks_cluster",
      "name": "this",
      "provider": "provider[\"registry.terraform.io/hashicorp/aws\"]",
      "instances": [
        {
          "index_key": 0,
          "schema_version": 0,
          "attributes": {
            "arn": "arn:aws:eks:us-east-2:429114214526:cluster/support-training-eks-6fdZIKG7",
            "certificate_authority": [
              {
                "data": "LS0tLS1CRUdJTiBDRVJUSUZJQ0FURS0tLS0tCk1JSUN5RENDQWJDZ0F3SUJBZ0lCQURBTkJna3Foa2lHOXcwQkFRc0ZBREFWTVJNd0VRWURWUVFERXdwcmRXSmwKY201bGRHVnpNQjRYRFRJd01USXdPVEl5TWpVME1Wb1hEVE13TVRJd056SXlNalUwTVZvd0ZURVRNQkVHQTFVRQpBeE1LYTNWaVpYSnVaWFJsY3pDQ0FTSXdEUVlKS29aSWh2Y05BUUVCQlFBRGdnRVBBRENDQVFvQ2dnRUJBTEdOCmlZc08xdjFpSXR0Q0dBZHZsZkxEWjVGMjF5ZGpjbG92V043Q05oTlJzdVRNWGxDVTZPaDRsNVoxRU95eGZxL1UKTjJEanZEK3lHRkFJWG4zN0NVUE9VdXUyTk5RWi9UNHFwbCtaU0YxMVc2dFYrQkxUbTJUY1FMa0M0MkZVb25lYgpSN0VDV1R4d29mZmtCTFJBcjF6QXNPSzVqeExSWnhRWTB5Z0dXV09zU2dOcnpybkxSMDcwZ2hha1l5ZkFhb1JvCkRldmNyeWlvaHJ0bjVSQU1BM2N0elNrRDJCajU1MkZzekN1TkNZaVBDSGlGRGJabHo4RVoyRVNMUUVuTGdlVy8KTWhvTG5TcGp1ckxWclFZMVF3UXV3TE8vcUJTUFhPdDBRVDJhRFN1KzhxYlRwVHg0NFBBUU5nSWwrYm94ekRIUgpLK3ZUbXNZZGRDTFpGc1ppMnpzQ0F3RUFBYU1qTUNFd0RnWURWUjBQQVFIL0JBUURBZ0trTUE4R0ExVWRFd0VCCi93UUZNQU1CQWY4d0RRWUpLb1pJaHZjTkFRRUxCUUFEZ2dFQkFIeG9DSGk3aEZoNGQ0QnlmSDB3bkMwK1dTclAKWm8vcUErR0luVzNmK0Q1N0RHQVVMMmw4YnRxSGk1dnIzQW1jMFBaKzdmanJiWldIS3dRaXBvZXM0RWNDQ3ZhUAppUnFWYUFRNEUzeDRtcXl6SzJBbS80S3c4K3ZxdnZyMmFHT01yMTUzM3RWdFNGbTROekgzMkVzaWZPaHRrV0VEClZaRHl4OWZ2R1FtWUVqbXJ3ZEJRTGFGV1VEUXRaK01hSENRZGk5UUtXL3liOHFhUUVDOS9rcVVtL1hkQTNpeUMKUDUvTDFFaloyMVJ4UTYrWHVSb1ppeUNMbU5TYk1vb2NGYUlkSEdpU25Yc1M4bWdnMExQUHpmcHZWc1c2b2lrMApRY0FoRC95YkdkU2plUWM0ZEkvQ0YxeTB4RGtiOVk0NG9WUmgwVEhtaHNxWTNOeisrYWFxSzAyRTUvST0KLS0tLS1FTkQgQ0VSVElGSUNBVEUtLS0tLQo="
              }
            ],
            "created_at": "2020-12-09 22:17:15.719 +0000 UTC",
            "enabled_cluster_log_types": null,
            "encryption_config": [],
            "endpoint": "https://099F4B605262DE7878D584E001C687C4.gr7.us-east-2.eks.amazonaws.com",
            "id": "support-training-eks-6fdZIKG7",
            "identity": [
              {
                "oidc": [
                  {
                    "issuer": "https://oidc.eks.us-east-2.amazonaws.com/id/099F4B605262DE7878D584E001C687C4"
                  }
                ]
              }
            ],
            "name": "support-training-eks-6fdZIKG7",
            "platform_version": "eks.5",
            "role_arn": "arn:aws:iam::429114214526:role/support-training-eks-6fdZIKG720201209221706924600000002",
            "status": "ACTIVE",
            "tags": {
              "Environment": "support-training",
              "GithubOrg": "terraform-aws-modules",
              "GithubRepo": "terraform-aws-eks"
            },
            "timeouts": {
              "create": "30m",
              "delete": "15m",
              "update": null
            },
            "version": "1.17",
            "vpc_config": [
              {
                "cluster_security_group_id": "sg-07774333ff6bbf623",
                "endpoint_private_access": false,
                "endpoint_public_access": true,
                "public_access_cidrs": [
                  "0.0.0.0/0"
                ],
                "security_group_ids": [
                  "sg-02222fd5599b004c9"
                ],
                "subnet_ids": [
                  "subnet-03df89dba9f047e19",
                  "subnet-06eee1b90a13ea99b",
                  "subnet-0df052bb468fac0ea"
                ],
                "vpc_id": "vpc-09a478d90bcbe14c6"
              }
            ]
          },
          "private": "eyJlMmJmYjczMC1lY2FhLTExZTYtOGY4OC0zNDM2M2JjN2M0YzAiOnsiY3JlYXRlIjoxODAwMDAwMDAwMDAwLCJkZWxldGUiOjkwMDAwMDAwMDAwMCwidXBkYXRlIjozNjAwMDAwMDAwMDAwfX0=",
          "dependencies": [
            "data.aws_availability_zones.available",
            "module.eks.aws_cloudwatch_log_group.this",
            "module.eks.aws_iam_role.cluster",
            "module.eks.aws_iam_role_policy_attachment.cluster_AmazonEKSClusterPolicy",
            "module.eks.aws_iam_role_policy_attachment.cluster_AmazonEKSServicePolicy",
            "module.eks.aws_iam_role_policy_attachment.cluster_AmazonEKSVPCResourceControllerPolicy",
            "module.eks.aws_security_group.cluster",
            "module.eks.aws_security_group.workers",
            "module.eks.aws_security_group_rule.cluster_egress_internet",
            "module.eks.aws_security_group_rule.cluster_https_worker_ingress",
            "module.eks.data.aws_iam_policy_document.cluster_assume_role_policy",
            "module.eks.data.aws_iam_role.custom_cluster_iam_role",
            "module.eks.data.aws_partition.current",
            "module.vpc.aws_subnet.private",
            "module.vpc.aws_vpc.this",
            "module.vpc.aws_vpc_ipv4_cidr_block_association.this",
            "random_string.suffix"
          ],
          "create_before_destroy": true
        }
      ]
    },
    {
      "module": "module.eks",
      "mode": "managed",
      "type": "aws_iam_instance_profile",
      "name": "workers",
      "provider": "provider[\"registry.terraform.io/hashicorp/aws\"]",
      "instances": [
        {
          "index_key": 0,
          "schema_version": 0,
          "attributes": {
            "arn": "arn:aws:iam::429114214526:instance-profile/support-training-eks-6fdZIKG72020120922302027600000000d",
            "create_date": "2020-12-09T22:30:20Z",
            "id": "support-training-eks-6fdZIKG72020120922302027600000000d",
            "name": "support-training-eks-6fdZIKG72020120922302027600000000d",
            "name_prefix": "support-training-eks-6fdZIKG7",
            "path": "/",
            "role": "support-training-eks-6fdZIKG72020120922301915830000000c",
            "unique_id": "AIPAWH2JTJB7NNAEUJPSX"
          },
          "private": "bnVsbA==",
          "dependencies": [
            "aws_security_group.worker_group_mgmt_one",
            "aws_security_group.worker_group_mgmt_two",
            "data.aws_availability_zones.available",
            "module.eks.aws_cloudwatch_log_group.this",
            "module.eks.aws_eks_cluster.this",
            "module.eks.aws_iam_role.cluster",
            "module.eks.aws_iam_role.workers",
            "module.eks.aws_iam_role_policy_attachment.cluster_AmazonEKSClusterPolicy",
            "module.eks.aws_iam_role_policy_attachment.cluster_AmazonEKSServicePolicy",
            "module.eks.aws_iam_role_policy_attachment.cluster_AmazonEKSVPCResourceControllerPolicy",
            "module.eks.aws_security_group.cluster",
            "module.eks.aws_security_group.workers",
            "module.eks.aws_security_group_rule.cluster_egress_internet",
            "module.eks.aws_security_group_rule.cluster_https_worker_ingress",
            "module.eks.data.aws_iam_policy_document.cluster_assume_role_policy",
            "module.eks.data.aws_iam_policy_document.workers_assume_role_policy",
            "module.eks.data.aws_iam_role.custom_cluster_iam_role",
            "module.eks.data.aws_partition.current",
            "module.vpc.aws_subnet.private",
            "module.vpc.aws_vpc.this",
            "module.vpc.aws_vpc_ipv4_cidr_block_association.this",
            "random_string.suffix"
          ],
          "create_before_destroy": true
        },
        {
          "index_key": 1,
          "schema_version": 0,
          "attributes": {
            "arn": "arn:aws:iam::429114214526:instance-profile/support-training-eks-6fdZIKG72020120922302027620000000e",
            "create_date": "2020-12-09T22:30:20Z",
            "id": "support-training-eks-6fdZIKG72020120922302027620000000e",
            "name": "support-training-eks-6fdZIKG72020120922302027620000000e",
            "name_prefix": "support-training-eks-6fdZIKG7",
            "path": "/",
            "role": "support-training-eks-6fdZIKG72020120922301915830000000c",
            "unique_id": "AIPAWH2JTJB7FOJN2V2VU"
          },
          "private": "bnVsbA==",
          "dependencies": [
            "aws_security_group.worker_group_mgmt_one",
            "aws_security_group.worker_group_mgmt_two",
            "data.aws_availability_zones.available",
            "module.eks.aws_cloudwatch_log_group.this",
            "module.eks.aws_eks_cluster.this",
            "module.eks.aws_iam_role.cluster",
            "module.eks.aws_iam_role.workers",
            "module.eks.aws_iam_role_policy_attachment.cluster_AmazonEKSClusterPolicy",
            "module.eks.aws_iam_role_policy_attachment.cluster_AmazonEKSServicePolicy",
            "module.eks.aws_iam_role_policy_attachment.cluster_AmazonEKSVPCResourceControllerPolicy",
            "module.eks.aws_security_group.cluster",
            "module.eks.aws_security_group.workers",
            "module.eks.aws_security_group_rule.cluster_egress_internet",
            "module.eks.aws_security_group_rule.cluster_https_worker_ingress",
            "module.eks.data.aws_iam_policy_document.cluster_assume_role_policy",
            "module.eks.data.aws_iam_policy_document.workers_assume_role_policy",
            "module.eks.data.aws_iam_role.custom_cluster_iam_role",
            "module.eks.data.aws_partition.current",
            "module.vpc.aws_subnet.private",
            "module.vpc.aws_vpc.this",
            "module.vpc.aws_vpc_ipv4_cidr_block_association.this",
            "random_string.suffix"
          ],
          "create_before_destroy": true
        }
      ]
    },
    {
      "module": "module.eks",
      "mode": "managed",
      "type": "aws_iam_policy",
      "name": "cluster_elb_sl_role_creation",
      "provider": "provider[\"registry.terraform.io/hashicorp/aws\"]",
      "instances": [
        {
          "index_key": 0,
          "schema_version": 0,
          "attributes": {
            "arn": "arn:aws:iam::429114214526:policy/support-training-eks-6fdZIKG7-elb-sl-role-creation20201209221706924000000001",
            "description": "Permissions for EKS to create AWSServiceRoleForElasticLoadBalancing service-linked role",
            "id": "arn:aws:iam::429114214526:policy/support-training-eks-6fdZIKG7-elb-sl-role-creation20201209221706924000000001",
            "name": "support-training-eks-6fdZIKG7-elb-sl-role-creation20201209221706924000000001",
            "name_prefix": "support-training-eks-6fdZIKG7-elb-sl-role-creation",
            "path": "/",
            "policy": "{\n  \"Version\": \"2012-10-17\",\n  \"Statement\": [\n    {\n      \"Sid\": \"\",\n      \"Effect\": \"Allow\",\n      \"Action\": [\n        \"ec2:DescribeInternetGateways\",\n        \"ec2:DescribeAccountAttributes\"\n      ],\n      \"Resource\": \"*\"\n    }\n  ]\n}"
          },
          "private": "bnVsbA==",
          "dependencies": [
            "module.eks.data.aws_iam_policy_document.cluster_elb_sl_role_creation",
            "random_string.suffix"
          ]
        }
      ]
    },
    {
      "module": "module.eks",
      "mode": "managed",
      "type": "aws_iam_role",
      "name": "cluster",
      "provider": "provider[\"registry.terraform.io/hashicorp/aws\"]",
      "instances": [
        {
          "index_key": 0,
          "schema_version": 0,
          "attributes": {
            "arn": "arn:aws:iam::429114214526:role/support-training-eks-6fdZIKG720201209221706924600000002",
            "assume_role_policy": "{\"Version\":\"2012-10-17\",\"Statement\":[{\"Sid\":\"EKSClusterAssumeRole\",\"Effect\":\"Allow\",\"Principal\":{\"Service\":\"eks.amazonaws.com\"},\"Action\":\"sts:AssumeRole\"}]}",
            "create_date": "2020-12-09T22:17:07Z",
            "description": "",
            "force_detach_policies": true,
            "id": "support-training-eks-6fdZIKG720201209221706924600000002",
            "max_session_duration": 3600,
            "name": "support-training-eks-6fdZIKG720201209221706924600000002",
            "name_prefix": "support-training-eks-6fdZIKG7",
            "path": "/",
            "permissions_boundary": null,
            "tags": {
              "Environment": "support-training",
              "GithubOrg": "terraform-aws-modules",
              "GithubRepo": "terraform-aws-eks"
            },
            "unique_id": "AROAWH2JTJB7JG6CO773Q"
          },
          "private": "bnVsbA==",
          "dependencies": [
            "module.eks.data.aws_iam_policy_document.cluster_assume_role_policy",
            "random_string.suffix"
          ],
          "create_before_destroy": true
        }
      ]
    },
    {
      "module": "module.eks",
      "mode": "managed",
      "type": "aws_iam_role",
      "name": "workers",
      "provider": "provider[\"registry.terraform.io/hashicorp/aws\"]",
      "instances": [
        {
          "index_key": 0,
          "schema_version": 0,
          "attributes": {
            "arn": "arn:aws:iam::429114214526:role/support-training-eks-6fdZIKG72020120922301915830000000c",
            "assume_role_policy": "{\"Version\":\"2012-10-17\",\"Statement\":[{\"Sid\":\"EKSWorkerAssumeRole\",\"Effect\":\"Allow\",\"Principal\":{\"Service\":\"ec2.amazonaws.com\"},\"Action\":\"sts:AssumeRole\"}]}",
            "create_date": "2020-12-09T22:30:19Z",
            "description": "",
            "force_detach_policies": true,
            "id": "support-training-eks-6fdZIKG72020120922301915830000000c",
            "max_session_duration": 3600,
            "name": "support-training-eks-6fdZIKG72020120922301915830000000c",
            "name_prefix": "support-training-eks-6fdZIKG7",
            "path": "/",
            "permissions_boundary": null,
            "tags": {
              "Environment": "support-training",
              "GithubOrg": "terraform-aws-modules",
              "GithubRepo": "terraform-aws-eks"
            },
            "unique_id": "AROAWH2JTJB7CL332KJCI"
          },
          "private": "bnVsbA==",
          "dependencies": [
            "data.aws_availability_zones.available",
            "module.eks.aws_cloudwatch_log_group.this",
            "module.eks.aws_eks_cluster.this",
            "module.eks.aws_iam_role.cluster",
            "module.eks.aws_iam_role_policy_attachment.cluster_AmazonEKSClusterPolicy",
            "module.eks.aws_iam_role_policy_attachment.cluster_AmazonEKSServicePolicy",
            "module.eks.aws_iam_role_policy_attachment.cluster_AmazonEKSVPCResourceControllerPolicy",
            "module.eks.aws_security_group.cluster",
            "module.eks.aws_security_group.workers",
            "module.eks.aws_security_group_rule.cluster_egress_internet",
            "module.eks.aws_security_group_rule.cluster_https_worker_ingress",
            "module.eks.data.aws_iam_policy_document.cluster_assume_role_policy",
            "module.eks.data.aws_iam_policy_document.workers_assume_role_policy",
            "module.eks.data.aws_iam_role.custom_cluster_iam_role",
            "module.eks.data.aws_partition.current",
            "module.vpc.aws_subnet.private",
            "module.vpc.aws_vpc.this",
            "module.vpc.aws_vpc_ipv4_cidr_block_association.this",
            "random_string.suffix"
          ],
          "create_before_destroy": true
        }
      ]
    },
    {
      "module": "module.eks",
      "mode": "managed",
      "type": "aws_iam_role_policy_attachment",
      "name": "cluster_AmazonEKSClusterPolicy",
      "provider": "provider[\"registry.terraform.io/hashicorp/aws\"]",
      "instances": [
        {
          "index_key": 0,
          "schema_version": 0,
          "attributes": {
            "id": "support-training-eks-6fdZIKG720201209221706924600000002-20201209221710366300000009",
            "policy_arn": "arn:aws:iam::aws:policy/AmazonEKSClusterPolicy",
            "role": "support-training-eks-6fdZIKG720201209221706924600000002"
          },
          "private": "bnVsbA==",
          "dependencies": [
            "module.eks.aws_iam_role.cluster",
            "module.eks.data.aws_iam_policy_document.cluster_assume_role_policy",
            "module.eks.data.aws_partition.current",
            "random_string.suffix"
          ],
          "create_before_destroy": true
        }
      ]
    },
    {
      "module": "module.eks",
      "mode": "managed",
      "type": "aws_iam_role_policy_attachment",
      "name": "cluster_AmazonEKSServicePolicy",
      "provider": "provider[\"registry.terraform.io/hashicorp/aws\"]",
      "instances": [
        {
          "index_key": 0,
          "schema_version": 0,
          "attributes": {
            "id": "support-training-eks-6fdZIKG720201209221706924600000002-20201209221710355100000008",
            "policy_arn": "arn:aws:iam::aws:policy/AmazonEKSServicePolicy",
            "role": "support-training-eks-6fdZIKG720201209221706924600000002"
          },
          "private": "bnVsbA==",
          "dependencies": [
            "module.eks.aws_iam_role.cluster",
            "module.eks.data.aws_iam_policy_document.cluster_assume_role_policy",
            "module.eks.data.aws_partition.current",
            "random_string.suffix"
          ],
          "create_before_destroy": true
        }
      ]
    },
    {
      "module": "module.eks",
      "mode": "managed",
      "type": "aws_iam_role_policy_attachment",
      "name": "cluster_AmazonEKSVPCResourceControllerPolicy",
      "provider": "provider[\"registry.terraform.io/hashicorp/aws\"]",
      "instances": [
        {
          "index_key": 0,
          "schema_version": 0,
          "attributes": {
            "id": "support-training-eks-6fdZIKG720201209221706924600000002-2020120922171070520000000a",
            "policy_arn": "arn:aws:iam::aws:policy/AmazonEKSVPCResourceController",
            "role": "support-training-eks-6fdZIKG720201209221706924600000002"
          },
          "private": "bnVsbA==",
          "dependencies": [
            "module.eks.aws_iam_role.cluster",
            "module.eks.data.aws_iam_policy_document.cluster_assume_role_policy",
            "module.eks.data.aws_partition.current",
            "random_string.suffix"
          ],
          "create_before_destroy": true
        }
      ]
    },
    {
      "module": "module.eks",
      "mode": "managed",
      "type": "aws_iam_role_policy_attachment",
      "name": "cluster_elb_sl_role_creation",
      "provider": "provider[\"registry.terraform.io/hashicorp/aws\"]",
      "instances": [
        {
          "index_key": 0,
          "schema_version": 0,
          "attributes": {
            "id": "support-training-eks-6fdZIKG720201209221706924600000002-2020120922171077390000000b",
            "policy_arn": "arn:aws:iam::429114214526:policy/support-training-eks-6fdZIKG7-elb-sl-role-creation20201209221706924000000001",
            "role": "support-training-eks-6fdZIKG720201209221706924600000002"
          },
          "private": "bnVsbA==",
          "dependencies": [
            "module.eks.aws_iam_policy.cluster_elb_sl_role_creation",
            "module.eks.aws_iam_role.cluster",
            "module.eks.data.aws_iam_policy_document.cluster_assume_role_policy",
            "module.eks.data.aws_iam_policy_document.cluster_elb_sl_role_creation",
            "random_string.suffix"
          ]
        }
      ]
    },
    {
      "module": "module.eks",
      "mode": "managed",
      "type": "aws_iam_role_policy_attachment",
      "name": "workers_AmazonEC2ContainerRegistryReadOnly",
      "provider": "provider[\"registry.terraform.io/hashicorp/aws\"]",
      "instances": [
        {
          "index_key": 0,
          "schema_version": 0,
          "attributes": {
            "id": "support-training-eks-6fdZIKG72020120922301915830000000c-20201209223021233200000010",
            "policy_arn": "arn:aws:iam::aws:policy/AmazonEC2ContainerRegistryReadOnly",
            "role": "support-training-eks-6fdZIKG72020120922301915830000000c"
          },
          "private": "bnVsbA==",
          "dependencies": [
            "data.aws_availability_zones.available",
            "module.eks.aws_cloudwatch_log_group.this",
            "module.eks.aws_eks_cluster.this",
            "module.eks.aws_iam_role.cluster",
            "module.eks.aws_iam_role.workers",
            "module.eks.aws_iam_role_policy_attachment.cluster_AmazonEKSClusterPolicy",
            "module.eks.aws_iam_role_policy_attachment.cluster_AmazonEKSServicePolicy",
            "module.eks.aws_iam_role_policy_attachment.cluster_AmazonEKSVPCResourceControllerPolicy",
            "module.eks.aws_security_group.cluster",
            "module.eks.aws_security_group.workers",
            "module.eks.aws_security_group_rule.cluster_egress_internet",
            "module.eks.aws_security_group_rule.cluster_https_worker_ingress",
            "module.eks.data.aws_iam_policy_document.cluster_assume_role_policy",
            "module.eks.data.aws_iam_policy_document.workers_assume_role_policy",
            "module.eks.data.aws_iam_role.custom_cluster_iam_role",
            "module.eks.data.aws_partition.current",
            "module.vpc.aws_subnet.private",
            "module.vpc.aws_vpc.this",
            "module.vpc.aws_vpc_ipv4_cidr_block_association.this",
            "random_string.suffix"
          ],
          "create_before_destroy": true
        }
      ]
    },
    {
      "module": "module.eks",
      "mode": "managed",
      "type": "aws_iam_role_policy_attachment",
      "name": "workers_AmazonEKSWorkerNodePolicy",
      "provider": "provider[\"registry.terraform.io/hashicorp/aws\"]",
      "instances": [
        {
          "index_key": 0,
          "schema_version": 0,
          "attributes": {
            "id": "support-training-eks-6fdZIKG72020120922301915830000000c-20201209223021297200000011",
            "policy_arn": "arn:aws:iam::aws:policy/AmazonEKSWorkerNodePolicy",
            "role": "support-training-eks-6fdZIKG72020120922301915830000000c"
          },
          "private": "bnVsbA==",
          "dependencies": [
            "data.aws_availability_zones.available",
            "module.eks.aws_cloudwatch_log_group.this",
            "module.eks.aws_eks_cluster.this",
            "module.eks.aws_iam_role.cluster",
            "module.eks.aws_iam_role.workers",
            "module.eks.aws_iam_role_policy_attachment.cluster_AmazonEKSClusterPolicy",
            "module.eks.aws_iam_role_policy_attachment.cluster_AmazonEKSServicePolicy",
            "module.eks.aws_iam_role_policy_attachment.cluster_AmazonEKSVPCResourceControllerPolicy",
            "module.eks.aws_security_group.cluster",
            "module.eks.aws_security_group.workers",
            "module.eks.aws_security_group_rule.cluster_egress_internet",
            "module.eks.aws_security_group_rule.cluster_https_worker_ingress",
            "module.eks.data.aws_iam_policy_document.cluster_assume_role_policy",
            "module.eks.data.aws_iam_policy_document.workers_assume_role_policy",
            "module.eks.data.aws_iam_role.custom_cluster_iam_role",
            "module.eks.data.aws_partition.current",
            "module.vpc.aws_subnet.private",
            "module.vpc.aws_vpc.this",
            "module.vpc.aws_vpc_ipv4_cidr_block_association.this",
            "random_string.suffix"
          ],
          "create_before_destroy": true
        }
      ]
    },
    {
      "module": "module.eks",
      "mode": "managed",
      "type": "aws_iam_role_policy_attachment",
      "name": "workers_AmazonEKS_CNI_Policy",
      "provider": "provider[\"registry.terraform.io/hashicorp/aws\"]",
      "instances": [
        {
          "index_key": 0,
          "schema_version": 0,
          "attributes": {
            "id": "support-training-eks-6fdZIKG72020120922301915830000000c-2020120922302119450000000f",
            "policy_arn": "arn:aws:iam::aws:policy/AmazonEKS_CNI_Policy",
            "role": "support-training-eks-6fdZIKG72020120922301915830000000c"
          },
          "private": "bnVsbA==",
          "dependencies": [
            "data.aws_availability_zones.available",
            "module.eks.aws_cloudwatch_log_group.this",
            "module.eks.aws_eks_cluster.this",
            "module.eks.aws_iam_role.cluster",
            "module.eks.aws_iam_role.workers",
            "module.eks.aws_iam_role_policy_attachment.cluster_AmazonEKSClusterPolicy",
            "module.eks.aws_iam_role_policy_attachment.cluster_AmazonEKSServicePolicy",
            "module.eks.aws_iam_role_policy_attachment.cluster_AmazonEKSVPCResourceControllerPolicy",
            "module.eks.aws_security_group.cluster",
            "module.eks.aws_security_group.workers",
            "module.eks.aws_security_group_rule.cluster_egress_internet",
            "module.eks.aws_security_group_rule.cluster_https_worker_ingress",
            "module.eks.data.aws_iam_policy_document.cluster_assume_role_policy",
            "module.eks.data.aws_iam_policy_document.workers_assume_role_policy",
            "module.eks.data.aws_iam_role.custom_cluster_iam_role",
            "module.eks.data.aws_partition.current",
            "module.vpc.aws_subnet.private",
            "module.vpc.aws_vpc.this",
            "module.vpc.aws_vpc_ipv4_cidr_block_association.this",
            "random_string.suffix"
          ],
          "create_before_destroy": true
        }
      ]
    },
    {
      "module": "module.eks",
      "mode": "managed",
      "type": "aws_launch_configuration",
      "name": "workers",
      "provider": "provider[\"registry.terraform.io/hashicorp/aws\"]",
      "instances": [
        {
          "index_key": 0,
          "schema_version": 0,
          "attributes": {
            "arn": "arn:aws:autoscaling:us-east-2:429114214526:launchConfiguration:be1a560c-5d45-4d13-98e3-27a973a342e0:launchConfigurationName/support-training-eks-6fdZIKG7-worker-group-120201209223022894800000012",
            "associate_public_ip_address": false,
            "ebs_block_device": [],
            "ebs_optimized": false,
            "enable_monitoring": true,
            "ephemeral_block_device": [],
            "iam_instance_profile": "support-training-eks-6fdZIKG72020120922302027600000000d",
            "id": "support-training-eks-6fdZIKG7-worker-group-120201209223022894800000012",
            "image_id": "ami-0c1348374bce07f4c",
            "instance_type": "t2.xlarge",
            "key_name": "",
            "name": "support-training-eks-6fdZIKG7-worker-group-120201209223022894800000012",
            "name_prefix": "support-training-eks-6fdZIKG7-worker-group-1",
            "placement_tenancy": "",
            "root_block_device": [
              {
                "delete_on_termination": true,
                "encrypted": false,
                "iops": 0,
                "volume_size": 100,
                "volume_type": "gp2"
              }
            ],
            "security_groups": [
              "sg-03c246623a74f7c52",
              "sg-062b4631127244fc5"
            ],
            "spot_price": "",
            "user_data": null,
            "user_data_base64": "IyEvYmluL2Jhc2ggLXhlCgojIEFsbG93IHVzZXIgc3VwcGxpZWQgcHJlIHVzZXJkYXRhIGNvZGUKCgojIEJvb3RzdHJhcCBhbmQgam9pbiB0aGUgY2x1c3RlcgovZXRjL2Vrcy9ib290c3RyYXAuc2ggLS1iNjQtY2x1c3Rlci1jYSAnTFMwdExTMUNSVWRKVGlCRFJWSlVTVVpKUTBGVVJTMHRMUzB0Q2sxSlNVTjVSRU5EUVdKRFowRjNTVUpCWjBsQ1FVUkJUa0puYTNGb2EybEhPWGN3UWtGUmMwWkJSRUZXVFZKTmQwVlJXVVJXVVZGRVJYZHdjbVJYU213S1kyMDFiR1JIVm5wTlFqUllSRlJKZDAxVVNYZFBWRWw1VFdwVk1FMVdiMWhFVkUxM1RWUkpkMDU2U1hsTmFsVXdUVlp2ZDBaVVJWUk5Ra1ZIUVRGVlJRcEJlRTFMWVROV2FWcFlTblZhV0ZKc1kzcERRMEZUU1hkRVVWbEtTMjlhU1doMlkwNUJVVVZDUWxGQlJHZG5SVkJCUkVORFFWRnZRMmRuUlVKQlRFZE9DbWxaYzA4eGRqRnBTWFIwUTBkQlpIWnNaa3hFV2pWR01qRjVaR3BqYkc5MlYwNDNRMDVvVGxKemRWUk5XR3hEVlRaUGFEUnNOVm94UlU5NWVHWnhMMVVLVGpKRWFuWkVLM2xIUmtGSldHNHpOME5WVUU5VmRYVXlUazVSV2k5VU5IRndiQ3RhVTBZeE1WYzJkRllyUWt4VWJUSlVZMUZNYTBNME1rWlZiMjVsWWdwU04wVkRWMVI0ZDI5bVptdENURkpCY2pGNlFYTlBTelZxZUV4U1duaFJXVEI1WjBkWFYwOXpVMmRPY25weWJreFNNRGN3WjJoaGExbDVaa0ZoYjFKdkNrUmxkbU55ZVdsdmFISjBialZTUVUxQk0yTjBlbE5yUkRKQ2FqVTFNa1p6ZWtOMVRrTlphVkJEU0dsR1JHSmFiSG80UlZveVJWTk1VVVZ1VEdkbFZ5OEtUV2h2VEc1VGNHcDFja3hXY2xGWk1WRjNVWFYzVEU4dmNVSlRVRmhQZERCUlZESmhSRk4xS3poeFlsUndWSGcwTkZCQlVVNW5TV3dyWW05NGVrUklVZ3BMSzNaVWJYTlpaR1JEVEZwR2MxcHBNbnB6UTBGM1JVRkJZVTFxVFVORmQwUm5XVVJXVWpCUVFWRklMMEpCVVVSQlowdHJUVUU0UjBFeFZXUkZkMFZDQ2k5M1VVWk5RVTFDUVdZNGQwUlJXVXBMYjFwSmFIWmpUa0ZSUlV4Q1VVRkVaMmRGUWtGSWVHOURTR2szYUVab05HUTBRbmxtU0RCM2JrTXdLMWRUY2xBS1dtOHZjVUVyUjBsdVZ6Tm1LMFExTjBSSFFWVk1NbXc0WW5SeFNHazFkbkl6UVcxak1GQmFLemRtYW5KaVdsZElTM2RSYVhCdlpYTTBSV05EUTNaaFVBcHBVbkZXWVVGUk5FVXplRFJ0Y1hsNlN6SkJiUzgwUzNjNEszWnhkblp5TW1GSFQwMXlNVFV6TTNSV2RGTkdiVFJPZWtnek1rVnphV1pQYUhSclYwVkVDbFphUkhsNE9XWjJSMUZ0V1VWcWJYSjNaRUpSVEdGR1YxVkVVWFJhSzAxaFNFTlJaR2s1VVV0WEwzbGlPSEZoVVVWRE9TOXJjVlZ0TDFoa1FUTnBlVU1LVURVdlRERkZhbG95TVZKNFVUWXJXSFZTYjFwcGVVTk1iVTVUWWsxdmIyTkdZVWxrU0VkcFUyNVljMU00Yldkbk1FeFFVSHBtY0haV2MxYzJiMmxyTUFwUlkwRm9SQzk1WWtka1UycGxVV00wWkVrdlEwWXhlVEI0Ukd0aU9WazBORzlXVW1nd1ZFaHRhSE54V1ROT2Vpc3JZV0Z4U3pBeVJUVXZTVDBLTFMwdExTMUZUa1FnUTBWU1ZFbEdTVU5CVkVVdExTMHRMUW89JyAtLWFwaXNlcnZlci1lbmRwb2ludCAnaHR0cHM6Ly8wOTlGNEI2MDUyNjJERTc4NzhENTg0RTAwMUM2ODdDNC5ncjcudXMtZWFzdC0yLmVrcy5hbWF6b25hd3MuY29tJyAgLS1rdWJlbGV0LWV4dHJhLWFyZ3MgIiIgJ3N1cHBvcnQtdHJhaW5pbmctZWtzLTZmZFpJS0c3JwoKIyBBbGxvdyB1c2VyIHN1cHBsaWVkIHVzZXJkYXRhIGNvZGUKZWNobyBzdXBwb3J0LXRyYWluaW5nCg==",
            "vpc_classic_link_id": "",
            "vpc_classic_link_security_groups": null
          },
          "private": "bnVsbA==",
          "dependencies": [
            "aws_security_group.worker_group_mgmt_one",
            "aws_security_group.worker_group_mgmt_two",
            "data.aws_availability_zones.available",
            "module.eks.aws_cloudwatch_log_group.this",
            "module.eks.aws_eks_cluster.this",
            "module.eks.aws_iam_instance_profile.workers",
            "module.eks.aws_iam_role.cluster",
            "module.eks.aws_iam_role.workers",
            "module.eks.aws_iam_role_policy_attachment.cluster_AmazonEKSClusterPolicy",
            "module.eks.aws_iam_role_policy_attachment.cluster_AmazonEKSServicePolicy",
            "module.eks.aws_iam_role_policy_attachment.cluster_AmazonEKSVPCResourceControllerPolicy",
            "module.eks.aws_iam_role_policy_attachment.workers_AmazonEC2ContainerRegistryReadOnly",
            "module.eks.aws_iam_role_policy_attachment.workers_AmazonEKSWorkerNodePolicy",
            "module.eks.aws_iam_role_policy_attachment.workers_AmazonEKS_CNI_Policy",
            "module.eks.aws_iam_role_policy_attachment.workers_additional_policies",
            "module.eks.aws_security_group.cluster",
            "module.eks.aws_security_group.workers",
            "module.eks.aws_security_group_rule.cluster_egress_internet",
            "module.eks.aws_security_group_rule.cluster_https_worker_ingress",
            "module.eks.aws_security_group_rule.cluster_primary_ingress_workers",
            "module.eks.aws_security_group_rule.workers_egress_internet",
            "module.eks.aws_security_group_rule.workers_ingress_cluster",
            "module.eks.aws_security_group_rule.workers_ingress_cluster_https",
            "module.eks.aws_security_group_rule.workers_ingress_cluster_kubelet",
            "module.eks.aws_security_group_rule.workers_ingress_cluster_primary",
            "module.eks.aws_security_group_rule.workers_ingress_self",
            "module.eks.data.aws_ami.eks_worker",
            "module.eks.data.aws_ami.eks_worker_windows",
            "module.eks.data.aws_iam_instance_profile.custom_worker_group_iam_instance_profile",
            "module.eks.data.aws_iam_policy_document.cluster_assume_role_policy",
            "module.eks.data.aws_iam_policy_document.workers_assume_role_policy",
            "module.eks.data.aws_iam_role.custom_cluster_iam_role",
            "module.eks.data.aws_partition.current",
            "module.eks.data.template_file.userdata",
            "module.vpc.aws_subnet.private",
            "module.vpc.aws_vpc.this",
            "module.vpc.aws_vpc_ipv4_cidr_block_association.this",
            "random_string.suffix"
          ],
          "create_before_destroy": true
        },
        {
          "index_key": 1,
          "schema_version": 0,
          "attributes": {
            "arn": "arn:aws:autoscaling:us-east-2:429114214526:launchConfiguration:1f26ac7d-afc8-4513-a1a7-73c0d2d8dce1:launchConfigurationName/support-training-eks-6fdZIKG7-worker-group-220201209223023298400000013",
            "associate_public_ip_address": false,
            "ebs_block_device": [],
            "ebs_optimized": false,
            "enable_monitoring": true,
            "ephemeral_block_device": [],
            "iam_instance_profile": "support-training-eks-6fdZIKG72020120922302027620000000e",
            "id": "support-training-eks-6fdZIKG7-worker-group-220201209223023298400000013",
            "image_id": "ami-0c1348374bce07f4c",
            "instance_type": "t2.xlarge",
            "key_name": "",
            "name": "support-training-eks-6fdZIKG7-worker-group-220201209223023298400000013",
            "name_prefix": "support-training-eks-6fdZIKG7-worker-group-2",
            "placement_tenancy": "",
            "root_block_device": [
              {
                "delete_on_termination": true,
                "encrypted": false,
                "iops": 0,
                "volume_size": 100,
                "volume_type": "gp2"
              }
            ],
            "security_groups": [
              "sg-062b4631127244fc5",
              "sg-0da0471b989afcd0c"
            ],
            "spot_price": "",
            "user_data": null,
            "user_data_base64": "IyEvYmluL2Jhc2ggLXhlCgojIEFsbG93IHVzZXIgc3VwcGxpZWQgcHJlIHVzZXJkYXRhIGNvZGUKCgojIEJvb3RzdHJhcCBhbmQgam9pbiB0aGUgY2x1c3RlcgovZXRjL2Vrcy9ib290c3RyYXAuc2ggLS1iNjQtY2x1c3Rlci1jYSAnTFMwdExTMUNSVWRKVGlCRFJWSlVTVVpKUTBGVVJTMHRMUzB0Q2sxSlNVTjVSRU5EUVdKRFowRjNTVUpCWjBsQ1FVUkJUa0puYTNGb2EybEhPWGN3UWtGUmMwWkJSRUZXVFZKTmQwVlJXVVJXVVZGRVJYZHdjbVJYU213S1kyMDFiR1JIVm5wTlFqUllSRlJKZDAxVVNYZFBWRWw1VFdwVk1FMVdiMWhFVkUxM1RWUkpkMDU2U1hsTmFsVXdUVlp2ZDBaVVJWUk5Ra1ZIUVRGVlJRcEJlRTFMWVROV2FWcFlTblZhV0ZKc1kzcERRMEZUU1hkRVVWbEtTMjlhU1doMlkwNUJVVVZDUWxGQlJHZG5SVkJCUkVORFFWRnZRMmRuUlVKQlRFZE9DbWxaYzA4eGRqRnBTWFIwUTBkQlpIWnNaa3hFV2pWR01qRjVaR3BqYkc5MlYwNDNRMDVvVGxKemRWUk5XR3hEVlRaUGFEUnNOVm94UlU5NWVHWnhMMVVLVGpKRWFuWkVLM2xIUmtGSldHNHpOME5WVUU5VmRYVXlUazVSV2k5VU5IRndiQ3RhVTBZeE1WYzJkRllyUWt4VWJUSlVZMUZNYTBNME1rWlZiMjVsWWdwU04wVkRWMVI0ZDI5bVptdENURkpCY2pGNlFYTlBTelZxZUV4U1duaFJXVEI1WjBkWFYwOXpVMmRPY25weWJreFNNRGN3WjJoaGExbDVaa0ZoYjFKdkNrUmxkbU55ZVdsdmFISjBialZTUVUxQk0yTjBlbE5yUkRKQ2FqVTFNa1p6ZWtOMVRrTlphVkJEU0dsR1JHSmFiSG80UlZveVJWTk1VVVZ1VEdkbFZ5OEtUV2h2VEc1VGNHcDFja3hXY2xGWk1WRjNVWFYzVEU4dmNVSlRVRmhQZERCUlZESmhSRk4xS3poeFlsUndWSGcwTkZCQlVVNW5TV3dyWW05NGVrUklVZ3BMSzNaVWJYTlpaR1JEVEZwR2MxcHBNbnB6UTBGM1JVRkJZVTFxVFVORmQwUm5XVVJXVWpCUVFWRklMMEpCVVVSQlowdHJUVUU0UjBFeFZXUkZkMFZDQ2k5M1VVWk5RVTFDUVdZNGQwUlJXVXBMYjFwSmFIWmpUa0ZSUlV4Q1VVRkVaMmRGUWtGSWVHOURTR2szYUVab05HUTBRbmxtU0RCM2JrTXdLMWRUY2xBS1dtOHZjVUVyUjBsdVZ6Tm1LMFExTjBSSFFWVk1NbXc0WW5SeFNHazFkbkl6UVcxak1GQmFLemRtYW5KaVdsZElTM2RSYVhCdlpYTTBSV05EUTNaaFVBcHBVbkZXWVVGUk5FVXplRFJ0Y1hsNlN6SkJiUzgwUzNjNEszWnhkblp5TW1GSFQwMXlNVFV6TTNSV2RGTkdiVFJPZWtnek1rVnphV1pQYUhSclYwVkVDbFphUkhsNE9XWjJSMUZ0V1VWcWJYSjNaRUpSVEdGR1YxVkVVWFJhSzAxaFNFTlJaR2s1VVV0WEwzbGlPSEZoVVVWRE9TOXJjVlZ0TDFoa1FUTnBlVU1LVURVdlRERkZhbG95TVZKNFVUWXJXSFZTYjFwcGVVTk1iVTVUWWsxdmIyTkdZVWxrU0VkcFUyNVljMU00Yldkbk1FeFFVSHBtY0haV2MxYzJiMmxyTUFwUlkwRm9SQzk1WWtka1UycGxVV00wWkVrdlEwWXhlVEI0Ukd0aU9WazBORzlXVW1nd1ZFaHRhSE54V1ROT2Vpc3JZV0Z4U3pBeVJUVXZTVDBLTFMwdExTMUZUa1FnUTBWU1ZFbEdTVU5CVkVVdExTMHRMUW89JyAtLWFwaXNlcnZlci1lbmRwb2ludCAnaHR0cHM6Ly8wOTlGNEI2MDUyNjJERTc4NzhENTg0RTAwMUM2ODdDNC5ncjcudXMtZWFzdC0yLmVrcy5hbWF6b25hd3MuY29tJyAgLS1rdWJlbGV0LWV4dHJhLWFyZ3MgIiIgJ3N1cHBvcnQtdHJhaW5pbmctZWtzLTZmZFpJS0c3JwoKIyBBbGxvdyB1c2VyIHN1cHBsaWVkIHVzZXJkYXRhIGNvZGUKZWNobyBzdXBwb3J0LXRyYWluaW5nCg==",
            "vpc_classic_link_id": "",
            "vpc_classic_link_security_groups": null
          },
          "private": "bnVsbA==",
          "dependencies": [
            "aws_security_group.worker_group_mgmt_one",
            "aws_security_group.worker_group_mgmt_two",
            "data.aws_availability_zones.available",
            "module.eks.aws_cloudwatch_log_group.this",
            "module.eks.aws_eks_cluster.this",
            "module.eks.aws_iam_instance_profile.workers",
            "module.eks.aws_iam_role.cluster",
            "module.eks.aws_iam_role.workers",
            "module.eks.aws_iam_role_policy_attachment.cluster_AmazonEKSClusterPolicy",
            "module.eks.aws_iam_role_policy_attachment.cluster_AmazonEKSServicePolicy",
            "module.eks.aws_iam_role_policy_attachment.cluster_AmazonEKSVPCResourceControllerPolicy",
            "module.eks.aws_iam_role_policy_attachment.workers_AmazonEC2ContainerRegistryReadOnly",
            "module.eks.aws_iam_role_policy_attachment.workers_AmazonEKSWorkerNodePolicy",
            "module.eks.aws_iam_role_policy_attachment.workers_AmazonEKS_CNI_Policy",
            "module.eks.aws_iam_role_policy_attachment.workers_additional_policies",
            "module.eks.aws_security_group.cluster",
            "module.eks.aws_security_group.workers",
            "module.eks.aws_security_group_rule.cluster_egress_internet",
            "module.eks.aws_security_group_rule.cluster_https_worker_ingress",
            "module.eks.aws_security_group_rule.cluster_primary_ingress_workers",
            "module.eks.aws_security_group_rule.workers_egress_internet",
            "module.eks.aws_security_group_rule.workers_ingress_cluster",
            "module.eks.aws_security_group_rule.workers_ingress_cluster_https",
            "module.eks.aws_security_group_rule.workers_ingress_cluster_kubelet",
            "module.eks.aws_security_group_rule.workers_ingress_cluster_primary",
            "module.eks.aws_security_group_rule.workers_ingress_self",
            "module.eks.data.aws_ami.eks_worker",
            "module.eks.data.aws_ami.eks_worker_windows",
            "module.eks.data.aws_iam_instance_profile.custom_worker_group_iam_instance_profile",
            "module.eks.data.aws_iam_policy_document.cluster_assume_role_policy",
            "module.eks.data.aws_iam_policy_document.workers_assume_role_policy",
            "module.eks.data.aws_iam_role.custom_cluster_iam_role",
            "module.eks.data.aws_partition.current",
            "module.eks.data.template_file.userdata",
            "module.vpc.aws_subnet.private",
            "module.vpc.aws_vpc.this",
            "module.vpc.aws_vpc_ipv4_cidr_block_association.this",
            "random_string.suffix"
          ],
          "create_before_destroy": true
        }
      ]
    },
    {
      "module": "module.eks",
      "mode": "managed",
      "type": "aws_security_group",
      "name": "cluster",
      "provider": "provider[\"registry.terraform.io/hashicorp/aws\"]",
      "instances": [
        {
          "index_key": 0,
          "schema_version": 1,
          "attributes": {
            "arn": "arn:aws:ec2:us-east-2:429114214526:security-group/sg-02222fd5599b004c9",
            "description": "EKS cluster security group.",
            "egress": [],
            "id": "sg-02222fd5599b004c9",
            "ingress": [],
            "name": "support-training-eks-6fdZIKG720201209221708443400000006",
            "name_prefix": "support-training-eks-6fdZIKG7",
            "owner_id": "429114214526",
            "revoke_rules_on_delete": false,
            "tags": {
              "Environment": "support-training",
              "GithubOrg": "terraform-aws-modules",
              "GithubRepo": "terraform-aws-eks",
              "Name": "support-training-eks-6fdZIKG7-eks_cluster_sg"
            },
            "timeouts": null,
            "vpc_id": "vpc-09a478d90bcbe14c6"
          },
          "private": "eyJlMmJmYjczMC1lY2FhLTExZTYtOGY4OC0zNDM2M2JjN2M0YzAiOnsiY3JlYXRlIjo2MDAwMDAwMDAwMDAsImRlbGV0ZSI6NjAwMDAwMDAwMDAwfSwic2NoZW1hX3ZlcnNpb24iOiIxIn0=",
          "dependencies": [
            "module.vpc.aws_vpc.this",
            "random_string.suffix"
          ],
          "create_before_destroy": true
        }
      ]
    },
    {
      "module": "module.eks",
      "mode": "managed",
      "type": "aws_security_group",
      "name": "workers",
      "provider": "provider[\"registry.terraform.io/hashicorp/aws\"]",
      "instances": [
        {
          "index_key": 0,
          "schema_version": 1,
          "attributes": {
            "arn": "arn:aws:ec2:us-east-2:429114214526:security-group/sg-062b4631127244fc5",
            "description": "Security group for all nodes in the cluster.",
            "egress": [],
            "id": "sg-062b4631127244fc5",
            "ingress": [],
            "name": "support-training-eks-6fdZIKG720201209221708443500000007",
            "name_prefix": "support-training-eks-6fdZIKG7",
            "owner_id": "429114214526",
            "revoke_rules_on_delete": false,
            "tags": {
              "Environment": "support-training",
              "GithubOrg": "terraform-aws-modules",
              "GithubRepo": "terraform-aws-eks",
              "Name": "support-training-eks-6fdZIKG7-eks_worker_sg",
              "kubernetes.io/cluster/support-training-eks-6fdZIKG7": "owned"
            },
            "timeouts": null,
            "vpc_id": "vpc-09a478d90bcbe14c6"
          },
          "private": "eyJlMmJmYjczMC1lY2FhLTExZTYtOGY4OC0zNDM2M2JjN2M0YzAiOnsiY3JlYXRlIjo2MDAwMDAwMDAwMDAsImRlbGV0ZSI6NjAwMDAwMDAwMDAwfSwic2NoZW1hX3ZlcnNpb24iOiIxIn0=",
          "dependencies": [
            "module.vpc.aws_vpc.this",
            "random_string.suffix"
          ],
          "create_before_destroy": true
        }
      ]
    },
    {
      "module": "module.eks",
      "mode": "managed",
      "type": "aws_security_group_rule",
      "name": "cluster_egress_internet",
      "provider": "provider[\"registry.terraform.io/hashicorp/aws\"]",
      "instances": [
        {
          "index_key": 0,
          "schema_version": 2,
          "attributes": {
            "cidr_blocks": [
              "0.0.0.0/0"
            ],
            "description": "Allow cluster egress access to the Internet.",
            "from_port": 0,
            "id": "sgrule-1086739912",
            "ipv6_cidr_blocks": null,
            "prefix_list_ids": null,
            "protocol": "-1",
            "security_group_id": "sg-02222fd5599b004c9",
            "self": false,
            "source_security_group_id": null,
            "to_port": 0,
            "type": "egress"
          },
          "private": "eyJzY2hlbWFfdmVyc2lvbiI6IjIifQ==",
          "dependencies": [
            "module.eks.aws_security_group.cluster",
            "module.vpc.aws_vpc.this",
            "random_string.suffix"
          ],
          "create_before_destroy": true
        }
      ]
    },
    {
      "module": "module.eks",
      "mode": "managed",
      "type": "aws_security_group_rule",
      "name": "cluster_https_worker_ingress",
      "provider": "provider[\"registry.terraform.io/hashicorp/aws\"]",
      "instances": [
        {
          "index_key": 0,
          "schema_version": 2,
          "attributes": {
            "cidr_blocks": null,
            "description": "Allow pods to communicate with the EKS cluster API.",
            "from_port": 443,
            "id": "sgrule-3663884808",
            "ipv6_cidr_blocks": null,
            "prefix_list_ids": null,
            "protocol": "tcp",
            "security_group_id": "sg-02222fd5599b004c9",
            "self": false,
            "source_security_group_id": "sg-062b4631127244fc5",
            "to_port": 443,
            "type": "ingress"
          },
          "private": "eyJzY2hlbWFfdmVyc2lvbiI6IjIifQ==",
          "dependencies": [
            "module.eks.aws_security_group.cluster",
            "module.eks.aws_security_group.workers",
            "module.vpc.aws_vpc.this",
            "random_string.suffix"
          ],
          "create_before_destroy": true
        }
      ]
    },
    {
      "module": "module.eks",
      "mode": "managed",
      "type": "aws_security_group_rule",
      "name": "workers_egress_internet",
      "provider": "provider[\"registry.terraform.io/hashicorp/aws\"]",
      "instances": [
        {
          "index_key": 0,
          "schema_version": 2,
          "attributes": {
            "cidr_blocks": [
              "0.0.0.0/0"
            ],
            "description": "Allow nodes all egress to the Internet.",
            "from_port": 0,
            "id": "sgrule-119355179",
            "ipv6_cidr_blocks": null,
            "prefix_list_ids": null,
            "protocol": "-1",
            "security_group_id": "sg-062b4631127244fc5",
            "self": false,
            "source_security_group_id": null,
            "to_port": 0,
            "type": "egress"
          },
          "private": "eyJzY2hlbWFfdmVyc2lvbiI6IjIifQ==",
          "dependencies": [
            "module.eks.aws_security_group.workers",
            "module.vpc.aws_vpc.this",
            "random_string.suffix"
          ],
          "create_before_destroy": true
        }
      ]
    },
    {
      "module": "module.eks",
      "mode": "managed",
      "type": "aws_security_group_rule",
      "name": "workers_ingress_cluster",
      "provider": "provider[\"registry.terraform.io/hashicorp/aws\"]",
      "instances": [
        {
          "index_key": 0,
          "schema_version": 2,
          "attributes": {
            "cidr_blocks": null,
            "description": "Allow workers pods to receive communication from the cluster control plane.",
            "from_port": 1025,
            "id": "sgrule-3680138935",
            "ipv6_cidr_blocks": null,
            "prefix_list_ids": null,
            "protocol": "tcp",
            "security_group_id": "sg-062b4631127244fc5",
            "self": false,
            "source_security_group_id": "sg-02222fd5599b004c9",
            "to_port": 65535,
            "type": "ingress"
          },
          "private": "eyJzY2hlbWFfdmVyc2lvbiI6IjIifQ==",
          "dependencies": [
            "module.eks.aws_security_group.cluster",
            "module.eks.aws_security_group.workers",
            "module.vpc.aws_vpc.this",
            "random_string.suffix"
          ],
          "create_before_destroy": true
        }
      ]
    },
    {
      "module": "module.eks",
      "mode": "managed",
      "type": "aws_security_group_rule",
      "name": "workers_ingress_cluster_https",
      "provider": "provider[\"registry.terraform.io/hashicorp/aws\"]",
      "instances": [
        {
          "index_key": 0,
          "schema_version": 2,
          "attributes": {
            "cidr_blocks": null,
            "description": "Allow pods running extension API servers on port 443 to receive communication from cluster control plane.",
            "from_port": 443,
            "id": "sgrule-2725599331",
            "ipv6_cidr_blocks": null,
            "prefix_list_ids": null,
            "protocol": "tcp",
            "security_group_id": "sg-062b4631127244fc5",
            "self": false,
            "source_security_group_id": "sg-02222fd5599b004c9",
            "to_port": 443,
            "type": "ingress"
          },
          "private": "eyJzY2hlbWFfdmVyc2lvbiI6IjIifQ==",
          "dependencies": [
            "module.eks.aws_security_group.cluster",
            "module.eks.aws_security_group.workers",
            "module.vpc.aws_vpc.this",
            "random_string.suffix"
          ],
          "create_before_destroy": true
        }
      ]
    },
    {
      "module": "module.eks",
      "mode": "managed",
      "type": "aws_security_group_rule",
      "name": "workers_ingress_self",
      "provider": "provider[\"registry.terraform.io/hashicorp/aws\"]",
      "instances": [
        {
          "index_key": 0,
          "schema_version": 2,
          "attributes": {
            "cidr_blocks": null,
            "description": "Allow node to communicate with each other.",
            "from_port": 0,
            "id": "sgrule-464766125",
            "ipv6_cidr_blocks": null,
            "prefix_list_ids": null,
            "protocol": "-1",
            "security_group_id": "sg-062b4631127244fc5",
            "self": false,
            "source_security_group_id": "sg-062b4631127244fc5",
            "to_port": 65535,
            "type": "ingress"
          },
          "private": "eyJzY2hlbWFfdmVyc2lvbiI6IjIifQ==",
          "dependencies": [
            "module.eks.aws_security_group.workers",
            "module.vpc.aws_vpc.this",
            "random_string.suffix"
          ],
          "create_before_destroy": true
        }
      ]
    },
    {
      "module": "module.eks",
      "mode": "managed",
      "type": "kubernetes_config_map",
      "name": "aws_auth",
      "provider": "provider[\"registry.terraform.io/hashicorp/kubernetes\"]",
      "instances": [
        {
          "index_key": 0,
          "schema_version": 0,
          "attributes": {
            "binary_data": null,
            "data": {
              "mapAccounts": "[]\n",
              "mapRoles": "- \"groups\":\n  - \"system:bootstrappers\"\n  - \"system:nodes\"\n  \"rolearn\": \"arn:aws:iam::429114214526:role/support-training-eks-6fdZIKG72020120922301915830000000c\"\n  \"username\": \"system:node:{{EC2PrivateDNSName}}\"\n",
              "mapUsers": "[]\n"
            },
            "id": "kube-system/aws-auth",
            "metadata": [
              {
                "annotations": null,
                "generate_name": "",
                "generation": 0,
                "labels": {
                  "app.kubernetes.io/managed-by": "Terraform",
                  "terraform.io/module": "terraform-aws-modules.eks.aws"
                },
                "name": "aws-auth",
                "namespace": "kube-system",
                "resource_version": "720",
                "self_link": "/api/v1/namespaces/kube-system/configmaps/aws-auth",
                "uid": "4d2ef3b6-6b7f-4d94-afdd-dd60226f8dd9"
              }
            ]
          },
          "private": "bnVsbA==",
          "dependencies": [
            "aws_security_group.worker_group_mgmt_one",
            "aws_security_group.worker_group_mgmt_two",
            "data.aws_availability_zones.available",
            "data.aws_eks_cluster.cluster",
            "data.aws_eks_cluster_auth.cluster",
            "module.eks.aws_cloudwatch_log_group.this",
            "module.eks.aws_eks_cluster.this",
            "module.eks.aws_iam_instance_profile.workers",
            "module.eks.aws_iam_instance_profile.workers_launch_template",
            "module.eks.aws_iam_role.cluster",
            "module.eks.aws_iam_role.workers",
            "module.eks.aws_iam_role_policy_attachment.cluster_AmazonEKSClusterPolicy",
            "module.eks.aws_iam_role_policy_attachment.cluster_AmazonEKSServicePolicy",
            "module.eks.aws_iam_role_policy_attachment.cluster_AmazonEKSVPCResourceControllerPolicy",
            "module.eks.aws_security_group.cluster",
            "module.eks.aws_security_group.workers",
            "module.eks.aws_security_group_rule.cluster_egress_internet",
            "module.eks.aws_security_group_rule.cluster_https_worker_ingress",
            "module.eks.aws_security_group_rule.cluster_private_access",
            "module.eks.data.aws_ami.eks_worker",
            "module.eks.data.aws_caller_identity.current",
            "module.eks.data.aws_iam_instance_profile.custom_worker_group_iam_instance_profile",
            "module.eks.data.aws_iam_instance_profile.custom_worker_group_launch_template_iam_instance_profile",
            "module.eks.data.aws_iam_policy_document.cluster_assume_role_policy",
            "module.eks.data.aws_iam_policy_document.workers_assume_role_policy",
            "module.eks.data.aws_iam_role.custom_cluster_iam_role",
            "module.eks.data.aws_partition.current",
            "module.eks.null_resource.wait_for_cluster",
            "module.vpc.aws_subnet.private",
            "module.vpc.aws_vpc.this",
            "module.vpc.aws_vpc_ipv4_cidr_block_association.this",
            "random_string.suffix"
          ]
        }
      ]
    },
    {
      "module": "module.eks",
      "mode": "managed",
      "type": "local_file",
      "name": "kubeconfig",
      "provider": "provider[\"registry.terraform.io/hashicorp/local\"]",
      "instances": [
        {
          "index_key": 0,
          "schema_version": 0,
          "attributes": {
            "content": "apiVersion: v1\npreferences: {}\nkind: Config\n\nclusters:\n- cluster:\n    server: https://099F4B605262DE7878D584E001C687C4.gr7.us-east-2.eks.amazonaws.com\n    certificate-authority-data: LS0tLS1CRUdJTiBDRVJUSUZJQ0FURS0tLS0tCk1JSUN5RENDQWJDZ0F3SUJBZ0lCQURBTkJna3Foa2lHOXcwQkFRc0ZBREFWTVJNd0VRWURWUVFERXdwcmRXSmwKY201bGRHVnpNQjRYRFRJd01USXdPVEl5TWpVME1Wb1hEVE13TVRJd056SXlNalUwTVZvd0ZURVRNQkVHQTFVRQpBeE1LYTNWaVpYSnVaWFJsY3pDQ0FTSXdEUVlKS29aSWh2Y05BUUVCQlFBRGdnRVBBRENDQVFvQ2dnRUJBTEdOCmlZc08xdjFpSXR0Q0dBZHZsZkxEWjVGMjF5ZGpjbG92V043Q05oTlJzdVRNWGxDVTZPaDRsNVoxRU95eGZxL1UKTjJEanZEK3lHRkFJWG4zN0NVUE9VdXUyTk5RWi9UNHFwbCtaU0YxMVc2dFYrQkxUbTJUY1FMa0M0MkZVb25lYgpSN0VDV1R4d29mZmtCTFJBcjF6QXNPSzVqeExSWnhRWTB5Z0dXV09zU2dOcnpybkxSMDcwZ2hha1l5ZkFhb1JvCkRldmNyeWlvaHJ0bjVSQU1BM2N0elNrRDJCajU1MkZzekN1TkNZaVBDSGlGRGJabHo4RVoyRVNMUUVuTGdlVy8KTWhvTG5TcGp1ckxWclFZMVF3UXV3TE8vcUJTUFhPdDBRVDJhRFN1KzhxYlRwVHg0NFBBUU5nSWwrYm94ekRIUgpLK3ZUbXNZZGRDTFpGc1ppMnpzQ0F3RUFBYU1qTUNFd0RnWURWUjBQQVFIL0JBUURBZ0trTUE4R0ExVWRFd0VCCi93UUZNQU1CQWY4d0RRWUpLb1pJaHZjTkFRRUxCUUFEZ2dFQkFIeG9DSGk3aEZoNGQ0QnlmSDB3bkMwK1dTclAKWm8vcUErR0luVzNmK0Q1N0RHQVVMMmw4YnRxSGk1dnIzQW1jMFBaKzdmanJiWldIS3dRaXBvZXM0RWNDQ3ZhUAppUnFWYUFRNEUzeDRtcXl6SzJBbS80S3c4K3ZxdnZyMmFHT01yMTUzM3RWdFNGbTROekgzMkVzaWZPaHRrV0VEClZaRHl4OWZ2R1FtWUVqbXJ3ZEJRTGFGV1VEUXRaK01hSENRZGk5UUtXL3liOHFhUUVDOS9rcVVtL1hkQTNpeUMKUDUvTDFFaloyMVJ4UTYrWHVSb1ppeUNMbU5TYk1vb2NGYUlkSEdpU25Yc1M4bWdnMExQUHpmcHZWc1c2b2lrMApRY0FoRC95YkdkU2plUWM0ZEkvQ0YxeTB4RGtiOVk0NG9WUmgwVEhtaHNxWTNOeisrYWFxSzAyRTUvST0KLS0tLS1FTkQgQ0VSVElGSUNBVEUtLS0tLQo=\n  name: eks_support-training-eks-6fdZIKG7\n\ncontexts:\n- context:\n    cluster: eks_support-training-eks-6fdZIKG7\n    user: eks_support-training-eks-6fdZIKG7\n  name: eks_support-training-eks-6fdZIKG7\n\ncurrent-context: eks_support-training-eks-6fdZIKG7\n\nusers:\n- name: eks_support-training-eks-6fdZIKG7\n  user:\n    exec:\n      apiVersion: client.authentication.k8s.io/v1alpha1\n      command: aws-iam-authenticator\n      args:\n        - \"token\"\n        - \"-i\"\n        - \"support-training-eks-6fdZIKG7\"\n",
            "content_base64": null,
            "directory_permission": "0755",
            "file_permission": "0644",
            "filename": "./kubeconfig_support-training-eks-6fdZIKG7",
            "id": "2cb14234ed0ded6bff32ba592e957633973aae93",
            "sensitive_content": null
          },
          "private": "bnVsbA==",
          "dependencies": [
            "data.aws_availability_zones.available",
            "module.eks.aws_cloudwatch_log_group.this",
            "module.eks.aws_eks_cluster.this",
            "module.eks.aws_iam_role.cluster",
            "module.eks.aws_iam_role_policy_attachment.cluster_AmazonEKSClusterPolicy",
            "module.eks.aws_iam_role_policy_attachment.cluster_AmazonEKSServicePolicy",
            "module.eks.aws_iam_role_policy_attachment.cluster_AmazonEKSVPCResourceControllerPolicy",
            "module.eks.aws_security_group.cluster",
            "module.eks.aws_security_group.workers",
            "module.eks.aws_security_group_rule.cluster_egress_internet",
            "module.eks.aws_security_group_rule.cluster_https_worker_ingress",
            "module.eks.data.aws_iam_policy_document.cluster_assume_role_policy",
            "module.eks.data.aws_iam_role.custom_cluster_iam_role",
            "module.eks.data.aws_partition.current",
            "module.vpc.aws_subnet.private",
            "module.vpc.aws_vpc.this",
            "module.vpc.aws_vpc_ipv4_cidr_block_association.this",
            "random_string.suffix"
          ]
        }
      ]
    },
    {
      "module": "module.eks",
      "mode": "managed",
      "type": "null_resource",
      "name": "wait_for_cluster",
      "provider": "provider[\"registry.terraform.io/hashicorp/null\"]",
      "instances": [
        {
          "index_key": 0,
          "schema_version": 0,
          "attributes": {
            "id": "5023078697701932780",
            "triggers": null
          },
          "private": "bnVsbA==",
          "dependencies": [
            "data.aws_availability_zones.available",
            "module.eks.aws_cloudwatch_log_group.this",
            "module.eks.aws_eks_cluster.this",
            "module.eks.aws_iam_role.cluster",
            "module.eks.aws_iam_role_policy_attachment.cluster_AmazonEKSClusterPolicy",
            "module.eks.aws_iam_role_policy_attachment.cluster_AmazonEKSServicePolicy",
            "module.eks.aws_iam_role_policy_attachment.cluster_AmazonEKSVPCResourceControllerPolicy",
            "module.eks.aws_security_group.cluster",
            "module.eks.aws_security_group.workers",
            "module.eks.aws_security_group_rule.cluster_egress_internet",
            "module.eks.aws_security_group_rule.cluster_https_worker_ingress",
            "module.eks.aws_security_group_rule.cluster_private_access",
            "module.eks.data.aws_iam_policy_document.cluster_assume_role_policy",
            "module.eks.data.aws_iam_role.custom_cluster_iam_role",
            "module.eks.data.aws_partition.current",
            "module.vpc.aws_subnet.private",
            "module.vpc.aws_vpc.this",
            "module.vpc.aws_vpc_ipv4_cidr_block_association.this",
            "random_string.suffix"
          ]
        }
      ]
    },
    {
      "module": "module.eks",
      "mode": "managed",
      "type": "random_pet",
      "name": "workers",
      "provider": "provider[\"registry.terraform.io/hashicorp/random\"]",
      "instances": [
        {
          "index_key": 0,
          "schema_version": 0,
          "attributes": {
            "id": "sound-pegasus",
            "keepers": {
              "lc_name": "support-training-eks-6fdZIKG7-worker-group-120201209223022894800000012"
            },
            "length": 2,
            "prefix": null,
            "separator": "-"
          },
          "private": "bnVsbA==",
          "dependencies": [
            "aws_security_group.worker_group_mgmt_one",
            "aws_security_group.worker_group_mgmt_two",
            "data.aws_availability_zones.available",
            "module.eks.aws_cloudwatch_log_group.this",
            "module.eks.aws_eks_cluster.this",
            "module.eks.aws_iam_instance_profile.workers",
            "module.eks.aws_iam_role.cluster",
            "module.eks.aws_iam_role.workers",
            "module.eks.aws_iam_role_policy_attachment.cluster_AmazonEKSClusterPolicy",
            "module.eks.aws_iam_role_policy_attachment.cluster_AmazonEKSServicePolicy",
            "module.eks.aws_iam_role_policy_attachment.cluster_AmazonEKSVPCResourceControllerPolicy",
            "module.eks.aws_iam_role_policy_attachment.workers_AmazonEC2ContainerRegistryReadOnly",
            "module.eks.aws_iam_role_policy_attachment.workers_AmazonEKSWorkerNodePolicy",
            "module.eks.aws_iam_role_policy_attachment.workers_AmazonEKS_CNI_Policy",
            "module.eks.aws_iam_role_policy_attachment.workers_additional_policies",
            "module.eks.aws_launch_configuration.workers",
            "module.eks.aws_security_group.cluster",
            "module.eks.aws_security_group.workers",
            "module.eks.aws_security_group_rule.cluster_egress_internet",
            "module.eks.aws_security_group_rule.cluster_https_worker_ingress",
            "module.eks.aws_security_group_rule.cluster_primary_ingress_workers",
            "module.eks.aws_security_group_rule.workers_egress_internet",
            "module.eks.aws_security_group_rule.workers_ingress_cluster",
            "module.eks.aws_security_group_rule.workers_ingress_cluster_https",
            "module.eks.aws_security_group_rule.workers_ingress_cluster_kubelet",
            "module.eks.aws_security_group_rule.workers_ingress_cluster_primary",
            "module.eks.aws_security_group_rule.workers_ingress_self",
            "module.eks.data.aws_ami.eks_worker",
            "module.eks.data.aws_ami.eks_worker_windows",
            "module.eks.data.aws_iam_instance_profile.custom_worker_group_iam_instance_profile",
            "module.eks.data.aws_iam_policy_document.cluster_assume_role_policy",
            "module.eks.data.aws_iam_policy_document.workers_assume_role_policy",
            "module.eks.data.aws_iam_role.custom_cluster_iam_role",
            "module.eks.data.aws_partition.current",
            "module.eks.data.template_file.userdata",
            "module.vpc.aws_subnet.private",
            "module.vpc.aws_vpc.this",
            "module.vpc.aws_vpc_ipv4_cidr_block_association.this",
            "random_string.suffix"
          ],
          "create_before_destroy": true
        },
        {
          "index_key": 1,
          "schema_version": 0,
          "attributes": {
            "id": "free-shrimp",
            "keepers": {
              "lc_name": "support-training-eks-6fdZIKG7-worker-group-220201209223023298400000013"
            },
            "length": 2,
            "prefix": null,
            "separator": "-"
          },
          "private": "bnVsbA==",
          "dependencies": [
            "aws_security_group.worker_group_mgmt_one",
            "aws_security_group.worker_group_mgmt_two",
            "data.aws_availability_zones.available",
            "module.eks.aws_cloudwatch_log_group.this",
            "module.eks.aws_eks_cluster.this",
            "module.eks.aws_iam_instance_profile.workers",
            "module.eks.aws_iam_role.cluster",
            "module.eks.aws_iam_role.workers",
            "module.eks.aws_iam_role_policy_attachment.cluster_AmazonEKSClusterPolicy",
            "module.eks.aws_iam_role_policy_attachment.cluster_AmazonEKSServicePolicy",
            "module.eks.aws_iam_role_policy_attachment.cluster_AmazonEKSVPCResourceControllerPolicy",
            "module.eks.aws_iam_role_policy_attachment.workers_AmazonEC2ContainerRegistryReadOnly",
            "module.eks.aws_iam_role_policy_attachment.workers_AmazonEKSWorkerNodePolicy",
            "module.eks.aws_iam_role_policy_attachment.workers_AmazonEKS_CNI_Policy",
            "module.eks.aws_iam_role_policy_attachment.workers_additional_policies",
            "module.eks.aws_launch_configuration.workers",
            "module.eks.aws_security_group.cluster",
            "module.eks.aws_security_group.workers",
            "module.eks.aws_security_group_rule.cluster_egress_internet",
            "module.eks.aws_security_group_rule.cluster_https_worker_ingress",
            "module.eks.aws_security_group_rule.cluster_primary_ingress_workers",
            "module.eks.aws_security_group_rule.workers_egress_internet",
            "module.eks.aws_security_group_rule.workers_ingress_cluster",
            "module.eks.aws_security_group_rule.workers_ingress_cluster_https",
            "module.eks.aws_security_group_rule.workers_ingress_cluster_kubelet",
            "module.eks.aws_security_group_rule.workers_ingress_cluster_primary",
            "module.eks.aws_security_group_rule.workers_ingress_self",
            "module.eks.data.aws_ami.eks_worker",
            "module.eks.data.aws_ami.eks_worker_windows",
            "module.eks.data.aws_iam_instance_profile.custom_worker_group_iam_instance_profile",
            "module.eks.data.aws_iam_policy_document.cluster_assume_role_policy",
            "module.eks.data.aws_iam_policy_document.workers_assume_role_policy",
            "module.eks.data.aws_iam_role.custom_cluster_iam_role",
            "module.eks.data.aws_partition.current",
            "module.eks.data.template_file.userdata",
            "module.vpc.aws_subnet.private",
            "module.vpc.aws_vpc.this",
            "module.vpc.aws_vpc_ipv4_cidr_block_association.this",
            "random_string.suffix"
          ],
          "create_before_destroy": true
        }
      ]
    },
    {
      "module": "module.vpc",
      "mode": "managed",
      "type": "aws_eip",
      "name": "nat",
      "provider": "provider[\"registry.terraform.io/hashicorp/aws\"]",
      "instances": [
        {
          "index_key": 0,
          "schema_version": 0,
          "attributes": {
            "allocation_id": null,
            "associate_with_private_ip": null,
            "association_id": "",
            "customer_owned_ip": "",
            "customer_owned_ipv4_pool": "",
            "domain": "vpc",
            "id": "eipalloc-0d3e59c88a9ee1a90",
            "instance": "",
            "network_border_group": "us-east-2",
            "network_interface": "",
            "private_dns": null,
            "private_ip": "",
            "public_dns": "ec2-18-219-13-21.us-east-2.compute.amazonaws.com",
            "public_ip": "18.219.13.21",
            "public_ipv4_pool": "amazon",
            "tags": {
              "Name": "support-training-vpc-us-east-2a",
              "kubernetes.io/cluster/support-training-eks-6fdZIKG7": "shared"
            },
            "timeouts": null,
            "vpc": true
          },
          "private": "eyJlMmJmYjczMC1lY2FhLTExZTYtOGY4OC0zNDM2M2JjN2M0YzAiOnsiZGVsZXRlIjoxODAwMDAwMDAwMDAsInJlYWQiOjkwMDAwMDAwMDAwMCwidXBkYXRlIjozMDAwMDAwMDAwMDB9fQ==",
          "dependencies": [
            "data.aws_availability_zones.available",
            "random_string.suffix"
          ]
        }
      ]
    },
    {
      "module": "module.vpc",
      "mode": "managed",
      "type": "aws_internet_gateway",
      "name": "this",
      "provider": "provider[\"registry.terraform.io/hashicorp/aws\"]",
      "instances": [
        {
          "index_key": 0,
          "schema_version": 0,
          "attributes": {
            "arn": "arn:aws:ec2:us-east-2:429114214526:internet-gateway/igw-03c1effe6401091a7",
            "id": "igw-03c1effe6401091a7",
            "owner_id": "429114214526",
            "tags": {
              "Name": "support-training-vpc",
              "kubernetes.io/cluster/support-training-eks-6fdZIKG7": "shared"
            },
            "vpc_id": "vpc-09a478d90bcbe14c6"
          },
          "dependencies": [
            "module.vpc.aws_vpc.this",
            "module.vpc.aws_vpc_ipv4_cidr_block_association.this",
            "random_string.suffix"
          ]
        }
      ]
    },
    {
      "module": "module.vpc",
      "mode": "managed",
      "type": "aws_nat_gateway",
      "name": "this",
      "provider": "provider[\"registry.terraform.io/hashicorp/aws\"]",
      "instances": [
        {
          "index_key": 0,
          "schema_version": 0,
          "attributes": {
            "allocation_id": "eipalloc-0d3e59c88a9ee1a90",
            "id": "nat-09eaace6b723e8f4c",
            "network_interface_id": "eni-0bad5d1190d36cbe5",
            "private_ip": "10.0.4.8",
            "public_ip": "18.219.13.21",
            "subnet_id": "subnet-0226ed23cc7797b8f",
            "tags": {
              "Name": "support-training-vpc-us-east-2a",
              "kubernetes.io/cluster/support-training-eks-6fdZIKG7": "shared"
            }
          },
          "private": "bnVsbA==",
          "dependencies": [
            "data.aws_availability_zones.available",
            "module.vpc.aws_eip.nat",
            "module.vpc.aws_internet_gateway.this",
            "module.vpc.aws_subnet.public",
            "module.vpc.aws_vpc.this",
            "module.vpc.aws_vpc_ipv4_cidr_block_association.this",
            "random_string.suffix"
          ]
        }
      ]
    },
    {
      "module": "module.vpc",
      "mode": "managed",
      "type": "aws_route",
      "name": "private_nat_gateway",
      "provider": "provider[\"registry.terraform.io/hashicorp/aws\"]",
      "instances": [
        {
          "index_key": 0,
          "schema_version": 0,
          "attributes": {
            "destination_cidr_block": "0.0.0.0/0",
            "destination_ipv6_cidr_block": "",
            "destination_prefix_list_id": "",
            "egress_only_gateway_id": "",
            "gateway_id": "",
            "id": "r-rtb-010addce9172dd4d51080289494",
            "instance_id": "",
            "instance_owner_id": "",
            "local_gateway_id": "",
            "nat_gateway_id": "nat-09eaace6b723e8f4c",
            "network_interface_id": "",
            "origin": "CreateRoute",
            "route_table_id": "rtb-010addce9172dd4d5",
            "state": "active",
            "timeouts": {
              "create": "5m",
              "delete": null
            },
            "transit_gateway_id": "",
            "vpc_peering_connection_id": ""
          },
          "private": "eyJlMmJmYjczMC1lY2FhLTExZTYtOGY4OC0zNDM2M2JjN2M0YzAiOnsiY3JlYXRlIjozMDAwMDAwMDAwMDAsImRlbGV0ZSI6MzAwMDAwMDAwMDAwfX0=",
          "dependencies": [
            "data.aws_availability_zones.available",
            "module.vpc.aws_eip.nat",
            "module.vpc.aws_internet_gateway.this",
            "module.vpc.aws_nat_gateway.this",
            "module.vpc.aws_route_table.private",
            "module.vpc.aws_subnet.public",
            "module.vpc.aws_vpc.this",
            "module.vpc.aws_vpc_ipv4_cidr_block_association.this",
            "random_string.suffix"
          ]
        }
      ]
    },
    {
      "module": "module.vpc",
      "mode": "managed",
      "type": "aws_route",
      "name": "public_internet_gateway",
      "provider": "provider[\"registry.terraform.io/hashicorp/aws\"]",
      "instances": [
        {
          "index_key": 0,
          "schema_version": 0,
          "attributes": {
            "destination_cidr_block": "0.0.0.0/0",
            "destination_ipv6_cidr_block": "",
            "destination_prefix_list_id": "",
            "egress_only_gateway_id": "",
            "gateway_id": "igw-03c1effe6401091a7",
            "id": "r-rtb-0b463030fe866d47e1080289494",
            "instance_id": "",
            "instance_owner_id": "",
            "local_gateway_id": "",
            "nat_gateway_id": "",
            "network_interface_id": "",
            "origin": "CreateRoute",
            "route_table_id": "rtb-0b463030fe866d47e",
            "state": "active",
            "timeouts": {
              "create": "5m",
              "delete": null
            },
            "transit_gateway_id": "",
            "vpc_peering_connection_id": ""
          },
          "private": "eyJlMmJmYjczMC1lY2FhLTExZTYtOGY4OC0zNDM2M2JjN2M0YzAiOnsiY3JlYXRlIjozMDAwMDAwMDAwMDAsImRlbGV0ZSI6MzAwMDAwMDAwMDAwfX0=",
          "dependencies": [
            "module.vpc.aws_internet_gateway.this",
            "module.vpc.aws_route_table.public",
            "module.vpc.aws_vpc.this",
            "module.vpc.aws_vpc_ipv4_cidr_block_association.this",
            "random_string.suffix"
          ]
        }
      ]
    },
    {
      "module": "module.vpc",
      "mode": "managed",
      "type": "aws_route_table",
      "name": "private",
      "provider": "provider[\"registry.terraform.io/hashicorp/aws\"]",
      "instances": [
        {
          "index_key": 0,
          "schema_version": 0,
          "attributes": {
            "id": "rtb-010addce9172dd4d5",
            "owner_id": "429114214526",
            "propagating_vgws": [],
            "route": [],
            "tags": {
              "Name": "support-training-vpc-private",
              "kubernetes.io/cluster/support-training-eks-6fdZIKG7": "shared"
            },
            "vpc_id": "vpc-09a478d90bcbe14c6"
          },
          "private": "bnVsbA==",
          "dependencies": [
            "data.aws_availability_zones.available",
            "module.vpc.aws_vpc.this",
            "module.vpc.aws_vpc_ipv4_cidr_block_association.this",
            "random_string.suffix"
          ]
        }
      ]
    },
    {
      "module": "module.vpc",
      "mode": "managed",
      "type": "aws_route_table",
      "name": "public",
      "provider": "provider[\"registry.terraform.io/hashicorp/aws\"]",
      "instances": [
        {
          "index_key": 0,
          "schema_version": 0,
          "attributes": {
            "id": "rtb-0b463030fe866d47e",
            "owner_id": "429114214526",
            "propagating_vgws": [],
            "route": [],
            "tags": {
              "Name": "support-training-vpc-public",
              "kubernetes.io/cluster/support-training-eks-6fdZIKG7": "shared"
            },
            "vpc_id": "vpc-09a478d90bcbe14c6"
          },
          "private": "bnVsbA==",
          "dependencies": [
            "module.vpc.aws_vpc.this",
            "module.vpc.aws_vpc_ipv4_cidr_block_association.this",
            "random_string.suffix"
          ]
        }
      ]
    },
    {
      "module": "module.vpc",
      "mode": "managed",
      "type": "aws_route_table_association",
      "name": "private",
      "provider": "provider[\"registry.terraform.io/hashicorp/aws\"]",
      "instances": [
        {
          "index_key": 0,
          "schema_version": 0,
          "attributes": {
            "gateway_id": null,
            "id": "rtbassoc-0ea342291f27aff79",
            "route_table_id": "rtb-010addce9172dd4d5",
            "subnet_id": "subnet-0df052bb468fac0ea"
          },
          "private": "bnVsbA==",
          "dependencies": [
            "data.aws_availability_zones.available",
            "module.vpc.aws_route_table.private",
            "module.vpc.aws_subnet.private",
            "module.vpc.aws_vpc.this",
            "module.vpc.aws_vpc_ipv4_cidr_block_association.this",
            "random_string.suffix"
          ]
        },
        {
          "index_key": 1,
          "schema_version": 0,
          "attributes": {
            "gateway_id": null,
            "id": "rtbassoc-0250e3d89ac713650",
            "route_table_id": "rtb-010addce9172dd4d5",
            "subnet_id": "subnet-03df89dba9f047e19"
          },
          "private": "bnVsbA==",
          "dependencies": [
            "data.aws_availability_zones.available",
            "module.vpc.aws_route_table.private",
            "module.vpc.aws_subnet.private",
            "module.vpc.aws_vpc.this",
            "module.vpc.aws_vpc_ipv4_cidr_block_association.this",
            "random_string.suffix"
          ]
        },
        {
          "index_key": 2,
          "schema_version": 0,
          "attributes": {
            "gateway_id": null,
            "id": "rtbassoc-0f3df0a2076cd759e",
            "route_table_id": "rtb-010addce9172dd4d5",
            "subnet_id": "subnet-06eee1b90a13ea99b"
          },
          "private": "bnVsbA==",
          "dependencies": [
            "data.aws_availability_zones.available",
            "module.vpc.aws_route_table.private",
            "module.vpc.aws_subnet.private",
            "module.vpc.aws_vpc.this",
            "module.vpc.aws_vpc_ipv4_cidr_block_association.this",
            "random_string.suffix"
          ]
        }
      ]
    },
    {
      "module": "module.vpc",
      "mode": "managed",
      "type": "aws_route_table_association",
      "name": "public",
      "provider": "provider[\"registry.terraform.io/hashicorp/aws\"]",
      "instances": [
        {
          "index_key": 0,
          "schema_version": 0,
          "attributes": {
            "gateway_id": null,
            "id": "rtbassoc-0453e99bead66eed0",
            "route_table_id": "rtb-0b463030fe866d47e",
            "subnet_id": "subnet-0226ed23cc7797b8f"
          },
          "private": "bnVsbA==",
          "dependencies": [
            "data.aws_availability_zones.available",
            "module.vpc.aws_route_table.public",
            "module.vpc.aws_subnet.public",
            "module.vpc.aws_vpc.this",
            "module.vpc.aws_vpc_ipv4_cidr_block_association.this",
            "random_string.suffix"
          ]
        },
        {
          "index_key": 1,
          "schema_version": 0,
          "attributes": {
            "gateway_id": null,
            "id": "rtbassoc-042529541829cced4",
            "route_table_id": "rtb-0b463030fe866d47e",
            "subnet_id": "subnet-0300cf2f84b6e16ac"
          },
          "private": "bnVsbA==",
          "dependencies": [
            "data.aws_availability_zones.available",
            "module.vpc.aws_route_table.public",
            "module.vpc.aws_subnet.public",
            "module.vpc.aws_vpc.this",
            "module.vpc.aws_vpc_ipv4_cidr_block_association.this",
            "random_string.suffix"
          ]
        },
        {
          "index_key": 2,
          "schema_version": 0,
          "attributes": {
            "gateway_id": null,
            "id": "rtbassoc-08870d47ad26b5b22",
            "route_table_id": "rtb-0b463030fe866d47e",
            "subnet_id": "subnet-02e6be1858201e7c8"
          },
          "private": "bnVsbA==",
          "dependencies": [
            "data.aws_availability_zones.available",
            "module.vpc.aws_route_table.public",
            "module.vpc.aws_subnet.public",
            "module.vpc.aws_vpc.this",
            "module.vpc.aws_vpc_ipv4_cidr_block_association.this",
            "random_string.suffix"
          ]
        }
      ]
    },
    {
      "module": "module.vpc",
      "mode": "managed",
      "type": "aws_subnet",
      "name": "private",
      "provider": "provider[\"registry.terraform.io/hashicorp/aws\"]",
      "instances": [
        {
          "index_key": 0,
          "schema_version": 1,
          "attributes": {
            "arn": "arn:aws:ec2:us-east-2:429114214526:subnet/subnet-0df052bb468fac0ea",
            "assign_ipv6_address_on_creation": false,
            "availability_zone": "us-east-2a",
            "availability_zone_id": "use2-az1",
            "cidr_block": "10.0.1.0/24",
            "id": "subnet-0df052bb468fac0ea",
            "ipv6_cidr_block": "",
            "ipv6_cidr_block_association_id": "",
            "map_public_ip_on_launch": false,
            "outpost_arn": "",
            "owner_id": "429114214526",
            "tags": {
              "Name": "support-training-vpc-private-us-east-2a",
              "kubernetes.io/cluster/support-training-eks-6fdZIKG7": "shared",
              "kubernetes.io/role/internal-elb": "1"
            },
            "timeouts": null,
            "vpc_id": "vpc-09a478d90bcbe14c6"
          },
          "private": "eyJlMmJmYjczMC1lY2FhLTExZTYtOGY4OC0zNDM2M2JjN2M0YzAiOnsiY3JlYXRlIjo2MDAwMDAwMDAwMDAsImRlbGV0ZSI6MTIwMDAwMDAwMDAwMH0sInNjaGVtYV92ZXJzaW9uIjoiMSJ9",
          "dependencies": [
            "data.aws_availability_zones.available",
            "module.vpc.aws_vpc.this",
            "module.vpc.aws_vpc_ipv4_cidr_block_association.this",
            "random_string.suffix"
          ],
          "create_before_destroy": true
        },
        {
          "index_key": 1,
          "schema_version": 1,
          "attributes": {
            "arn": "arn:aws:ec2:us-east-2:429114214526:subnet/subnet-03df89dba9f047e19",
            "assign_ipv6_address_on_creation": false,
            "availability_zone": "us-east-2b",
            "availability_zone_id": "use2-az2",
            "cidr_block": "10.0.2.0/24",
            "id": "subnet-03df89dba9f047e19",
            "ipv6_cidr_block": "",
            "ipv6_cidr_block_association_id": "",
            "map_public_ip_on_launch": false,
            "outpost_arn": "",
            "owner_id": "429114214526",
            "tags": {
              "Name": "support-training-vpc-private-us-east-2b",
              "kubernetes.io/cluster/support-training-eks-6fdZIKG7": "shared",
              "kubernetes.io/role/internal-elb": "1"
            },
            "timeouts": null,
            "vpc_id": "vpc-09a478d90bcbe14c6"
          },
          "private": "eyJlMmJmYjczMC1lY2FhLTExZTYtOGY4OC0zNDM2M2JjN2M0YzAiOnsiY3JlYXRlIjo2MDAwMDAwMDAwMDAsImRlbGV0ZSI6MTIwMDAwMDAwMDAwMH0sInNjaGVtYV92ZXJzaW9uIjoiMSJ9",
          "dependencies": [
            "data.aws_availability_zones.available",
            "module.vpc.aws_vpc.this",
            "module.vpc.aws_vpc_ipv4_cidr_block_association.this",
            "random_string.suffix"
          ],
          "create_before_destroy": true
        },
        {
          "index_key": 2,
          "schema_version": 1,
          "attributes": {
            "arn": "arn:aws:ec2:us-east-2:429114214526:subnet/subnet-06eee1b90a13ea99b",
            "assign_ipv6_address_on_creation": false,
            "availability_zone": "us-east-2c",
            "availability_zone_id": "use2-az3",
            "cidr_block": "10.0.3.0/24",
            "id": "subnet-06eee1b90a13ea99b",
            "ipv6_cidr_block": "",
            "ipv6_cidr_block_association_id": "",
            "map_public_ip_on_launch": false,
            "outpost_arn": "",
            "owner_id": "429114214526",
            "tags": {
              "Name": "support-training-vpc-private-us-east-2c",
              "kubernetes.io/cluster/support-training-eks-6fdZIKG7": "shared",
              "kubernetes.io/role/internal-elb": "1"
            },
            "timeouts": null,
            "vpc_id": "vpc-09a478d90bcbe14c6"
          },
          "private": "eyJlMmJmYjczMC1lY2FhLTExZTYtOGY4OC0zNDM2M2JjN2M0YzAiOnsiY3JlYXRlIjo2MDAwMDAwMDAwMDAsImRlbGV0ZSI6MTIwMDAwMDAwMDAwMH0sInNjaGVtYV92ZXJzaW9uIjoiMSJ9",
          "dependencies": [
            "data.aws_availability_zones.available",
            "module.vpc.aws_vpc.this",
            "module.vpc.aws_vpc_ipv4_cidr_block_association.this",
            "random_string.suffix"
          ],
          "create_before_destroy": true
        }
      ]
    },
    {
      "module": "module.vpc",
      "mode": "managed",
      "type": "aws_subnet",
      "name": "public",
      "provider": "provider[\"registry.terraform.io/hashicorp/aws\"]",
      "instances": [
        {
          "index_key": 0,
          "schema_version": 1,
          "attributes": {
            "arn": "arn:aws:ec2:us-east-2:429114214526:subnet/subnet-0226ed23cc7797b8f",
            "assign_ipv6_address_on_creation": false,
            "availability_zone": "us-east-2a",
            "availability_zone_id": "use2-az1",
            "cidr_block": "10.0.4.0/24",
            "id": "subnet-0226ed23cc7797b8f",
            "ipv6_cidr_block": "",
            "ipv6_cidr_block_association_id": "",
            "map_public_ip_on_launch": true,
            "outpost_arn": "",
            "owner_id": "429114214526",
            "tags": {
              "Name": "support-training-vpc-public-us-east-2a",
              "kubernetes.io/cluster/support-training-eks-6fdZIKG7": "shared",
              "kubernetes.io/role/elb": "1"
            },
            "timeouts": null,
            "vpc_id": "vpc-09a478d90bcbe14c6"
          },
          "private": "eyJlMmJmYjczMC1lY2FhLTExZTYtOGY4OC0zNDM2M2JjN2M0YzAiOnsiY3JlYXRlIjo2MDAwMDAwMDAwMDAsImRlbGV0ZSI6MTIwMDAwMDAwMDAwMH0sInNjaGVtYV92ZXJzaW9uIjoiMSJ9",
          "dependencies": [
            "data.aws_availability_zones.available",
            "module.vpc.aws_vpc.this",
            "module.vpc.aws_vpc_ipv4_cidr_block_association.this",
            "random_string.suffix"
          ]
        },
        {
          "index_key": 1,
          "schema_version": 1,
          "attributes": {
            "arn": "arn:aws:ec2:us-east-2:429114214526:subnet/subnet-0300cf2f84b6e16ac",
            "assign_ipv6_address_on_creation": false,
            "availability_zone": "us-east-2b",
            "availability_zone_id": "use2-az2",
            "cidr_block": "10.0.5.0/24",
            "id": "subnet-0300cf2f84b6e16ac",
            "ipv6_cidr_block": "",
            "ipv6_cidr_block_association_id": "",
            "map_public_ip_on_launch": true,
            "outpost_arn": "",
            "owner_id": "429114214526",
            "tags": {
              "Name": "support-training-vpc-public-us-east-2b",
              "kubernetes.io/cluster/support-training-eks-6fdZIKG7": "shared",
              "kubernetes.io/role/elb": "1"
            },
            "timeouts": null,
            "vpc_id": "vpc-09a478d90bcbe14c6"
          },
          "private": "eyJlMmJmYjczMC1lY2FhLTExZTYtOGY4OC0zNDM2M2JjN2M0YzAiOnsiY3JlYXRlIjo2MDAwMDAwMDAwMDAsImRlbGV0ZSI6MTIwMDAwMDAwMDAwMH0sInNjaGVtYV92ZXJzaW9uIjoiMSJ9",
          "dependencies": [
            "data.aws_availability_zones.available",
            "module.vpc.aws_vpc.this",
            "module.vpc.aws_vpc_ipv4_cidr_block_association.this",
            "random_string.suffix"
          ]
        },
        {
          "index_key": 2,
          "schema_version": 1,
          "attributes": {
            "arn": "arn:aws:ec2:us-east-2:429114214526:subnet/subnet-02e6be1858201e7c8",
            "assign_ipv6_address_on_creation": false,
            "availability_zone": "us-east-2c",
            "availability_zone_id": "use2-az3",
            "cidr_block": "10.0.6.0/24",
            "id": "subnet-02e6be1858201e7c8",
            "ipv6_cidr_block": "",
            "ipv6_cidr_block_association_id": "",
            "map_public_ip_on_launch": true,
            "outpost_arn": "",
            "owner_id": "429114214526",
            "tags": {
              "Name": "support-training-vpc-public-us-east-2c",
              "kubernetes.io/cluster/support-training-eks-6fdZIKG7": "shared",
              "kubernetes.io/role/elb": "1"
            },
            "timeouts": null,
            "vpc_id": "vpc-09a478d90bcbe14c6"
          },
          "dependencies": [
            "data.aws_availability_zones.available",
            "module.vpc.aws_vpc.this",
            "module.vpc.aws_vpc_ipv4_cidr_block_association.this",
            "random_string.suffix"
          ]
        }
      ]
    },
    {
      "module": "module.vpc",
      "mode": "managed",
      "type": "aws_vpc",
      "name": "this",
      "provider": "provider[\"registry.terraform.io/hashicorp/aws\"]",
      "instances": [
        {
          "index_key": 0,
          "schema_version": 1,
          "attributes": {
            "arn": "arn:aws:ec2:us-east-2:429114214526:vpc/vpc-09a478d90bcbe14c6",
            "assign_generated_ipv6_cidr_block": false,
            "cidr_block": "10.0.0.0/16",
            "default_network_acl_id": "acl-007f344bf680392c6",
            "default_route_table_id": "rtb-0f88bea1bc37bc3f0",
            "default_security_group_id": "sg-0d1cb4bb9e75c29a5",
            "dhcp_options_id": "dopt-69c01100",
            "enable_classiclink": null,
            "enable_classiclink_dns_support": null,
            "enable_dns_hostnames": true,
            "enable_dns_support": true,
            "id": "vpc-09a478d90bcbe14c6",
            "instance_tenancy": "default",
            "ipv6_association_id": "",
            "ipv6_cidr_block": "",
            "main_route_table_id": "rtb-0f88bea1bc37bc3f0",
            "owner_id": "429114214526",
            "tags": {
              "Name": "support-training-vpc",
              "kubernetes.io/cluster/support-training-eks-6fdZIKG7": "shared"
            }
          },
          "private": "eyJzY2hlbWFfdmVyc2lvbiI6IjEifQ==",
          "dependencies": [
            "random_string.suffix"
          ]
        }
      ]
    }
  ]
}
