{
  "version": 4,
  "terraform_version": "0.13.4",
  "serial": 837,
  "lineage": "dfbe6317-7ef6-001e-fd3b-20faf98394d0",
  "outputs": {},
  "resources": [
    {
      "mode": "managed",
      "type": "random_string",
      "name": "suffix",
      "provider": "provider[\"registry.terraform.io/hashicorp/random\"]",
      "instances": [
        {
          "schema_version": 1,
          "attributes": {
            "id": "vD95cRsC",
            "keepers": null,
            "length": 8,
            "lower": true,
            "min_lower": 0,
            "min_numeric": 0,
            "min_special": 0,
            "min_upper": 0,
            "number": true,
            "override_special": null,
            "result": "vD95cRsC",
            "special": false,
            "upper": true
          },
          "private": "eyJzY2hlbWFfdmVyc2lvbiI6IjEifQ=="
        }
      ]
    },
    {
      "module": "module.vpc",
      "mode": "managed",
      "type": "aws_vpc",
      "name": "this",
      "provider": "provider[\"registry.terraform.io/hashicorp/aws\"]",
      "instances": [
        {
          "index_key": 0,
          "schema_version": 1,
          "attributes": {
            "arn": "arn:aws-us-gov:ec2:us-gov-east-1:096785701408:vpc/vpc-01e124d547024e8da",
            "assign_generated_ipv6_cidr_block": false,
            "cidr_block": "10.0.0.0/16",
            "default_network_acl_id": "acl-022e8329c546b6c8b",
            "default_route_table_id": "rtb-0bfd5afefd9fd357e",
            "default_security_group_id": "sg-0c2ff3e1cf80c84c7",
            "dhcp_options_id": "dopt-d129dab8",
            "enable_classiclink": null,
            "enable_classiclink_dns_support": null,
            "enable_dns_hostnames": true,
            "enable_dns_support": true,
            "id": "vpc-01e124d547024e8da",
            "instance_tenancy": "default",
            "ipv6_association_id": "",
            "ipv6_cidr_block": "",
            "main_route_table_id": "rtb-0bfd5afefd9fd357e",
            "owner_id": "096785701408",
            "tags": {
              "Name": "support-vpc",
              "kubernetes.io/cluster/support-training-eks-vD95cRsC": "shared"
            }
          }
        }
      ]
    }
  ]
}
