{
  "version": 4,
  "terraform_version": "0.13.4",
  "serial": 895,
  "lineage": "dfbe6317-7ef6-001e-fd3b-20faf98394d0",
  "outputs": {
    "cluster_endpoint": {
      "value": "https://E19B1CD2D435B2CABF704201E5C404DC.sk1.us-gov-west-1.eks.amazonaws.com",
      "type": "string"
    },
    "cluster_id": {
      "value": "support-training-eks-vD95cRsC",
      "type": "string"
    },
    "cluster_name": {
      "value": "support-training-eks-vD95cRsC",
      "type": "string"
    },
    "cluster_security_group_id": {
      "value": "sg-08cda0051e0b2d63b",
      "type": "string"
    },
    "config_map_aws_auth": {
      "value": [
        {
          "binary_data": null,
          "data": {
            "mapAccounts": "[]\n",
            "mapRoles": "- \"groups\":\n  - \"system:bootstrappers\"\n  - \"system:nodes\"\n  \"rolearn\": \"arn:aws-us-gov:iam::096785701408:role/support-training-eks-vD95cRsC2021020300431771540000000c\"\n  \"username\": \"system:node:{{EC2PrivateDNSName}}\"\n",
            "mapUsers": "[]\n"
          },
          "id": "kube-system/aws-auth",
          "metadata": [
            {
              "annotations": null,
              "generate_name": "",
              "generation": 0,
              "labels": {
                "app.kubernetes.io/managed-by": "Terraform",
                "terraform.io/module": "terraform-aws-modules.eks.aws"
              },
              "name": "aws-auth",
              "namespace": "kube-system",
              "resource_version": "717",
              "self_link": "",
              "uid": "0c1e4d58-8f78-4b7f-9a47-14f25b43f2cb"
            }
          ]
        }
      ],
      "type": [
        "tuple",
        [
          [
            "object",
            {
              "binary_data": [
                "map",
                "string"
              ],
              "data": [
                "map",
                "string"
              ],
              "id": "string",
              "metadata": [
                "list",
                [
                  "object",
                  {
                    "annotations": [
                      "map",
                      "string"
                    ],
                    "generate_name": "string",
                    "generation": "number",
                    "labels": [
                      "map",
                      "string"
                    ],
                    "name": "string",
                    "namespace": "string",
                    "resource_version": "string",
                    "self_link": "string",
                    "uid": "string"
                  }
                ]
              ]
            }
          ]
        ]
      ]
    },
    "kubectl_config": {
      "value": "apiVersion: v1\npreferences: {}\nkind: Config\n\nclusters:\n- cluster:\n    server: https://E19B1CD2D435B2CABF704201E5C404DC.sk1.us-gov-west-1.eks.amazonaws.com\n    certificate-authority-data: LS0tLS1CRUdJTiBDRVJUSUZJQ0FURS0tLS0tCk1JSUN5RENDQWJDZ0F3SUJBZ0lCQURBTkJna3Foa2lHOXcwQkFRc0ZBREFWTVJNd0VRWURWUVFERXdwcmRXSmwKY201bGRHVnpNQjRYRFRJeE1ESXdNekF3TkRBeU1Gb1hEVE14TURJd01UQXdOREF5TUZvd0ZURVRNQkVHQTFVRQpBeE1LYTNWaVpYSnVaWFJsY3pDQ0FTSXdEUVlKS29aSWh2Y05BUUVCQlFBRGdnRVBBRENDQVFvQ2dnRUJBTjlLCkRhdnNycHlFRjdmN2tSRGxsNmU4cE43UkhyYmVzWHovbXJTdXowL3hIczVoOVp5Mk1EN0lRcDlBRVA1cWFaY2gKQTdSbGNlUkxEUjJQaHRlWnBwekJ4dGdZdCtFRzVvRzF5dW8rL3ZSUzBkR08xSTVOaEZVenRxdXVrYlBlMVlDcApPTmJiQ085cTdVa0IyWk9SL1ZSMXM4ZTdjM1kzazRtZXBEQURNbmxKRkozSjU1WDhFQ2tnRlFyYWphTTEvT2dGCkpIYTQ0SEZZYTR0bmNQRFVkUGVnaXhNNE1raEk5QUhNeGVhVUtzQmxnTUJxZU1mbnBQOXFVNm10elNDa3UwcWYKWlZ2V2RES3RURFhFY1lZUC8vTEwrUU9tK3k0cVdkNFYrWW5SM2RtNlJVV1RLYmZYRGNDWjkxcnJBS1FVWkYwWgpHTEZvWmRRTk54S3hxMVRsY0swQ0F3RUFBYU1qTUNFd0RnWURWUjBQQVFIL0JBUURBZ0trTUE4R0ExVWRFd0VCCi93UUZNQU1CQWY4d0RRWUpLb1pJaHZjTkFRRUxCUUFEZ2dFQkFCM1RFL2MzYktTOVgrSysxaEpyRXBKNUZUUHQKeGF0c3FHeDF5QXhyUDBFYkJ2RE1KVTQrbndWaDhPWWdreiswUnNmcmVXVnp1VmFqK3JLYXl2WUtJOE9QWGFIegp1Q1N1V0xmQ1puZTN2b29JckpNTzh6Nk53K2lYT25ycXdlM1p2MmtVQU5pTCtheEdva3lha0VIeXpzSnRoSXoxCnRuTWw1Y2EwWW5hSk5tVktRaWZOTlVXZXBaOHlOWGdTaXB4VlRnSmY4TFhEY252U1NUbGdUVWRnZEEvQTZycG4KcGNYbjJaTkRlU0hHNkRGSGR2M3pDRm9sSnU2aGxJdUJ3SWRid2kvalFzMDZoSFdoNTVIWEE1ZURRNzVuMXdmTwphQ20wdXU2d3RHZElRU3daQW03cTdsam12ZG4xa09TZFMyUmlUY0pXd0tDRlp5aTR3MFhQYmtWaDI4QT0KLS0tLS1FTkQgQ0VSVElGSUNBVEUtLS0tLQo=\n  name: eks_support-training-eks-vD95cRsC\n\ncontexts:\n- context:\n    cluster: eks_support-training-eks-vD95cRsC\n    user: eks_support-training-eks-vD95cRsC\n  name: eks_support-training-eks-vD95cRsC\n\ncurrent-context: eks_support-training-eks-vD95cRsC\n\nusers:\n- name: eks_support-training-eks-vD95cRsC\n  user:\n    exec:\n      apiVersion: client.authentication.k8s.io/v1alpha1\n      command: aws-iam-authenticator\n      args:\n        - \"token\"\n        - \"-i\"\n        - \"support-training-eks-vD95cRsC\"\n",
      "type": "string"
    },
    "region": {
      "value": "us-gov-west-1",
      "type": "string"
    }
  },
  "resources": [
    {
      "mode": "data",
      "type": "aws_availability_zones",
      "name": "available",
      "provider": "provider[\"registry.terraform.io/hashicorp/aws\"]",
      "instances": [
        {
          "schema_version": 0,
          "attributes": {
            "all_availability_zones": null,
            "exclude_names": null,
            "exclude_zone_ids": null,
            "filter": null,
            "group_names": [
              "us-gov-west-1"
            ],
            "id": "us-gov-west-1",
            "names": [
              "us-gov-west-1a",
              "us-gov-west-1b",
              "us-gov-west-1c"
            ],
            "state": null,
            "zone_ids": [
              "usgw1-az2",
              "usgw1-az1",
              "usgw1-az3"
            ]
          }
        }
      ]
    },
    {
      "mode": "data",
      "type": "aws_eks_cluster",
      "name": "cluster",
      "provider": "provider[\"registry.terraform.io/hashicorp/aws\"]",
      "instances": [
        {
          "schema_version": 0,
          "attributes": {
            "arn": "arn:aws-us-gov:eks:us-gov-west-1:096785701408:cluster/support-training-eks-vD95cRsC",
            "certificate_authority": [
              {
                "data": "LS0tLS1CRUdJTiBDRVJUSUZJQ0FURS0tLS0tCk1JSUN5RENDQWJDZ0F3SUJBZ0lCQURBTkJna3Foa2lHOXcwQkFRc0ZBREFWTVJNd0VRWURWUVFERXdwcmRXSmwKY201bGRHVnpNQjRYRFRJeE1ESXdNekF3TkRBeU1Gb1hEVE14TURJd01UQXdOREF5TUZvd0ZURVRNQkVHQTFVRQpBeE1LYTNWaVpYSnVaWFJsY3pDQ0FTSXdEUVlKS29aSWh2Y05BUUVCQlFBRGdnRVBBRENDQVFvQ2dnRUJBTjlLCkRhdnNycHlFRjdmN2tSRGxsNmU4cE43UkhyYmVzWHovbXJTdXowL3hIczVoOVp5Mk1EN0lRcDlBRVA1cWFaY2gKQTdSbGNlUkxEUjJQaHRlWnBwekJ4dGdZdCtFRzVvRzF5dW8rL3ZSUzBkR08xSTVOaEZVenRxdXVrYlBlMVlDcApPTmJiQ085cTdVa0IyWk9SL1ZSMXM4ZTdjM1kzazRtZXBEQURNbmxKRkozSjU1WDhFQ2tnRlFyYWphTTEvT2dGCkpIYTQ0SEZZYTR0bmNQRFVkUGVnaXhNNE1raEk5QUhNeGVhVUtzQmxnTUJxZU1mbnBQOXFVNm10elNDa3UwcWYKWlZ2V2RES3RURFhFY1lZUC8vTEwrUU9tK3k0cVdkNFYrWW5SM2RtNlJVV1RLYmZYRGNDWjkxcnJBS1FVWkYwWgpHTEZvWmRRTk54S3hxMVRsY0swQ0F3RUFBYU1qTUNFd0RnWURWUjBQQVFIL0JBUURBZ0trTUE4R0ExVWRFd0VCCi93UUZNQU1CQWY4d0RRWUpLb1pJaHZjTkFRRUxCUUFEZ2dFQkFCM1RFL2MzYktTOVgrSysxaEpyRXBKNUZUUHQKeGF0c3FHeDF5QXhyUDBFYkJ2RE1KVTQrbndWaDhPWWdreiswUnNmcmVXVnp1VmFqK3JLYXl2WUtJOE9QWGFIegp1Q1N1V0xmQ1puZTN2b29JckpNTzh6Nk53K2lYT25ycXdlM1p2MmtVQU5pTCtheEdva3lha0VIeXpzSnRoSXoxCnRuTWw1Y2EwWW5hSk5tVktRaWZOTlVXZXBaOHlOWGdTaXB4VlRnSmY4TFhEY252U1NUbGdUVWRnZEEvQTZycG4KcGNYbjJaTkRlU0hHNkRGSGR2M3pDRm9sSnU2aGxJdUJ3SWRid2kvalFzMDZoSFdoNTVIWEE1ZURRNzVuMXdmTwphQ20wdXU2d3RHZElRU3daQW03cTdsam12ZG4xa09TZFMyUmlUY0pXd0tDRlp5aTR3MFhQYmtWaDI4QT0KLS0tLS1FTkQgQ0VSVElGSUNBVEUtLS0tLQo="
              }
            ],
            "created_at": "2021-02-03 00:33:21.938 +0000 UTC",
            "enabled_cluster_log_types": [],
            "endpoint": "https://E19B1CD2D435B2CABF704201E5C404DC.sk1.us-gov-west-1.eks.amazonaws.com",
            "id": "support-training-eks-vD95cRsC",
            "identity": [
              {
                "oidc": [
                  {
                    "issuer": "https://oidc.eks.us-gov-west-1.amazonaws.com/id/E19B1CD2D435B2CABF704201E5C404DC"
                  }
                ]
              }
            ],
            "kubernetes_network_config": [
              {
                "service_ipv4_cidr": "172.20.0.0/16"
              }
            ],
            "name": "support-training-eks-vD95cRsC",
            "platform_version": "eks.3",
            "role_arn": "arn:aws-us-gov:iam::096785701408:role/support-training-eks-vD95cRsC20210203003311915100000002",
            "status": "ACTIVE",
            "tags": {
              "Environment": "support-training",
              "GithubOrg": "terraform-aws-modules",
              "GithubRepo": "terraform-aws-eks"
            },
            "version": "1.18",
            "vpc_config": [
              {
                "cluster_security_group_id": "sg-09f6519d07db772a2",
                "endpoint_private_access": false,
                "endpoint_public_access": true,
                "public_access_cidrs": [
                  "0.0.0.0/0"
                ],
                "security_group_ids": [
                  "sg-08cda0051e0b2d63b"
                ],
                "subnet_ids": [
                  "subnet-09156b7b6ebfb8f81",
                  "subnet-0bf6d8be3a39db2ae",
                  "subnet-0d22deaebd6e050fd"
                ],
                "vpc_id": "vpc-0cd3c970dded22cb0"
              }
            ]
          }
        }
      ]
    },
    {
      "mode": "data",
      "type": "aws_eks_cluster_auth",
      "name": "cluster",
      "provider": "provider[\"registry.terraform.io/hashicorp/aws\"]",
      "instances": [
        {
          "schema_version": 0,
          "attributes": {
            "id": "support-training-eks-vD95cRsC",
            "name": "support-training-eks-vD95cRsC",
            "token": "k8s-aws-v1.aHR0cHM6Ly9zdHMudXMtZ292LXdlc3QtMS5hbWF6b25hd3MuY29tLz9BY3Rpb249R2V0Q2FsbGVySWRlbnRpdHkmVmVyc2lvbj0yMDExLTA2LTE1JlgtQW16LUFsZ29yaXRobT1BV1M0LUhNQUMtU0hBMjU2JlgtQW16LUNyZWRlbnRpYWw9QUtJQVJOQ0hBVElRTDZRV1hXVkolMkYyMDIxMDIwMyUyRnVzLWdvdi13ZXN0LTElMkZzdHMlMkZhd3M0X3JlcXVlc3QmWC1BbXotRGF0ZT0yMDIxMDIwM1QwMDQ0MzNaJlgtQW16LUV4cGlyZXM9MCZYLUFtei1TaWduZWRIZWFkZXJzPWhvc3QlM0J4LWs4cy1hd3MtaWQmWC1BbXotU2lnbmF0dXJlPWYyYjRmNjg2MDVjMTdjMmJlNjM5YWNlOGRkZmUyMzc3YzNlOWIxYTI4OGQyZjIyYTFhNTlhZTBiZTFmOGE5Yzc"
          }
        }
      ]
    },
    {
      "mode": "managed",
      "type": "aws_security_group",
      "name": "all_worker_mgmt",
      "provider": "provider[\"registry.terraform.io/hashicorp/aws\"]",
      "instances": [
        {
          "schema_version": 1,
          "attributes": {
            "arn": "arn:aws-us-gov:ec2:us-gov-west-1:096785701408:security-group/sg-08e9b6f2a3f658fe0",
            "description": "Managed by Terraform",
            "egress": [],
            "id": "sg-08e9b6f2a3f658fe0",
            "ingress": [
              {
                "cidr_blocks": [
                  "10.0.0.0/8",
                  "172.16.0.0/12",
                  "192.168.0.0/16"
                ],
                "description": "",
                "from_port": 22,
                "ipv6_cidr_blocks": [],
                "prefix_list_ids": [],
                "protocol": "tcp",
                "security_groups": [],
                "self": false,
                "to_port": 22
              }
            ],
            "name": "all_worker_management20210203003315570200000008",
            "name_prefix": "all_worker_management",
            "owner_id": "096785701408",
            "revoke_rules_on_delete": false,
            "tags": null,
            "timeouts": null,
            "vpc_id": "vpc-0cd3c970dded22cb0"
          },
          "private": "eyJlMmJmYjczMC1lY2FhLTExZTYtOGY4OC0zNDM2M2JjN2M0YzAiOnsiY3JlYXRlIjo2MDAwMDAwMDAwMDAsImRlbGV0ZSI6NjAwMDAwMDAwMDAwfSwic2NoZW1hX3ZlcnNpb24iOiIxIn0=",
          "dependencies": [
            "module.vpc.aws_vpc.this",
            "random_string.suffix"
          ]
        }
      ]
    },
    {
      "mode": "managed",
      "type": "aws_security_group",
      "name": "worker_group_mgmt_one",
      "provider": "provider[\"registry.terraform.io/hashicorp/aws\"]",
      "instances": [
        {
          "schema_version": 1,
          "attributes": {
            "arn": "arn:aws-us-gov:ec2:us-gov-west-1:096785701408:security-group/sg-09b64f9d6af737e15",
            "description": "Managed by Terraform",
            "egress": [],
            "id": "sg-09b64f9d6af737e15",
            "ingress": [
              {
                "cidr_blocks": [
                  "10.0.0.0/8"
                ],
                "description": "",
                "from_port": 22,
                "ipv6_cidr_blocks": [],
                "prefix_list_ids": [],
                "protocol": "tcp",
                "security_groups": [],
                "self": false,
                "to_port": 22
              }
            ],
            "name": "worker_group_mgmt_one20210203003315568500000007",
            "name_prefix": "worker_group_mgmt_one",
            "owner_id": "096785701408",
            "revoke_rules_on_delete": false,
            "tags": null,
            "timeouts": null,
            "vpc_id": "vpc-0cd3c970dded22cb0"
          },
          "private": "eyJlMmJmYjczMC1lY2FhLTExZTYtOGY4OC0zNDM2M2JjN2M0YzAiOnsiY3JlYXRlIjo2MDAwMDAwMDAwMDAsImRlbGV0ZSI6NjAwMDAwMDAwMDAwfSwic2NoZW1hX3ZlcnNpb24iOiIxIn0=",
          "dependencies": [
            "module.vpc.aws_vpc.this",
            "random_string.suffix"
          ],
          "create_before_destroy": true
        }
      ]
    },
    {
      "mode": "managed",
      "type": "aws_security_group",
      "name": "worker_group_mgmt_two",
      "provider": "provider[\"registry.terraform.io/hashicorp/aws\"]",
      "instances": [
        {
          "schema_version": 1,
          "attributes": {
            "arn": "arn:aws-us-gov:ec2:us-gov-west-1:096785701408:security-group/sg-0331647eae6196d1b",
            "description": "Managed by Terraform",
            "egress": [],
            "id": "sg-0331647eae6196d1b",
            "ingress": [
              {
                "cidr_blocks": [
                  "192.168.0.0/16"
                ],
                "description": "",
                "from_port": 22,
                "ipv6_cidr_blocks": [],
                "prefix_list_ids": [],
                "protocol": "tcp",
                "security_groups": [],
                "self": false,
                "to_port": 22
              }
            ],
            "name": "worker_group_mgmt_two20210203003316411200000009",
            "name_prefix": "worker_group_mgmt_two",
            "owner_id": "096785701408",
            "revoke_rules_on_delete": false,
            "tags": null,
            "timeouts": null,
            "vpc_id": "vpc-0cd3c970dded22cb0"
          },
          "private": "eyJlMmJmYjczMC1lY2FhLTExZTYtOGY4OC0zNDM2M2JjN2M0YzAiOnsiY3JlYXRlIjo2MDAwMDAwMDAwMDAsImRlbGV0ZSI6NjAwMDAwMDAwMDAwfSwic2NoZW1hX3ZlcnNpb24iOiIxIn0=",
          "dependencies": [
            "module.vpc.aws_vpc.this",
            "random_string.suffix"
          ],
          "create_before_destroy": true
        }
      ]
    },
    {
      "mode": "managed",
      "type": "random_string",
      "name": "suffix",
      "provider": "provider[\"registry.terraform.io/hashicorp/random\"]",
      "instances": [
        {
          "schema_version": 1,
          "attributes": {
            "id": "vD95cRsC",
            "keepers": null,
            "length": 8,
            "lower": true,
            "min_lower": 0,
            "min_numeric": 0,
            "min_special": 0,
            "min_upper": 0,
            "number": true,
            "override_special": null,
            "result": "vD95cRsC",
            "special": false,
            "upper": true
          },
          "private": "eyJzY2hlbWFfdmVyc2lvbiI6IjEifQ=="
        }
      ]
    },
    {
      "module": "module.eks",
      "mode": "data",
      "type": "aws_ami",
      "name": "eks_worker",
      "provider": "provider[\"registry.terraform.io/hashicorp/aws\"]",
      "instances": [
        {
          "schema_version": 0,
          "attributes": {
            "architecture": "x86_64",
            "arn": "arn:aws-us-gov:ec2:us-gov-west-1::image/ami-0586fd88cd2b94618",
            "block_device_mappings": [
              {
                "device_name": "/dev/xvda",
                "ebs": {
                  "delete_on_termination": "true",
                  "encrypted": "false",
                  "iops": "0",
                  "snapshot_id": "snap-09d2818c881fbeccb",
                  "throughput": "0",
                  "volume_size": "20",
                  "volume_type": "gp2"
                },
                "no_device": "",
                "virtual_name": ""
              }
            ],
            "creation_date": "2021-01-25T23:07:16.000Z",
            "description": "EKS Kubernetes Worker AMI with AmazonLinux2 image, (k8s: 1.18.9, docker: 19.03.6ce-4.amzn2, containerd: 1.4.1-2.amzn2)",
            "executable_users": null,
            "filter": [
              {
                "name": "name",
                "values": [
                  "amazon-eks-node-1.18-v*"
                ]
              }
            ],
            "hypervisor": "xen",
            "id": "ami-0586fd88cd2b94618",
            "image_id": "ami-0586fd88cd2b94618",
            "image_location": "amazon/amazon-eks-node-1.18-v20210125",
            "image_owner_alias": "amazon",
            "image_type": "machine",
            "kernel_id": null,
            "most_recent": true,
            "name": "amazon-eks-node-1.18-v20210125",
            "name_regex": null,
            "owner_id": "013241004608",
            "owners": [
              "amazon"
            ],
            "platform": null,
            "product_codes": [],
            "public": true,
            "ramdisk_id": null,
            "root_device_name": "/dev/xvda",
            "root_device_type": "ebs",
            "root_snapshot_id": "snap-09d2818c881fbeccb",
            "sriov_net_support": "simple",
            "state": "available",
            "state_reason": {
              "code": "UNSET",
              "message": "UNSET"
            },
            "tags": {},
            "virtualization_type": "hvm"
          }
        }
      ]
    },
    {
      "module": "module.eks",
      "mode": "data",
      "type": "aws_ami",
      "name": "eks_worker_windows",
      "provider": "provider[\"registry.terraform.io/hashicorp/aws\"]",
      "instances": [
        {
          "schema_version": 0,
          "attributes": {
            "architecture": "x86_64",
            "arn": "arn:aws-us-gov:ec2:us-gov-west-1::image/ami-62043e03",
            "block_device_mappings": [
              {
                "device_name": "/dev/sda1",
                "ebs": {
                  "delete_on_termination": "true",
                  "encrypted": "false",
                  "iops": "0",
                  "snapshot_id": "snap-0f026e3408b7690c2",
                  "throughput": "0",
                  "volume_size": "50",
                  "volume_type": "gp2"
                },
                "no_device": "",
                "virtual_name": ""
              },
              {
                "device_name": "xvdca",
                "ebs": {},
                "no_device": "",
                "virtual_name": "ephemeral0"
              },
              {
                "device_name": "xvdcb",
                "ebs": {},
                "no_device": "",
                "virtual_name": "ephemeral1"
              },
              {
                "device_name": "xvdcc",
                "ebs": {},
                "no_device": "",
                "virtual_name": "ephemeral2"
              },
              {
                "device_name": "xvdcd",
                "ebs": {},
                "no_device": "",
                "virtual_name": "ephemeral3"
              },
              {
                "device_name": "xvdce",
                "ebs": {},
                "no_device": "",
                "virtual_name": "ephemeral4"
              },
              {
                "device_name": "xvdcf",
                "ebs": {},
                "no_device": "",
                "virtual_name": "ephemeral5"
              },
              {
                "device_name": "xvdcg",
                "ebs": {},
                "no_device": "",
                "virtual_name": "ephemeral6"
              },
              {
                "device_name": "xvdch",
                "ebs": {},
                "no_device": "",
                "virtual_name": "ephemeral7"
              },
              {
                "device_name": "xvdci",
                "ebs": {},
                "no_device": "",
                "virtual_name": "ephemeral8"
              },
              {
                "device_name": "xvdcj",
                "ebs": {},
                "no_device": "",
                "virtual_name": "ephemeral9"
              },
              {
                "device_name": "xvdck",
                "ebs": {},
                "no_device": "",
                "virtual_name": "ephemeral10"
              },
              {
                "device_name": "xvdcl",
                "ebs": {},
                "no_device": "",
                "virtual_name": "ephemeral11"
              },
              {
                "device_name": "xvdcm",
                "ebs": {},
                "no_device": "",
                "virtual_name": "ephemeral12"
              },
              {
                "device_name": "xvdcn",
                "ebs": {},
                "no_device": "",
                "virtual_name": "ephemeral13"
              },
              {
                "device_name": "xvdco",
                "ebs": {},
                "no_device": "",
                "virtual_name": "ephemeral14"
              },
              {
                "device_name": "xvdcp",
                "ebs": {},
                "no_device": "",
                "virtual_name": "ephemeral15"
              },
              {
                "device_name": "xvdcq",
                "ebs": {},
                "no_device": "",
                "virtual_name": "ephemeral16"
              },
              {
                "device_name": "xvdcr",
                "ebs": {},
                "no_device": "",
                "virtual_name": "ephemeral17"
              },
              {
                "device_name": "xvdcs",
                "ebs": {},
                "no_device": "",
                "virtual_name": "ephemeral18"
              },
              {
                "device_name": "xvdct",
                "ebs": {},
                "no_device": "",
                "virtual_name": "ephemeral19"
              },
              {
                "device_name": "xvdcu",
                "ebs": {},
                "no_device": "",
                "virtual_name": "ephemeral20"
              },
              {
                "device_name": "xvdcv",
                "ebs": {},
                "no_device": "",
                "virtual_name": "ephemeral21"
              },
              {
                "device_name": "xvdcw",
                "ebs": {},
                "no_device": "",
                "virtual_name": "ephemeral22"
              },
              {
                "device_name": "xvdcx",
                "ebs": {},
                "no_device": "",
                "virtual_name": "ephemeral23"
              },
              {
                "device_name": "xvdcy",
                "ebs": {},
                "no_device": "",
                "virtual_name": "ephemeral24"
              },
              {
                "device_name": "xvdcz",
                "ebs": {},
                "no_device": "",
                "virtual_name": "ephemeral25"
              }
            ],
            "creation_date": "2021-01-20T03:33:47.000Z",
            "description": "Microsoft Windows Server 2019 Core optimized for EKS and provided by Amazon",
            "executable_users": null,
            "filter": [
              {
                "name": "name",
                "values": [
                  "Windows_Server-2019-English-Core-EKS_Optimized-1.18-*"
                ]
              },
              {
                "name": "platform",
                "values": [
                  "windows"
                ]
              }
            ],
            "hypervisor": "xen",
            "id": "ami-62043e03",
            "image_id": "ami-62043e03",
            "image_location": "amazon/Windows_Server-2019-English-Core-EKS_Optimized-1.18-2021.01.13",
            "image_owner_alias": "amazon",
            "image_type": "machine",
            "kernel_id": null,
            "most_recent": true,
            "name": "Windows_Server-2019-English-Core-EKS_Optimized-1.18-2021.01.13",
            "name_regex": null,
            "owner_id": "077303321853",
            "owners": [
              "amazon"
            ],
            "platform": "windows",
            "product_codes": [],
            "public": true,
            "ramdisk_id": null,
            "root_device_name": "/dev/sda1",
            "root_device_type": "ebs",
            "root_snapshot_id": "snap-0f026e3408b7690c2",
            "sriov_net_support": "simple",
            "state": "available",
            "state_reason": {
              "code": "UNSET",
              "message": "UNSET"
            },
            "tags": {},
            "virtualization_type": "hvm"
          }
        }
      ]
    },
    {
      "module": "module.eks",
      "mode": "data",
      "type": "aws_caller_identity",
      "name": "current",
      "provider": "provider[\"registry.terraform.io/hashicorp/aws\"]",
      "instances": [
        {
          "schema_version": 0,
          "attributes": {
            "account_id": "096785701408",
            "arn": "arn:aws-us-gov:iam::096785701408:user/tamara",
            "id": "096785701408",
            "user_id": "AIDARNCHATIQCIPZMYVLQ"
          }
        }
      ]
    },
    {
      "module": "module.eks",
      "mode": "data",
      "type": "aws_iam_policy_document",
      "name": "cluster_assume_role_policy",
      "provider": "provider[\"registry.terraform.io/hashicorp/aws\"]",
      "instances": [
        {
          "schema_version": 0,
          "attributes": {
            "id": "2764486067",
            "json": "{\n  \"Version\": \"2012-10-17\",\n  \"Statement\": [\n    {\n      \"Sid\": \"EKSClusterAssumeRole\",\n      \"Effect\": \"Allow\",\n      \"Action\": \"sts:AssumeRole\",\n      \"Principal\": {\n        \"Service\": \"eks.amazonaws.com\"\n      }\n    }\n  ]\n}",
            "override_json": null,
            "policy_id": null,
            "source_json": null,
            "statement": [
              {
                "actions": [
                  "sts:AssumeRole"
                ],
                "condition": [],
                "effect": "Allow",
                "not_actions": [],
                "not_principals": [],
                "not_resources": [],
                "principals": [
                  {
                    "identifiers": [
                      "eks.amazonaws.com"
                    ],
                    "type": "Service"
                  }
                ],
                "resources": [],
                "sid": "EKSClusterAssumeRole"
              }
            ],
            "version": "2012-10-17"
          }
        }
      ]
    },
    {
      "module": "module.eks",
      "mode": "data",
      "type": "aws_iam_policy_document",
      "name": "cluster_elb_sl_role_creation",
      "provider": "provider[\"registry.terraform.io/hashicorp/aws\"]",
      "instances": [
        {
          "index_key": 0,
          "schema_version": 0,
          "attributes": {
            "id": "3407219844",
            "json": "{\n  \"Version\": \"2012-10-17\",\n  \"Statement\": [\n    {\n      \"Sid\": \"\",\n      \"Effect\": \"Allow\",\n      \"Action\": [\n        \"ec2:DescribeInternetGateways\",\n        \"ec2:DescribeAccountAttributes\"\n      ],\n      \"Resource\": \"*\"\n    }\n  ]\n}",
            "override_json": null,
            "policy_id": null,
            "source_json": null,
            "statement": [
              {
                "actions": [
                  "ec2:DescribeAccountAttributes",
                  "ec2:DescribeInternetGateways"
                ],
                "condition": [],
                "effect": "Allow",
                "not_actions": [],
                "not_principals": [],
                "not_resources": [],
                "principals": [],
                "resources": [
                  "*"
                ],
                "sid": ""
              }
            ],
            "version": "2012-10-17"
          }
        }
      ]
    },
    {
      "module": "module.eks",
      "mode": "data",
      "type": "aws_iam_policy_document",
      "name": "workers_assume_role_policy",
      "provider": "provider[\"registry.terraform.io/hashicorp/aws\"]",
      "instances": [
        {
          "schema_version": 0,
          "attributes": {
            "id": "3778018924",
            "json": "{\n  \"Version\": \"2012-10-17\",\n  \"Statement\": [\n    {\n      \"Sid\": \"EKSWorkerAssumeRole\",\n      \"Effect\": \"Allow\",\n      \"Action\": \"sts:AssumeRole\",\n      \"Principal\": {\n        \"Service\": \"ec2.amazonaws.com\"\n      }\n    }\n  ]\n}",
            "override_json": null,
            "policy_id": null,
            "source_json": null,
            "statement": [
              {
                "actions": [
                  "sts:AssumeRole"
                ],
                "condition": [],
                "effect": "Allow",
                "not_actions": [],
                "not_principals": [],
                "not_resources": [],
                "principals": [
                  {
                    "identifiers": [
                      "ec2.amazonaws.com"
                    ],
                    "type": "Service"
                  }
                ],
                "resources": [],
                "sid": "EKSWorkerAssumeRole"
              }
            ],
            "version": "2012-10-17"
          }
        }
      ]
    },
    {
      "module": "module.eks",
      "mode": "data",
      "type": "aws_partition",
      "name": "current",
      "provider": "provider[\"registry.terraform.io/hashicorp/aws\"]",
      "instances": [
        {
          "schema_version": 0,
          "attributes": {
            "dns_suffix": "amazonaws.com",
            "id": "aws-us-gov",
            "partition": "aws-us-gov",
            "reverse_dns_prefix": "com.amazonaws"
          }
        }
      ]
    },
    {
      "module": "module.eks",
      "mode": "data",
      "type": "template_file",
      "name": "userdata",
      "provider": "provider[\"registry.terraform.io/hashicorp/template\"]",
      "instances": [
        {
          "index_key": 0,
          "schema_version": 0,
          "attributes": {
            "filename": null,
            "id": "8f6c69eb555b7f77ad85705795699444673dd409d682be7da495e741cad71411",
            "rendered": "#!/bin/bash -e\n\n# Allow user supplied pre userdata code\n\n\n# Bootstrap and join the cluster\n/etc/eks/bootstrap.sh --b64-cluster-ca 'LS0tLS1CRUdJTiBDRVJUSUZJQ0FURS0tLS0tCk1JSUN5RENDQWJDZ0F3SUJBZ0lCQURBTkJna3Foa2lHOXcwQkFRc0ZBREFWTVJNd0VRWURWUVFERXdwcmRXSmwKY201bGRHVnpNQjRYRFRJeE1ESXdNekF3TkRBeU1Gb1hEVE14TURJd01UQXdOREF5TUZvd0ZURVRNQkVHQTFVRQpBeE1LYTNWaVpYSnVaWFJsY3pDQ0FTSXdEUVlKS29aSWh2Y05BUUVCQlFBRGdnRVBBRENDQVFvQ2dnRUJBTjlLCkRhdnNycHlFRjdmN2tSRGxsNmU4cE43UkhyYmVzWHovbXJTdXowL3hIczVoOVp5Mk1EN0lRcDlBRVA1cWFaY2gKQTdSbGNlUkxEUjJQaHRlWnBwekJ4dGdZdCtFRzVvRzF5dW8rL3ZSUzBkR08xSTVOaEZVenRxdXVrYlBlMVlDcApPTmJiQ085cTdVa0IyWk9SL1ZSMXM4ZTdjM1kzazRtZXBEQURNbmxKRkozSjU1WDhFQ2tnRlFyYWphTTEvT2dGCkpIYTQ0SEZZYTR0bmNQRFVkUGVnaXhNNE1raEk5QUhNeGVhVUtzQmxnTUJxZU1mbnBQOXFVNm10elNDa3UwcWYKWlZ2V2RES3RURFhFY1lZUC8vTEwrUU9tK3k0cVdkNFYrWW5SM2RtNlJVV1RLYmZYRGNDWjkxcnJBS1FVWkYwWgpHTEZvWmRRTk54S3hxMVRsY0swQ0F3RUFBYU1qTUNFd0RnWURWUjBQQVFIL0JBUURBZ0trTUE4R0ExVWRFd0VCCi93UUZNQU1CQWY4d0RRWUpLb1pJaHZjTkFRRUxCUUFEZ2dFQkFCM1RFL2MzYktTOVgrSysxaEpyRXBKNUZUUHQKeGF0c3FHeDF5QXhyUDBFYkJ2RE1KVTQrbndWaDhPWWdreiswUnNmcmVXVnp1VmFqK3JLYXl2WUtJOE9QWGFIegp1Q1N1V0xmQ1puZTN2b29JckpNTzh6Nk53K2lYT25ycXdlM1p2MmtVQU5pTCtheEdva3lha0VIeXpzSnRoSXoxCnRuTWw1Y2EwWW5hSk5tVktRaWZOTlVXZXBaOHlOWGdTaXB4VlRnSmY4TFhEY252U1NUbGdUVWRnZEEvQTZycG4KcGNYbjJaTkRlU0hHNkRGSGR2M3pDRm9sSnU2aGxJdUJ3SWRid2kvalFzMDZoSFdoNTVIWEE1ZURRNzVuMXdmTwphQ20wdXU2d3RHZElRU3daQW03cTdsam12ZG4xa09TZFMyUmlUY0pXd0tDRlp5aTR3MFhQYmtWaDI4QT0KLS0tLS1FTkQgQ0VSVElGSUNBVEUtLS0tLQo=' --apiserver-endpoint 'https://E19B1CD2D435B2CABF704201E5C404DC.sk1.us-gov-west-1.eks.amazonaws.com'  --kubelet-extra-args \"\" 'support-training-eks-vD95cRsC'\n\n# Allow user supplied userdata code\necho support training\n",
            "template": "#!/bin/bash -e\n\n# Allow user supplied pre userdata code\n${pre_userdata}\n\n# Bootstrap and join the cluster\n/etc/eks/bootstrap.sh --b64-cluster-ca '${cluster_auth_base64}' --apiserver-endpoint '${endpoint}' ${bootstrap_extra_args} --kubelet-extra-args \"${kubelet_extra_args}\" '${cluster_name}'\n\n# Allow user supplied userdata code\n${additional_userdata}\n",
            "vars": {
              "additional_userdata": "echo support training",
              "bootstrap_extra_args": "",
              "cluster_auth_base64": "LS0tLS1CRUdJTiBDRVJUSUZJQ0FURS0tLS0tCk1JSUN5RENDQWJDZ0F3SUJBZ0lCQURBTkJna3Foa2lHOXcwQkFRc0ZBREFWTVJNd0VRWURWUVFERXdwcmRXSmwKY201bGRHVnpNQjRYRFRJeE1ESXdNekF3TkRBeU1Gb1hEVE14TURJd01UQXdOREF5TUZvd0ZURVRNQkVHQTFVRQpBeE1LYTNWaVpYSnVaWFJsY3pDQ0FTSXdEUVlKS29aSWh2Y05BUUVCQlFBRGdnRVBBRENDQVFvQ2dnRUJBTjlLCkRhdnNycHlFRjdmN2tSRGxsNmU4cE43UkhyYmVzWHovbXJTdXowL3hIczVoOVp5Mk1EN0lRcDlBRVA1cWFaY2gKQTdSbGNlUkxEUjJQaHRlWnBwekJ4dGdZdCtFRzVvRzF5dW8rL3ZSUzBkR08xSTVOaEZVenRxdXVrYlBlMVlDcApPTmJiQ085cTdVa0IyWk9SL1ZSMXM4ZTdjM1kzazRtZXBEQURNbmxKRkozSjU1WDhFQ2tnRlFyYWphTTEvT2dGCkpIYTQ0SEZZYTR0bmNQRFVkUGVnaXhNNE1raEk5QUhNeGVhVUtzQmxnTUJxZU1mbnBQOXFVNm10elNDa3UwcWYKWlZ2V2RES3RURFhFY1lZUC8vTEwrUU9tK3k0cVdkNFYrWW5SM2RtNlJVV1RLYmZYRGNDWjkxcnJBS1FVWkYwWgpHTEZvWmRRTk54S3hxMVRsY0swQ0F3RUFBYU1qTUNFd0RnWURWUjBQQVFIL0JBUURBZ0trTUE4R0ExVWRFd0VCCi93UUZNQU1CQWY4d0RRWUpLb1pJaHZjTkFRRUxCUUFEZ2dFQkFCM1RFL2MzYktTOVgrSysxaEpyRXBKNUZUUHQKeGF0c3FHeDF5QXhyUDBFYkJ2RE1KVTQrbndWaDhPWWdreiswUnNmcmVXVnp1VmFqK3JLYXl2WUtJOE9QWGFIegp1Q1N1V0xmQ1puZTN2b29JckpNTzh6Nk53K2lYT25ycXdlM1p2MmtVQU5pTCtheEdva3lha0VIeXpzSnRoSXoxCnRuTWw1Y2EwWW5hSk5tVktRaWZOTlVXZXBaOHlOWGdTaXB4VlRnSmY4TFhEY252U1NUbGdUVWRnZEEvQTZycG4KcGNYbjJaTkRlU0hHNkRGSGR2M3pDRm9sSnU2aGxJdUJ3SWRid2kvalFzMDZoSFdoNTVIWEE1ZURRNzVuMXdmTwphQ20wdXU2d3RHZElRU3daQW03cTdsam12ZG4xa09TZFMyUmlUY0pXd0tDRlp5aTR3MFhQYmtWaDI4QT0KLS0tLS1FTkQgQ0VSVElGSUNBVEUtLS0tLQo=",
              "cluster_name": "support-training-eks-vD95cRsC",
              "endpoint": "https://E19B1CD2D435B2CABF704201E5C404DC.sk1.us-gov-west-1.eks.amazonaws.com",
              "kubelet_extra_args": "",
              "platform": "linux",
              "pre_userdata": ""
            }
          }
        },
        {
          "index_key": 1,
          "schema_version": 0,
          "attributes": {
            "filename": null,
            "id": "8f6c69eb555b7f77ad85705795699444673dd409d682be7da495e741cad71411",
            "rendered": "#!/bin/bash -e\n\n# Allow user supplied pre userdata code\n\n\n# Bootstrap and join the cluster\n/etc/eks/bootstrap.sh --b64-cluster-ca 'LS0tLS1CRUdJTiBDRVJUSUZJQ0FURS0tLS0tCk1JSUN5RENDQWJDZ0F3SUJBZ0lCQURBTkJna3Foa2lHOXcwQkFRc0ZBREFWTVJNd0VRWURWUVFERXdwcmRXSmwKY201bGRHVnpNQjRYRFRJeE1ESXdNekF3TkRBeU1Gb1hEVE14TURJd01UQXdOREF5TUZvd0ZURVRNQkVHQTFVRQpBeE1LYTNWaVpYSnVaWFJsY3pDQ0FTSXdEUVlKS29aSWh2Y05BUUVCQlFBRGdnRVBBRENDQVFvQ2dnRUJBTjlLCkRhdnNycHlFRjdmN2tSRGxsNmU4cE43UkhyYmVzWHovbXJTdXowL3hIczVoOVp5Mk1EN0lRcDlBRVA1cWFaY2gKQTdSbGNlUkxEUjJQaHRlWnBwekJ4dGdZdCtFRzVvRzF5dW8rL3ZSUzBkR08xSTVOaEZVenRxdXVrYlBlMVlDcApPTmJiQ085cTdVa0IyWk9SL1ZSMXM4ZTdjM1kzazRtZXBEQURNbmxKRkozSjU1WDhFQ2tnRlFyYWphTTEvT2dGCkpIYTQ0SEZZYTR0bmNQRFVkUGVnaXhNNE1raEk5QUhNeGVhVUtzQmxnTUJxZU1mbnBQOXFVNm10elNDa3UwcWYKWlZ2V2RES3RURFhFY1lZUC8vTEwrUU9tK3k0cVdkNFYrWW5SM2RtNlJVV1RLYmZYRGNDWjkxcnJBS1FVWkYwWgpHTEZvWmRRTk54S3hxMVRsY0swQ0F3RUFBYU1qTUNFd0RnWURWUjBQQVFIL0JBUURBZ0trTUE4R0ExVWRFd0VCCi93UUZNQU1CQWY4d0RRWUpLb1pJaHZjTkFRRUxCUUFEZ2dFQkFCM1RFL2MzYktTOVgrSysxaEpyRXBKNUZUUHQKeGF0c3FHeDF5QXhyUDBFYkJ2RE1KVTQrbndWaDhPWWdreiswUnNmcmVXVnp1VmFqK3JLYXl2WUtJOE9QWGFIegp1Q1N1V0xmQ1puZTN2b29JckpNTzh6Nk53K2lYT25ycXdlM1p2MmtVQU5pTCtheEdva3lha0VIeXpzSnRoSXoxCnRuTWw1Y2EwWW5hSk5tVktRaWZOTlVXZXBaOHlOWGdTaXB4VlRnSmY4TFhEY252U1NUbGdUVWRnZEEvQTZycG4KcGNYbjJaTkRlU0hHNkRGSGR2M3pDRm9sSnU2aGxJdUJ3SWRid2kvalFzMDZoSFdoNTVIWEE1ZURRNzVuMXdmTwphQ20wdXU2d3RHZElRU3daQW03cTdsam12ZG4xa09TZFMyUmlUY0pXd0tDRlp5aTR3MFhQYmtWaDI4QT0KLS0tLS1FTkQgQ0VSVElGSUNBVEUtLS0tLQo=' --apiserver-endpoint 'https://E19B1CD2D435B2CABF704201E5C404DC.sk1.us-gov-west-1.eks.amazonaws.com'  --kubelet-extra-args \"\" 'support-training-eks-vD95cRsC'\n\n# Allow user supplied userdata code\necho support training\n",
            "template": "#!/bin/bash -e\n\n# Allow user supplied pre userdata code\n${pre_userdata}\n\n# Bootstrap and join the cluster\n/etc/eks/bootstrap.sh --b64-cluster-ca '${cluster_auth_base64}' --apiserver-endpoint '${endpoint}' ${bootstrap_extra_args} --kubelet-extra-args \"${kubelet_extra_args}\" '${cluster_name}'\n\n# Allow user supplied userdata code\n${additional_userdata}\n",
            "vars": {
              "additional_userdata": "echo support training",
              "bootstrap_extra_args": "",
              "cluster_auth_base64": "LS0tLS1CRUdJTiBDRVJUSUZJQ0FURS0tLS0tCk1JSUN5RENDQWJDZ0F3SUJBZ0lCQURBTkJna3Foa2lHOXcwQkFRc0ZBREFWTVJNd0VRWURWUVFERXdwcmRXSmwKY201bGRHVnpNQjRYRFRJeE1ESXdNekF3TkRBeU1Gb1hEVE14TURJd01UQXdOREF5TUZvd0ZURVRNQkVHQTFVRQpBeE1LYTNWaVpYSnVaWFJsY3pDQ0FTSXdEUVlKS29aSWh2Y05BUUVCQlFBRGdnRVBBRENDQVFvQ2dnRUJBTjlLCkRhdnNycHlFRjdmN2tSRGxsNmU4cE43UkhyYmVzWHovbXJTdXowL3hIczVoOVp5Mk1EN0lRcDlBRVA1cWFaY2gKQTdSbGNlUkxEUjJQaHRlWnBwekJ4dGdZdCtFRzVvRzF5dW8rL3ZSUzBkR08xSTVOaEZVenRxdXVrYlBlMVlDcApPTmJiQ085cTdVa0IyWk9SL1ZSMXM4ZTdjM1kzazRtZXBEQURNbmxKRkozSjU1WDhFQ2tnRlFyYWphTTEvT2dGCkpIYTQ0SEZZYTR0bmNQRFVkUGVnaXhNNE1raEk5QUhNeGVhVUtzQmxnTUJxZU1mbnBQOXFVNm10elNDa3UwcWYKWlZ2V2RES3RURFhFY1lZUC8vTEwrUU9tK3k0cVdkNFYrWW5SM2RtNlJVV1RLYmZYRGNDWjkxcnJBS1FVWkYwWgpHTEZvWmRRTk54S3hxMVRsY0swQ0F3RUFBYU1qTUNFd0RnWURWUjBQQVFIL0JBUURBZ0trTUE4R0ExVWRFd0VCCi93UUZNQU1CQWY4d0RRWUpLb1pJaHZjTkFRRUxCUUFEZ2dFQkFCM1RFL2MzYktTOVgrSysxaEpyRXBKNUZUUHQKeGF0c3FHeDF5QXhyUDBFYkJ2RE1KVTQrbndWaDhPWWdreiswUnNmcmVXVnp1VmFqK3JLYXl2WUtJOE9QWGFIegp1Q1N1V0xmQ1puZTN2b29JckpNTzh6Nk53K2lYT25ycXdlM1p2MmtVQU5pTCtheEdva3lha0VIeXpzSnRoSXoxCnRuTWw1Y2EwWW5hSk5tVktRaWZOTlVXZXBaOHlOWGdTaXB4VlRnSmY4TFhEY252U1NUbGdUVWRnZEEvQTZycG4KcGNYbjJaTkRlU0hHNkRGSGR2M3pDRm9sSnU2aGxJdUJ3SWRid2kvalFzMDZoSFdoNTVIWEE1ZURRNzVuMXdmTwphQ20wdXU2d3RHZElRU3daQW03cTdsam12ZG4xa09TZFMyUmlUY0pXd0tDRlp5aTR3MFhQYmtWaDI4QT0KLS0tLS1FTkQgQ0VSVElGSUNBVEUtLS0tLQo=",
              "cluster_name": "support-training-eks-vD95cRsC",
              "endpoint": "https://E19B1CD2D435B2CABF704201E5C404DC.sk1.us-gov-west-1.eks.amazonaws.com",
              "kubelet_extra_args": "",
              "platform": "linux",
              "pre_userdata": ""
            }
          }
        }
      ]
    },
    {
      "module": "module.eks",
      "mode": "managed",
      "type": "aws_autoscaling_group",
      "name": "workers",
      "provider": "provider[\"registry.terraform.io/hashicorp/aws\"]",
      "instances": [
        {
          "index_key": 0,
          "schema_version": 0,
          "attributes": {
            "arn": "arn:aws-us-gov:autoscaling:us-gov-west-1:096785701408:autoScalingGroup:ad1a2020-e2ee-4ec2-ad78-cb0810f811a0:autoScalingGroupName/support-training-eks-vD95cRsC-worker-group-120210203004329736400000014",
            "availability_zones": [
              "us-gov-west-1a",
              "us-gov-west-1b",
              "us-gov-west-1c"
            ],
            "capacity_rebalance": false,
            "default_cooldown": 300,
            "desired_capacity": 2,
            "enabled_metrics": null,
            "force_delete": false,
            "health_check_grace_period": 300,
            "health_check_type": "EC2",
            "id": "support-training-eks-vD95cRsC-worker-group-120210203004329736400000014",
            "initial_lifecycle_hook": [],
            "instance_refresh": [],
            "launch_configuration": "support-training-eks-vD95cRsC-worker-group-120210203004319838400000013",
            "launch_template": [],
            "load_balancers": null,
            "max_instance_lifetime": 0,
            "max_size": 3,
            "metrics_granularity": "1Minute",
            "min_elb_capacity": null,
            "min_size": 1,
            "mixed_instances_policy": [],
            "name": "support-training-eks-vD95cRsC-worker-group-120210203004329736400000014",
            "name_prefix": "support-training-eks-vD95cRsC-worker-group-1",
            "placement_group": "",
            "protect_from_scale_in": false,
            "service_linked_role_arn": "arn:aws-us-gov:iam::096785701408:role/aws-service-role/autoscaling.amazonaws.com/AWSServiceRoleForAutoScaling",
            "suspended_processes": [
              "AZRebalance"
            ],
            "tag": [
              {
                "key": "Environment",
                "propagate_at_launch": true,
                "value": "support-training"
              },
              {
                "key": "GithubOrg",
                "propagate_at_launch": true,
                "value": "terraform-aws-modules"
              },
              {
                "key": "GithubRepo",
                "propagate_at_launch": true,
                "value": "terraform-aws-eks"
              },
              {
                "key": "Name",
                "propagate_at_launch": true,
                "value": "support-training-eks-vD95cRsC-worker-group-1-eks_asg"
              },
              {
                "key": "k8s.io/cluster/support-training-eks-vD95cRsC",
                "propagate_at_launch": true,
                "value": "owned"
              },
              {
                "key": "kubernetes.io/cluster/support-training-eks-vD95cRsC",
                "propagate_at_launch": true,
                "value": "owned"
              }
            ],
            "tags": null,
            "target_group_arns": null,
            "termination_policies": [],
            "timeouts": null,
            "vpc_zone_identifier": [
              "subnet-09156b7b6ebfb8f81",
              "subnet-0bf6d8be3a39db2ae",
              "subnet-0d22deaebd6e050fd"
            ],
            "wait_for_capacity_timeout": "10m",
            "wait_for_elb_capacity": null
          },
          "private": "eyJlMmJmYjczMC1lY2FhLTExZTYtOGY4OC0zNDM2M2JjN2M0YzAiOnsiZGVsZXRlIjo2MDAwMDAwMDAwMDB9fQ==",
          "dependencies": [
            "aws_security_group.worker_group_mgmt_one",
            "aws_security_group.worker_group_mgmt_two",
            "data.aws_availability_zones.available",
            "module.eks.aws_cloudwatch_log_group.this",
            "module.eks.aws_eks_cluster.this",
            "module.eks.aws_iam_instance_profile.workers",
            "module.eks.aws_iam_role.cluster",
            "module.eks.aws_iam_role.workers",
            "module.eks.aws_iam_role_policy_attachment.cluster_AmazonEKSClusterPolicy",
            "module.eks.aws_iam_role_policy_attachment.cluster_AmazonEKSServicePolicy",
            "module.eks.aws_iam_role_policy_attachment.cluster_AmazonEKSVPCResourceControllerPolicy",
            "module.eks.aws_iam_role_policy_attachment.workers_AmazonEC2ContainerRegistryReadOnly",
            "module.eks.aws_iam_role_policy_attachment.workers_AmazonEKSWorkerNodePolicy",
            "module.eks.aws_iam_role_policy_attachment.workers_AmazonEKS_CNI_Policy",
            "module.eks.aws_iam_role_policy_attachment.workers_additional_policies",
            "module.eks.aws_launch_configuration.workers",
            "module.eks.aws_security_group.cluster",
            "module.eks.aws_security_group.workers",
            "module.eks.aws_security_group_rule.cluster_egress_internet",
            "module.eks.aws_security_group_rule.cluster_https_worker_ingress",
            "module.eks.aws_security_group_rule.cluster_primary_ingress_workers",
            "module.eks.aws_security_group_rule.workers_egress_internet",
            "module.eks.aws_security_group_rule.workers_ingress_cluster",
            "module.eks.aws_security_group_rule.workers_ingress_cluster_https",
            "module.eks.aws_security_group_rule.workers_ingress_cluster_kubelet",
            "module.eks.aws_security_group_rule.workers_ingress_cluster_primary",
            "module.eks.aws_security_group_rule.workers_ingress_self",
            "module.eks.data.aws_ami.eks_worker",
            "module.eks.data.aws_ami.eks_worker_windows",
            "module.eks.data.aws_iam_instance_profile.custom_worker_group_iam_instance_profile",
            "module.eks.data.aws_iam_policy_document.cluster_assume_role_policy",
            "module.eks.data.aws_iam_policy_document.workers_assume_role_policy",
            "module.eks.data.aws_iam_role.custom_cluster_iam_role",
            "module.eks.data.aws_partition.current",
            "module.eks.data.template_file.userdata",
            "module.eks.random_pet.workers",
            "module.vpc.aws_subnet.private",
            "module.vpc.aws_vpc.this",
            "module.vpc.aws_vpc_ipv4_cidr_block_association.this",
            "random_string.suffix"
          ],
          "create_before_destroy": true
        },
        {
          "index_key": 1,
          "schema_version": 0,
          "attributes": {
            "arn": "arn:aws-us-gov:autoscaling:us-gov-west-1:096785701408:autoScalingGroup:3e59ddb7-c694-49c9-8287-1f5a000d6c65:autoScalingGroupName/support-training-eks-vD95cRsC-worker-group-220210203004329738400000015",
            "availability_zones": [
              "us-gov-west-1a",
              "us-gov-west-1b",
              "us-gov-west-1c"
            ],
            "capacity_rebalance": false,
            "default_cooldown": 300,
            "desired_capacity": 1,
            "enabled_metrics": null,
            "force_delete": false,
            "health_check_grace_period": 300,
            "health_check_type": "EC2",
            "id": "support-training-eks-vD95cRsC-worker-group-220210203004329738400000015",
            "initial_lifecycle_hook": [],
            "instance_refresh": [],
            "launch_configuration": "support-training-eks-vD95cRsC-worker-group-220210203004319838300000012",
            "launch_template": [],
            "load_balancers": null,
            "max_instance_lifetime": 0,
            "max_size": 3,
            "metrics_granularity": "1Minute",
            "min_elb_capacity": null,
            "min_size": 1,
            "mixed_instances_policy": [],
            "name": "support-training-eks-vD95cRsC-worker-group-220210203004329738400000015",
            "name_prefix": "support-training-eks-vD95cRsC-worker-group-2",
            "placement_group": "",
            "protect_from_scale_in": false,
            "service_linked_role_arn": "arn:aws-us-gov:iam::096785701408:role/aws-service-role/autoscaling.amazonaws.com/AWSServiceRoleForAutoScaling",
            "suspended_processes": [
              "AZRebalance"
            ],
            "tag": [
              {
                "key": "Environment",
                "propagate_at_launch": true,
                "value": "support-training"
              },
              {
                "key": "GithubOrg",
                "propagate_at_launch": true,
                "value": "terraform-aws-modules"
              },
              {
                "key": "GithubRepo",
                "propagate_at_launch": true,
                "value": "terraform-aws-eks"
              },
              {
                "key": "Name",
                "propagate_at_launch": true,
                "value": "support-training-eks-vD95cRsC-worker-group-2-eks_asg"
              },
              {
                "key": "k8s.io/cluster/support-training-eks-vD95cRsC",
                "propagate_at_launch": true,
                "value": "owned"
              },
              {
                "key": "kubernetes.io/cluster/support-training-eks-vD95cRsC",
                "propagate_at_launch": true,
                "value": "owned"
              }
            ],
            "tags": null,
            "target_group_arns": null,
            "termination_policies": [],
            "timeouts": null,
            "vpc_zone_identifier": [
              "subnet-09156b7b6ebfb8f81",
              "subnet-0bf6d8be3a39db2ae",
              "subnet-0d22deaebd6e050fd"
            ],
            "wait_for_capacity_timeout": "10m",
            "wait_for_elb_capacity": null
          },
          "private": "eyJlMmJmYjczMC1lY2FhLTExZTYtOGY4OC0zNDM2M2JjN2M0YzAiOnsiZGVsZXRlIjo2MDAwMDAwMDAwMDB9fQ==",
          "dependencies": [
            "aws_security_group.worker_group_mgmt_one",
            "aws_security_group.worker_group_mgmt_two",
            "data.aws_availability_zones.available",
            "module.eks.aws_cloudwatch_log_group.this",
            "module.eks.aws_eks_cluster.this",
            "module.eks.aws_iam_instance_profile.workers",
            "module.eks.aws_iam_role.cluster",
            "module.eks.aws_iam_role.workers",
            "module.eks.aws_iam_role_policy_attachment.cluster_AmazonEKSClusterPolicy",
            "module.eks.aws_iam_role_policy_attachment.cluster_AmazonEKSServicePolicy",
            "module.eks.aws_iam_role_policy_attachment.cluster_AmazonEKSVPCResourceControllerPolicy",
            "module.eks.aws_iam_role_policy_attachment.workers_AmazonEC2ContainerRegistryReadOnly",
            "module.eks.aws_iam_role_policy_attachment.workers_AmazonEKSWorkerNodePolicy",
            "module.eks.aws_iam_role_policy_attachment.workers_AmazonEKS_CNI_Policy",
            "module.eks.aws_iam_role_policy_attachment.workers_additional_policies",
            "module.eks.aws_launch_configuration.workers",
            "module.eks.aws_security_group.cluster",
            "module.eks.aws_security_group.workers",
            "module.eks.aws_security_group_rule.cluster_egress_internet",
            "module.eks.aws_security_group_rule.cluster_https_worker_ingress",
            "module.eks.aws_security_group_rule.cluster_primary_ingress_workers",
            "module.eks.aws_security_group_rule.workers_egress_internet",
            "module.eks.aws_security_group_rule.workers_ingress_cluster",
            "module.eks.aws_security_group_rule.workers_ingress_cluster_https",
            "module.eks.aws_security_group_rule.workers_ingress_cluster_kubelet",
            "module.eks.aws_security_group_rule.workers_ingress_cluster_primary",
            "module.eks.aws_security_group_rule.workers_ingress_self",
            "module.eks.data.aws_ami.eks_worker",
            "module.eks.data.aws_ami.eks_worker_windows",
            "module.eks.data.aws_iam_instance_profile.custom_worker_group_iam_instance_profile",
            "module.eks.data.aws_iam_policy_document.cluster_assume_role_policy",
            "module.eks.data.aws_iam_policy_document.workers_assume_role_policy",
            "module.eks.data.aws_iam_role.custom_cluster_iam_role",
            "module.eks.data.aws_partition.current",
            "module.eks.data.template_file.userdata",
            "module.eks.random_pet.workers",
            "module.vpc.aws_subnet.private",
            "module.vpc.aws_vpc.this",
            "module.vpc.aws_vpc_ipv4_cidr_block_association.this",
            "random_string.suffix"
          ],
          "create_before_destroy": true
        }
      ]
    },
    {
      "module": "module.eks",
      "mode": "managed",
      "type": "aws_eks_cluster",
      "name": "this",
      "provider": "provider[\"registry.terraform.io/hashicorp/aws\"]",
      "instances": [
        {
          "index_key": 0,
          "schema_version": 0,
          "attributes": {
            "arn": "arn:aws-us-gov:eks:us-gov-west-1:096785701408:cluster/support-training-eks-vD95cRsC",
            "certificate_authority": [
              {
                "data": "LS0tLS1CRUdJTiBDRVJUSUZJQ0FURS0tLS0tCk1JSUN5RENDQWJDZ0F3SUJBZ0lCQURBTkJna3Foa2lHOXcwQkFRc0ZBREFWTVJNd0VRWURWUVFERXdwcmRXSmwKY201bGRHVnpNQjRYRFRJeE1ESXdNekF3TkRBeU1Gb1hEVE14TURJd01UQXdOREF5TUZvd0ZURVRNQkVHQTFVRQpBeE1LYTNWaVpYSnVaWFJsY3pDQ0FTSXdEUVlKS29aSWh2Y05BUUVCQlFBRGdnRVBBRENDQVFvQ2dnRUJBTjlLCkRhdnNycHlFRjdmN2tSRGxsNmU4cE43UkhyYmVzWHovbXJTdXowL3hIczVoOVp5Mk1EN0lRcDlBRVA1cWFaY2gKQTdSbGNlUkxEUjJQaHRlWnBwekJ4dGdZdCtFRzVvRzF5dW8rL3ZSUzBkR08xSTVOaEZVenRxdXVrYlBlMVlDcApPTmJiQ085cTdVa0IyWk9SL1ZSMXM4ZTdjM1kzazRtZXBEQURNbmxKRkozSjU1WDhFQ2tnRlFyYWphTTEvT2dGCkpIYTQ0SEZZYTR0bmNQRFVkUGVnaXhNNE1raEk5QUhNeGVhVUtzQmxnTUJxZU1mbnBQOXFVNm10elNDa3UwcWYKWlZ2V2RES3RURFhFY1lZUC8vTEwrUU9tK3k0cVdkNFYrWW5SM2RtNlJVV1RLYmZYRGNDWjkxcnJBS1FVWkYwWgpHTEZvWmRRTk54S3hxMVRsY0swQ0F3RUFBYU1qTUNFd0RnWURWUjBQQVFIL0JBUURBZ0trTUE4R0ExVWRFd0VCCi93UUZNQU1CQWY4d0RRWUpLb1pJaHZjTkFRRUxCUUFEZ2dFQkFCM1RFL2MzYktTOVgrSysxaEpyRXBKNUZUUHQKeGF0c3FHeDF5QXhyUDBFYkJ2RE1KVTQrbndWaDhPWWdreiswUnNmcmVXVnp1VmFqK3JLYXl2WUtJOE9QWGFIegp1Q1N1V0xmQ1puZTN2b29JckpNTzh6Nk53K2lYT25ycXdlM1p2MmtVQU5pTCtheEdva3lha0VIeXpzSnRoSXoxCnRuTWw1Y2EwWW5hSk5tVktRaWZOTlVXZXBaOHlOWGdTaXB4VlRnSmY4TFhEY252U1NUbGdUVWRnZEEvQTZycG4KcGNYbjJaTkRlU0hHNkRGSGR2M3pDRm9sSnU2aGxJdUJ3SWRid2kvalFzMDZoSFdoNTVIWEE1ZURRNzVuMXdmTwphQ20wdXU2d3RHZElRU3daQW03cTdsam12ZG4xa09TZFMyUmlUY0pXd0tDRlp5aTR3MFhQYmtWaDI4QT0KLS0tLS1FTkQgQ0VSVElGSUNBVEUtLS0tLQo="
              }
            ],
            "created_at": "2021-02-03 00:33:21.938 +0000 UTC",
            "enabled_cluster_log_types": null,
            "encryption_config": [],
            "endpoint": "https://E19B1CD2D435B2CABF704201E5C404DC.sk1.us-gov-west-1.eks.amazonaws.com",
            "id": "support-training-eks-vD95cRsC",
            "identity": [
              {
                "oidc": [
                  {
                    "issuer": "https://oidc.eks.us-gov-west-1.amazonaws.com/id/E19B1CD2D435B2CABF704201E5C404DC"
                  }
                ]
              }
            ],
            "kubernetes_network_config": [
              {
                "service_ipv4_cidr": "172.20.0.0/16"
              }
            ],
            "name": "support-training-eks-vD95cRsC",
            "platform_version": "eks.3",
            "role_arn": "arn:aws-us-gov:iam::096785701408:role/support-training-eks-vD95cRsC20210203003311915100000002",
            "status": "ACTIVE",
            "tags": {
              "Environment": "support-training",
              "GithubOrg": "terraform-aws-modules",
              "GithubRepo": "terraform-aws-eks"
            },
            "timeouts": {
              "create": "30m",
              "delete": "15m",
              "update": null
            },
            "version": "1.18",
            "vpc_config": [
              {
                "cluster_security_group_id": "sg-09f6519d07db772a2",
                "endpoint_private_access": false,
                "endpoint_public_access": true,
                "public_access_cidrs": [
                  "0.0.0.0/0"
                ],
                "security_group_ids": [
                  "sg-08cda0051e0b2d63b"
                ],
                "subnet_ids": [
                  "subnet-09156b7b6ebfb8f81",
                  "subnet-0bf6d8be3a39db2ae",
                  "subnet-0d22deaebd6e050fd"
                ],
                "vpc_id": "vpc-0cd3c970dded22cb0"
              }
            ]
          },
          "private": "eyJlMmJmYjczMC1lY2FhLTExZTYtOGY4OC0zNDM2M2JjN2M0YzAiOnsiY3JlYXRlIjoxODAwMDAwMDAwMDAwLCJkZWxldGUiOjkwMDAwMDAwMDAwMCwidXBkYXRlIjozNjAwMDAwMDAwMDAwfX0=",
          "dependencies": [
            "data.aws_availability_zones.available",
            "module.eks.aws_cloudwatch_log_group.this",
            "module.eks.aws_iam_role.cluster",
            "module.eks.aws_iam_role_policy_attachment.cluster_AmazonEKSClusterPolicy",
            "module.eks.aws_iam_role_policy_attachment.cluster_AmazonEKSServicePolicy",
            "module.eks.aws_iam_role_policy_attachment.cluster_AmazonEKSVPCResourceControllerPolicy",
            "module.eks.aws_security_group.cluster",
            "module.eks.aws_security_group.workers",
            "module.eks.aws_security_group_rule.cluster_egress_internet",
            "module.eks.aws_security_group_rule.cluster_https_worker_ingress",
            "module.eks.data.aws_iam_policy_document.cluster_assume_role_policy",
            "module.eks.data.aws_iam_role.custom_cluster_iam_role",
            "module.eks.data.aws_partition.current",
            "module.vpc.aws_subnet.private",
            "module.vpc.aws_vpc.this",
            "module.vpc.aws_vpc_ipv4_cidr_block_association.this",
            "random_string.suffix"
          ],
          "create_before_destroy": true
        }
      ]
    },
    {
      "module": "module.eks",
      "mode": "managed",
      "type": "aws_iam_instance_profile",
      "name": "workers",
      "provider": "provider[\"registry.terraform.io/hashicorp/aws\"]",
      "instances": [
        {
          "index_key": 0,
          "schema_version": 0,
          "attributes": {
            "arn": "arn:aws-us-gov:iam::096785701408:instance-profile/support-training-eks-vD95cRsC2021020300431834890000000e",
            "create_date": "2021-02-03T00:43:18Z",
            "id": "support-training-eks-vD95cRsC2021020300431834890000000e",
            "name": "support-training-eks-vD95cRsC2021020300431834890000000e",
            "name_prefix": "support-training-eks-vD95cRsC",
            "path": "/",
            "role": "support-training-eks-vD95cRsC2021020300431771540000000c",
            "unique_id": "AIPARNCHATIQFJLKNHDHU"
          },
          "private": "bnVsbA==",
          "dependencies": [
            "aws_security_group.worker_group_mgmt_one",
            "aws_security_group.worker_group_mgmt_two",
            "data.aws_availability_zones.available",
            "module.eks.aws_cloudwatch_log_group.this",
            "module.eks.aws_eks_cluster.this",
            "module.eks.aws_iam_role.cluster",
            "module.eks.aws_iam_role.workers",
            "module.eks.aws_iam_role_policy_attachment.cluster_AmazonEKSClusterPolicy",
            "module.eks.aws_iam_role_policy_attachment.cluster_AmazonEKSServicePolicy",
            "module.eks.aws_iam_role_policy_attachment.cluster_AmazonEKSVPCResourceControllerPolicy",
            "module.eks.aws_security_group.cluster",
            "module.eks.aws_security_group.workers",
            "module.eks.aws_security_group_rule.cluster_egress_internet",
            "module.eks.aws_security_group_rule.cluster_https_worker_ingress",
            "module.eks.data.aws_iam_policy_document.cluster_assume_role_policy",
            "module.eks.data.aws_iam_policy_document.workers_assume_role_policy",
            "module.eks.data.aws_iam_role.custom_cluster_iam_role",
            "module.eks.data.aws_partition.current",
            "module.vpc.aws_subnet.private",
            "module.vpc.aws_vpc.this",
            "module.vpc.aws_vpc_ipv4_cidr_block_association.this",
            "random_string.suffix"
          ],
          "create_before_destroy": true
        },
        {
          "index_key": 1,
          "schema_version": 0,
          "attributes": {
            "arn": "arn:aws-us-gov:iam::096785701408:instance-profile/support-training-eks-vD95cRsC2021020300431834830000000d",
            "create_date": "2021-02-03T00:43:18Z",
            "id": "support-training-eks-vD95cRsC2021020300431834830000000d",
            "name": "support-training-eks-vD95cRsC2021020300431834830000000d",
            "name_prefix": "support-training-eks-vD95cRsC",
            "path": "/",
            "role": "support-training-eks-vD95cRsC2021020300431771540000000c",
            "unique_id": "AIPARNCHATIQE4PVOP4HU"
          },
          "private": "bnVsbA==",
          "dependencies": [
            "aws_security_group.worker_group_mgmt_one",
            "aws_security_group.worker_group_mgmt_two",
            "data.aws_availability_zones.available",
            "module.eks.aws_cloudwatch_log_group.this",
            "module.eks.aws_eks_cluster.this",
            "module.eks.aws_iam_role.cluster",
            "module.eks.aws_iam_role.workers",
            "module.eks.aws_iam_role_policy_attachment.cluster_AmazonEKSClusterPolicy",
            "module.eks.aws_iam_role_policy_attachment.cluster_AmazonEKSServicePolicy",
            "module.eks.aws_iam_role_policy_attachment.cluster_AmazonEKSVPCResourceControllerPolicy",
            "module.eks.aws_security_group.cluster",
            "module.eks.aws_security_group.workers",
            "module.eks.aws_security_group_rule.cluster_egress_internet",
            "module.eks.aws_security_group_rule.cluster_https_worker_ingress",
            "module.eks.data.aws_iam_policy_document.cluster_assume_role_policy",
            "module.eks.data.aws_iam_policy_document.workers_assume_role_policy",
            "module.eks.data.aws_iam_role.custom_cluster_iam_role",
            "module.eks.data.aws_partition.current",
            "module.vpc.aws_subnet.private",
            "module.vpc.aws_vpc.this",
            "module.vpc.aws_vpc_ipv4_cidr_block_association.this",
            "random_string.suffix"
          ],
          "create_before_destroy": true
        }
      ]
    },
    {
      "module": "module.eks",
      "mode": "managed",
      "type": "aws_iam_policy",
      "name": "cluster_elb_sl_role_creation",
      "provider": "provider[\"registry.terraform.io/hashicorp/aws\"]",
      "instances": [
        {
          "index_key": 0,
          "schema_version": 0,
          "attributes": {
            "arn": "arn:aws-us-gov:iam::096785701408:policy/support-training-eks-vD95cRsC-elb-sl-role-creation20210203003311914800000001",
            "description": "Permissions for EKS to create AWSServiceRoleForElasticLoadBalancing service-linked role",
            "id": "arn:aws-us-gov:iam::096785701408:policy/support-training-eks-vD95cRsC-elb-sl-role-creation20210203003311914800000001",
            "name": "support-training-eks-vD95cRsC-elb-sl-role-creation20210203003311914800000001",
            "name_prefix": "support-training-eks-vD95cRsC-elb-sl-role-creation",
            "path": "/",
            "policy": "{\n  \"Version\": \"2012-10-17\",\n  \"Statement\": [\n    {\n      \"Sid\": \"\",\n      \"Effect\": \"Allow\",\n      \"Action\": [\n        \"ec2:DescribeInternetGateways\",\n        \"ec2:DescribeAccountAttributes\"\n      ],\n      \"Resource\": \"*\"\n    }\n  ]\n}"
          },
          "private": "bnVsbA==",
          "dependencies": [
            "module.eks.data.aws_iam_policy_document.cluster_elb_sl_role_creation",
            "random_string.suffix"
          ]
        }
      ]
    },
    {
      "module": "module.eks",
      "mode": "managed",
      "type": "aws_iam_role",
      "name": "cluster",
      "provider": "provider[\"registry.terraform.io/hashicorp/aws\"]",
      "instances": [
        {
          "index_key": 0,
          "schema_version": 0,
          "attributes": {
            "arn": "arn:aws-us-gov:iam::096785701408:role/support-training-eks-vD95cRsC20210203003311915100000002",
            "assume_role_policy": "{\"Version\":\"2012-10-17\",\"Statement\":[{\"Sid\":\"EKSClusterAssumeRole\",\"Effect\":\"Allow\",\"Principal\":{\"Service\":\"eks.amazonaws.com\"},\"Action\":\"sts:AssumeRole\"}]}",
            "create_date": "2021-02-03T00:33:12Z",
            "description": "",
            "force_detach_policies": true,
            "id": "support-training-eks-vD95cRsC20210203003311915100000002",
            "max_session_duration": 3600,
            "name": "support-training-eks-vD95cRsC20210203003311915100000002",
            "name_prefix": "support-training-eks-vD95cRsC",
            "path": "/",
            "permissions_boundary": null,
            "tags": {
              "Environment": "support-training",
              "GithubOrg": "terraform-aws-modules",
              "GithubRepo": "terraform-aws-eks"
            },
            "unique_id": "AROARNCHATIQDT6CTUZNH"
          },
          "private": "bnVsbA==",
          "dependencies": [
            "module.eks.data.aws_iam_policy_document.cluster_assume_role_policy",
            "random_string.suffix"
          ],
          "create_before_destroy": true
        }
      ]
    },
    {
      "module": "module.eks",
      "mode": "managed",
      "type": "aws_iam_role",
      "name": "workers",
      "provider": "provider[\"registry.terraform.io/hashicorp/aws\"]",
      "instances": [
        {
          "index_key": 0,
          "schema_version": 0,
          "attributes": {
            "arn": "arn:aws-us-gov:iam::096785701408:role/support-training-eks-vD95cRsC2021020300431771540000000c",
            "assume_role_policy": "{\"Version\":\"2012-10-17\",\"Statement\":[{\"Sid\":\"EKSWorkerAssumeRole\",\"Effect\":\"Allow\",\"Principal\":{\"Service\":\"ec2.amazonaws.com\"},\"Action\":\"sts:AssumeRole\"}]}",
            "create_date": "2021-02-03T00:43:17Z",
            "description": "",
            "force_detach_policies": true,
            "id": "support-training-eks-vD95cRsC2021020300431771540000000c",
            "max_session_duration": 3600,
            "name": "support-training-eks-vD95cRsC2021020300431771540000000c",
            "name_prefix": "support-training-eks-vD95cRsC",
            "path": "/",
            "permissions_boundary": null,
            "tags": {
              "Environment": "support-training",
              "GithubOrg": "terraform-aws-modules",
              "GithubRepo": "terraform-aws-eks"
            },
            "unique_id": "AROARNCHATIQEPNJGEKJO"
          },
          "private": "bnVsbA==",
          "dependencies": [
            "data.aws_availability_zones.available",
            "module.eks.aws_cloudwatch_log_group.this",
            "module.eks.aws_eks_cluster.this",
            "module.eks.aws_iam_role.cluster",
            "module.eks.aws_iam_role_policy_attachment.cluster_AmazonEKSClusterPolicy",
            "module.eks.aws_iam_role_policy_attachment.cluster_AmazonEKSServicePolicy",
            "module.eks.aws_iam_role_policy_attachment.cluster_AmazonEKSVPCResourceControllerPolicy",
            "module.eks.aws_security_group.cluster",
            "module.eks.aws_security_group.workers",
            "module.eks.aws_security_group_rule.cluster_egress_internet",
            "module.eks.aws_security_group_rule.cluster_https_worker_ingress",
            "module.eks.data.aws_iam_policy_document.cluster_assume_role_policy",
            "module.eks.data.aws_iam_policy_document.workers_assume_role_policy",
            "module.eks.data.aws_iam_role.custom_cluster_iam_role",
            "module.eks.data.aws_partition.current",
            "module.vpc.aws_subnet.private",
            "module.vpc.aws_vpc.this",
            "module.vpc.aws_vpc_ipv4_cidr_block_association.this",
            "random_string.suffix"
          ],
          "create_before_destroy": true
        }
      ]
    },
    {
      "module": "module.eks",
      "mode": "managed",
      "type": "aws_iam_role_policy_attachment",
      "name": "cluster_AmazonEKSClusterPolicy",
      "provider": "provider[\"registry.terraform.io/hashicorp/aws\"]",
      "instances": [
        {
          "index_key": 0,
          "schema_version": 0,
          "attributes": {
            "id": "support-training-eks-vD95cRsC20210203003311915100000002-20210203003312857700000005",
            "policy_arn": "arn:aws-us-gov:iam::aws:policy/AmazonEKSClusterPolicy",
            "role": "support-training-eks-vD95cRsC20210203003311915100000002"
          },
          "private": "bnVsbA==",
          "dependencies": [
            "module.eks.aws_iam_role.cluster",
            "module.eks.data.aws_iam_policy_document.cluster_assume_role_policy",
            "module.eks.data.aws_partition.current",
            "random_string.suffix"
          ],
          "create_before_destroy": true
        }
      ]
    },
    {
      "module": "module.eks",
      "mode": "managed",
      "type": "aws_iam_role_policy_attachment",
      "name": "cluster_AmazonEKSServicePolicy",
      "provider": "provider[\"registry.terraform.io/hashicorp/aws\"]",
      "instances": [
        {
          "index_key": 0,
          "schema_version": 0,
          "attributes": {
            "id": "support-training-eks-vD95cRsC20210203003311915100000002-20210203003312827200000003",
            "policy_arn": "arn:aws-us-gov:iam::aws:policy/AmazonEKSServicePolicy",
            "role": "support-training-eks-vD95cRsC20210203003311915100000002"
          },
          "private": "bnVsbA==",
          "dependencies": [
            "module.eks.aws_iam_role.cluster",
            "module.eks.data.aws_iam_policy_document.cluster_assume_role_policy",
            "module.eks.data.aws_partition.current",
            "random_string.suffix"
          ],
          "create_before_destroy": true
        }
      ]
    },
    {
      "module": "module.eks",
      "mode": "managed",
      "type": "aws_iam_role_policy_attachment",
      "name": "cluster_AmazonEKSVPCResourceControllerPolicy",
      "provider": "provider[\"registry.terraform.io/hashicorp/aws\"]",
      "instances": [
        {
          "index_key": 0,
          "schema_version": 0,
          "attributes": {
            "id": "support-training-eks-vD95cRsC20210203003311915100000002-20210203003312857600000004",
            "policy_arn": "arn:aws-us-gov:iam::aws:policy/AmazonEKSVPCResourceController",
            "role": "support-training-eks-vD95cRsC20210203003311915100000002"
          },
          "private": "bnVsbA==",
          "dependencies": [
            "module.eks.aws_iam_role.cluster",
            "module.eks.data.aws_iam_policy_document.cluster_assume_role_policy",
            "module.eks.data.aws_partition.current",
            "random_string.suffix"
          ],
          "create_before_destroy": true
        }
      ]
    },
    {
      "module": "module.eks",
      "mode": "managed",
      "type": "aws_iam_role_policy_attachment",
      "name": "cluster_elb_sl_role_creation",
      "provider": "provider[\"registry.terraform.io/hashicorp/aws\"]",
      "instances": [
        {
          "index_key": 0,
          "schema_version": 0,
          "attributes": {
            "id": "support-training-eks-vD95cRsC20210203003311915100000002-20210203003313094400000006",
            "policy_arn": "arn:aws-us-gov:iam::096785701408:policy/support-training-eks-vD95cRsC-elb-sl-role-creation20210203003311914800000001",
            "role": "support-training-eks-vD95cRsC20210203003311915100000002"
          },
          "private": "bnVsbA==",
          "dependencies": [
            "module.eks.aws_iam_policy.cluster_elb_sl_role_creation",
            "module.eks.aws_iam_role.cluster",
            "module.eks.data.aws_iam_policy_document.cluster_assume_role_policy",
            "module.eks.data.aws_iam_policy_document.cluster_elb_sl_role_creation",
            "random_string.suffix"
          ]
        }
      ]
    },
    {
      "module": "module.eks",
      "mode": "managed",
      "type": "aws_iam_role_policy_attachment",
      "name": "workers_AmazonEC2ContainerRegistryReadOnly",
      "provider": "provider[\"registry.terraform.io/hashicorp/aws\"]",
      "instances": [
        {
          "index_key": 0,
          "schema_version": 0,
          "attributes": {
            "id": "support-training-eks-vD95cRsC2021020300431771540000000c-20210203004318648900000010",
            "policy_arn": "arn:aws-us-gov:iam::aws:policy/AmazonEC2ContainerRegistryReadOnly",
            "role": "support-training-eks-vD95cRsC2021020300431771540000000c"
          },
          "private": "bnVsbA==",
          "dependencies": [
            "data.aws_availability_zones.available",
            "module.eks.aws_cloudwatch_log_group.this",
            "module.eks.aws_eks_cluster.this",
            "module.eks.aws_iam_role.cluster",
            "module.eks.aws_iam_role.workers",
            "module.eks.aws_iam_role_policy_attachment.cluster_AmazonEKSClusterPolicy",
            "module.eks.aws_iam_role_policy_attachment.cluster_AmazonEKSServicePolicy",
            "module.eks.aws_iam_role_policy_attachment.cluster_AmazonEKSVPCResourceControllerPolicy",
            "module.eks.aws_security_group.cluster",
            "module.eks.aws_security_group.workers",
            "module.eks.aws_security_group_rule.cluster_egress_internet",
            "module.eks.aws_security_group_rule.cluster_https_worker_ingress",
            "module.eks.data.aws_iam_policy_document.cluster_assume_role_policy",
            "module.eks.data.aws_iam_policy_document.workers_assume_role_policy",
            "module.eks.data.aws_iam_role.custom_cluster_iam_role",
            "module.eks.data.aws_partition.current",
            "module.vpc.aws_subnet.private",
            "module.vpc.aws_vpc.this",
            "module.vpc.aws_vpc_ipv4_cidr_block_association.this",
            "random_string.suffix"
          ],
          "create_before_destroy": true
        }
      ]
    },
    {
      "module": "module.eks",
      "mode": "managed",
      "type": "aws_iam_role_policy_attachment",
      "name": "workers_AmazonEKSWorkerNodePolicy",
      "provider": "provider[\"registry.terraform.io/hashicorp/aws\"]",
      "instances": [
        {
          "index_key": 0,
          "schema_version": 0,
          "attributes": {
            "id": "support-training-eks-vD95cRsC2021020300431771540000000c-2021020300431863480000000f",
            "policy_arn": "arn:aws-us-gov:iam::aws:policy/AmazonEKSWorkerNodePolicy",
            "role": "support-training-eks-vD95cRsC2021020300431771540000000c"
          },
          "private": "bnVsbA==",
          "dependencies": [
            "data.aws_availability_zones.available",
            "module.eks.aws_cloudwatch_log_group.this",
            "module.eks.aws_eks_cluster.this",
            "module.eks.aws_iam_role.cluster",
            "module.eks.aws_iam_role.workers",
            "module.eks.aws_iam_role_policy_attachment.cluster_AmazonEKSClusterPolicy",
            "module.eks.aws_iam_role_policy_attachment.cluster_AmazonEKSServicePolicy",
            "module.eks.aws_iam_role_policy_attachment.cluster_AmazonEKSVPCResourceControllerPolicy",
            "module.eks.aws_security_group.cluster",
            "module.eks.aws_security_group.workers",
            "module.eks.aws_security_group_rule.cluster_egress_internet",
            "module.eks.aws_security_group_rule.cluster_https_worker_ingress",
            "module.eks.data.aws_iam_policy_document.cluster_assume_role_policy",
            "module.eks.data.aws_iam_policy_document.workers_assume_role_policy",
            "module.eks.data.aws_iam_role.custom_cluster_iam_role",
            "module.eks.data.aws_partition.current",
            "module.vpc.aws_subnet.private",
            "module.vpc.aws_vpc.this",
            "module.vpc.aws_vpc_ipv4_cidr_block_association.this",
            "random_string.suffix"
          ],
          "create_before_destroy": true
        }
      ]
    },
    {
      "module": "module.eks",
      "mode": "managed",
      "type": "aws_iam_role_policy_attachment",
      "name": "workers_AmazonEKS_CNI_Policy",
      "provider": "provider[\"registry.terraform.io/hashicorp/aws\"]",
      "instances": [
        {
          "index_key": 0,
          "schema_version": 0,
          "attributes": {
            "id": "support-training-eks-vD95cRsC2021020300431771540000000c-20210203004318653000000011",
            "policy_arn": "arn:aws-us-gov:iam::aws:policy/AmazonEKS_CNI_Policy",
            "role": "support-training-eks-vD95cRsC2021020300431771540000000c"
          },
          "private": "bnVsbA==",
          "dependencies": [
            "data.aws_availability_zones.available",
            "module.eks.aws_cloudwatch_log_group.this",
            "module.eks.aws_eks_cluster.this",
            "module.eks.aws_iam_role.cluster",
            "module.eks.aws_iam_role.workers",
            "module.eks.aws_iam_role_policy_attachment.cluster_AmazonEKSClusterPolicy",
            "module.eks.aws_iam_role_policy_attachment.cluster_AmazonEKSServicePolicy",
            "module.eks.aws_iam_role_policy_attachment.cluster_AmazonEKSVPCResourceControllerPolicy",
            "module.eks.aws_security_group.cluster",
            "module.eks.aws_security_group.workers",
            "module.eks.aws_security_group_rule.cluster_egress_internet",
            "module.eks.aws_security_group_rule.cluster_https_worker_ingress",
            "module.eks.data.aws_iam_policy_document.cluster_assume_role_policy",
            "module.eks.data.aws_iam_policy_document.workers_assume_role_policy",
            "module.eks.data.aws_iam_role.custom_cluster_iam_role",
            "module.eks.data.aws_partition.current",
            "module.vpc.aws_subnet.private",
            "module.vpc.aws_vpc.this",
            "module.vpc.aws_vpc_ipv4_cidr_block_association.this",
            "random_string.suffix"
          ],
          "create_before_destroy": true
        }
      ]
    },
    {
      "module": "module.eks",
      "mode": "managed",
      "type": "aws_launch_configuration",
      "name": "workers",
      "provider": "provider[\"registry.terraform.io/hashicorp/aws\"]",
      "instances": [
        {
          "index_key": 0,
          "schema_version": 0,
          "attributes": {
            "arn": "arn:aws-us-gov:autoscaling:us-gov-west-1:096785701408:launchConfiguration:291e1308-c49d-4746-8726-4dd450961470:launchConfigurationName/support-training-eks-vD95cRsC-worker-group-120210203004319838400000013",
            "associate_public_ip_address": false,
            "ebs_block_device": [],
            "ebs_optimized": true,
            "enable_monitoring": true,
            "ephemeral_block_device": [],
            "iam_instance_profile": "support-training-eks-vD95cRsC2021020300431834890000000e",
            "id": "support-training-eks-vD95cRsC-worker-group-120210203004319838400000013",
            "image_id": "ami-0586fd88cd2b94618",
            "instance_type": "t3.xlarge",
            "key_name": "",
            "metadata_options": [],
            "name": "support-training-eks-vD95cRsC-worker-group-120210203004319838400000013",
            "name_prefix": "support-training-eks-vD95cRsC-worker-group-1",
            "placement_tenancy": "",
            "root_block_device": [
              {
                "delete_on_termination": true,
                "encrypted": false,
                "iops": 0,
                "volume_size": 100,
                "volume_type": "gp2"
              }
            ],
            "security_groups": [
              "sg-09b64f9d6af737e15",
              "sg-0d763ccd30b2e9472"
            ],
            "spot_price": "",
            "user_data": null,
            "user_data_base64": "IyEvYmluL2Jhc2ggLWUKCiMgQWxsb3cgdXNlciBzdXBwbGllZCBwcmUgdXNlcmRhdGEgY29kZQoKCiMgQm9vdHN0cmFwIGFuZCBqb2luIHRoZSBjbHVzdGVyCi9ldGMvZWtzL2Jvb3RzdHJhcC5zaCAtLWI2NC1jbHVzdGVyLWNhICdMUzB0TFMxQ1JVZEpUaUJEUlZKVVNVWkpRMEZVUlMwdExTMHRDazFKU1VONVJFTkRRV0pEWjBGM1NVSkJaMGxDUVVSQlRrSm5hM0ZvYTJsSE9YY3dRa0ZSYzBaQlJFRldUVkpOZDBWUldVUldVVkZFUlhkd2NtUlhTbXdLWTIwMWJHUkhWbnBOUWpSWVJGUkplRTFFU1hkTmVrRjNUa1JCZVUxR2IxaEVWRTE0VFVSSmQwMVVRWGRPUkVGNVRVWnZkMFpVUlZSTlFrVkhRVEZWUlFwQmVFMUxZVE5XYVZwWVNuVmFXRkpzWTNwRFEwRlRTWGRFVVZsS1MyOWFTV2gyWTA1QlVVVkNRbEZCUkdkblJWQkJSRU5EUVZGdlEyZG5SVUpCVGpsTENrUmhkbk55Y0hsRlJqZG1OMnRTUkd4c05tVTRjRTQzVWtoeVltVnpXSG92YlhKVGRYb3dMM2hJY3pWb09WcDVNazFFTjBsUmNEbEJSVkExY1dGYVkyZ0tRVGRTYkdObFVreEVVakpRYUhSbFduQndla0o0ZEdkWmRDdEZSelZ2UnpGNWRXOHJMM1pTVXpCa1IwOHhTVFZPYUVaVmVuUnhkWFZyWWxCbE1WbERjQXBQVG1KaVEwODVjVGRWYTBJeVdrOVNMMVpTTVhNNFpUZGpNMWt6YXpSdFpYQkVRVVJOYm14S1Jrb3pTalUxV0RoRlEydG5SbEZ5WVdwaFRURXZUMmRHQ2twSVlUUTBTRVpaWVRSMGJtTlFSRlZrVUdWbmFYaE5ORTFyYUVrNVFVaE5lR1ZoVlV0elFteG5UVUp4WlUxbWJuQlFPWEZWTm0xMGVsTkRhM1V3Y1dZS1dsWjJWMlJFUzNSVVJGaEZZMWxaVUM4dlRFd3JVVTl0SzNrMGNWZGtORllyV1c1U00yUnRObEpWVjFSTFltWllSR05EV2preGNuSkJTMUZWV2tZd1dncEhURVp2V21SUlRrNTRTM2h4TVZSc1kwc3dRMEYzUlVGQllVMXFUVU5GZDBSbldVUldVakJRUVZGSUwwSkJVVVJCWjB0clRVRTRSMEV4VldSRmQwVkNDaTkzVVVaTlFVMUNRV1k0ZDBSUldVcExiMXBKYUhaalRrRlJSVXhDVVVGRVoyZEZRa0ZDTTFSRkwyTXpZa3RUT1ZnclN5c3hhRXB5UlhCS05VWlVVSFFLZUdGMGMzRkhlREY1UVhoeVVEQkZZa0oyUkUxS1ZUUXJibmRXYURoUFdXZHJlaXN3VW5ObWNtVlhWbnAxVm1GcUszSkxZWGwyV1V0Sk9FOVFXR0ZJZWdwMVExTjFWMHhtUTFwdVpUTjJiMjlKY2twTlR6aDZOazUzSzJsWVQyNXljWGRsTTFwMk1tdFZRVTVwVEN0aGVFZHZhM2xoYTBWSWVYcHpTblJvU1hveENuUnVUV3cxWTJFd1dXNWhTazV0Vmt0UmFXWk9UbFZYWlhCYU9IbE9XR2RUYVhCNFZsUm5TbVk0VEZoRVkyNTJVMU5VYkdkVVZXUm5aRUV2UVRaeWNHNEtjR05ZYmpKYVRrUmxVMGhITmtSR1NHUjJNM3BEUm05c1NuVTJhR3hKZFVKM1NXUmlkMmt2YWxGek1EWm9TRmRvTlRWSVdFRTFaVVJSTnpWdU1YZG1Ud3BoUTIwd2RYVTJkM1JIWkVsUlUzZGFRVzAzY1Rkc2FtMTJaRzR4YTA5VFpGTXlVbWxVWTBwWGQwdERSbHA1YVRSM01GaFFZbXRXYURJNFFUMEtMUzB0TFMxRlRrUWdRMFZTVkVsR1NVTkJWRVV0TFMwdExRbz0nIC0tYXBpc2VydmVyLWVuZHBvaW50ICdodHRwczovL0UxOUIxQ0QyRDQzNUIyQ0FCRjcwNDIwMUU1QzQwNERDLnNrMS51cy1nb3Ytd2VzdC0xLmVrcy5hbWF6b25hd3MuY29tJyAgLS1rdWJlbGV0LWV4dHJhLWFyZ3MgIiIgJ3N1cHBvcnQtdHJhaW5pbmctZWtzLXZEOTVjUnNDJwoKIyBBbGxvdyB1c2VyIHN1cHBsaWVkIHVzZXJkYXRhIGNvZGUKZWNobyBzdXBwb3J0IHRyYWluaW5nCg==",
            "vpc_classic_link_id": "",
            "vpc_classic_link_security_groups": null
          },
          "private": "bnVsbA==",
          "dependencies": [
            "aws_security_group.worker_group_mgmt_one",
            "aws_security_group.worker_group_mgmt_two",
            "data.aws_availability_zones.available",
            "module.eks.aws_cloudwatch_log_group.this",
            "module.eks.aws_eks_cluster.this",
            "module.eks.aws_iam_instance_profile.workers",
            "module.eks.aws_iam_role.cluster",
            "module.eks.aws_iam_role.workers",
            "module.eks.aws_iam_role_policy_attachment.cluster_AmazonEKSClusterPolicy",
            "module.eks.aws_iam_role_policy_attachment.cluster_AmazonEKSServicePolicy",
            "module.eks.aws_iam_role_policy_attachment.cluster_AmazonEKSVPCResourceControllerPolicy",
            "module.eks.aws_iam_role_policy_attachment.workers_AmazonEC2ContainerRegistryReadOnly",
            "module.eks.aws_iam_role_policy_attachment.workers_AmazonEKSWorkerNodePolicy",
            "module.eks.aws_iam_role_policy_attachment.workers_AmazonEKS_CNI_Policy",
            "module.eks.aws_iam_role_policy_attachment.workers_additional_policies",
            "module.eks.aws_security_group.cluster",
            "module.eks.aws_security_group.workers",
            "module.eks.aws_security_group_rule.cluster_egress_internet",
            "module.eks.aws_security_group_rule.cluster_https_worker_ingress",
            "module.eks.aws_security_group_rule.cluster_primary_ingress_workers",
            "module.eks.aws_security_group_rule.workers_egress_internet",
            "module.eks.aws_security_group_rule.workers_ingress_cluster",
            "module.eks.aws_security_group_rule.workers_ingress_cluster_https",
            "module.eks.aws_security_group_rule.workers_ingress_cluster_kubelet",
            "module.eks.aws_security_group_rule.workers_ingress_cluster_primary",
            "module.eks.aws_security_group_rule.workers_ingress_self",
            "module.eks.data.aws_ami.eks_worker",
            "module.eks.data.aws_ami.eks_worker_windows",
            "module.eks.data.aws_iam_instance_profile.custom_worker_group_iam_instance_profile",
            "module.eks.data.aws_iam_policy_document.cluster_assume_role_policy",
            "module.eks.data.aws_iam_policy_document.workers_assume_role_policy",
            "module.eks.data.aws_iam_role.custom_cluster_iam_role",
            "module.eks.data.aws_partition.current",
            "module.eks.data.template_file.userdata",
            "module.vpc.aws_subnet.private",
            "module.vpc.aws_vpc.this",
            "module.vpc.aws_vpc_ipv4_cidr_block_association.this",
            "random_string.suffix"
          ],
          "create_before_destroy": true
        },
        {
          "index_key": 1,
          "schema_version": 0,
          "attributes": {
            "arn": "arn:aws-us-gov:autoscaling:us-gov-west-1:096785701408:launchConfiguration:c66dd69b-403e-4f2b-8b21-b8eee2ed6201:launchConfigurationName/support-training-eks-vD95cRsC-worker-group-220210203004319838300000012",
            "associate_public_ip_address": false,
            "ebs_block_device": [],
            "ebs_optimized": true,
            "enable_monitoring": true,
            "ephemeral_block_device": [],
            "iam_instance_profile": "support-training-eks-vD95cRsC2021020300431834830000000d",
            "id": "support-training-eks-vD95cRsC-worker-group-220210203004319838300000012",
            "image_id": "ami-0586fd88cd2b94618",
            "instance_type": "t3.xlarge",
            "key_name": "",
            "metadata_options": [],
            "name": "support-training-eks-vD95cRsC-worker-group-220210203004319838300000012",
            "name_prefix": "support-training-eks-vD95cRsC-worker-group-2",
            "placement_tenancy": "",
            "root_block_device": [
              {
                "delete_on_termination": true,
                "encrypted": false,
                "iops": 0,
                "volume_size": 100,
                "volume_type": "gp2"
              }
            ],
            "security_groups": [
              "sg-0331647eae6196d1b",
              "sg-0d763ccd30b2e9472"
            ],
            "spot_price": "",
            "user_data": null,
            "user_data_base64": "IyEvYmluL2Jhc2ggLWUKCiMgQWxsb3cgdXNlciBzdXBwbGllZCBwcmUgdXNlcmRhdGEgY29kZQoKCiMgQm9vdHN0cmFwIGFuZCBqb2luIHRoZSBjbHVzdGVyCi9ldGMvZWtzL2Jvb3RzdHJhcC5zaCAtLWI2NC1jbHVzdGVyLWNhICdMUzB0TFMxQ1JVZEpUaUJEUlZKVVNVWkpRMEZVUlMwdExTMHRDazFKU1VONVJFTkRRV0pEWjBGM1NVSkJaMGxDUVVSQlRrSm5hM0ZvYTJsSE9YY3dRa0ZSYzBaQlJFRldUVkpOZDBWUldVUldVVkZFUlhkd2NtUlhTbXdLWTIwMWJHUkhWbnBOUWpSWVJGUkplRTFFU1hkTmVrRjNUa1JCZVUxR2IxaEVWRTE0VFVSSmQwMVVRWGRPUkVGNVRVWnZkMFpVUlZSTlFrVkhRVEZWUlFwQmVFMUxZVE5XYVZwWVNuVmFXRkpzWTNwRFEwRlRTWGRFVVZsS1MyOWFTV2gyWTA1QlVVVkNRbEZCUkdkblJWQkJSRU5EUVZGdlEyZG5SVUpCVGpsTENrUmhkbk55Y0hsRlJqZG1OMnRTUkd4c05tVTRjRTQzVWtoeVltVnpXSG92YlhKVGRYb3dMM2hJY3pWb09WcDVNazFFTjBsUmNEbEJSVkExY1dGYVkyZ0tRVGRTYkdObFVreEVVakpRYUhSbFduQndla0o0ZEdkWmRDdEZSelZ2UnpGNWRXOHJMM1pTVXpCa1IwOHhTVFZPYUVaVmVuUnhkWFZyWWxCbE1WbERjQXBQVG1KaVEwODVjVGRWYTBJeVdrOVNMMVpTTVhNNFpUZGpNMWt6YXpSdFpYQkVRVVJOYm14S1Jrb3pTalUxV0RoRlEydG5SbEZ5WVdwaFRURXZUMmRHQ2twSVlUUTBTRVpaWVRSMGJtTlFSRlZrVUdWbmFYaE5ORTFyYUVrNVFVaE5lR1ZoVlV0elFteG5UVUp4WlUxbWJuQlFPWEZWTm0xMGVsTkRhM1V3Y1dZS1dsWjJWMlJFUzNSVVJGaEZZMWxaVUM4dlRFd3JVVTl0SzNrMGNWZGtORllyV1c1U00yUnRObEpWVjFSTFltWllSR05EV2preGNuSkJTMUZWV2tZd1dncEhURVp2V21SUlRrNTRTM2h4TVZSc1kwc3dRMEYzUlVGQllVMXFUVU5GZDBSbldVUldVakJRUVZGSUwwSkJVVVJCWjB0clRVRTRSMEV4VldSRmQwVkNDaTkzVVVaTlFVMUNRV1k0ZDBSUldVcExiMXBKYUhaalRrRlJSVXhDVVVGRVoyZEZRa0ZDTTFSRkwyTXpZa3RUT1ZnclN5c3hhRXB5UlhCS05VWlVVSFFLZUdGMGMzRkhlREY1UVhoeVVEQkZZa0oyUkUxS1ZUUXJibmRXYURoUFdXZHJlaXN3VW5ObWNtVlhWbnAxVm1GcUszSkxZWGwyV1V0Sk9FOVFXR0ZJZWdwMVExTjFWMHhtUTFwdVpUTjJiMjlKY2twTlR6aDZOazUzSzJsWVQyNXljWGRsTTFwMk1tdFZRVTVwVEN0aGVFZHZhM2xoYTBWSWVYcHpTblJvU1hveENuUnVUV3cxWTJFd1dXNWhTazV0Vmt0UmFXWk9UbFZYWlhCYU9IbE9XR2RUYVhCNFZsUm5TbVk0VEZoRVkyNTJVMU5VYkdkVVZXUm5aRUV2UVRaeWNHNEtjR05ZYmpKYVRrUmxVMGhITmtSR1NHUjJNM3BEUm05c1NuVTJhR3hKZFVKM1NXUmlkMmt2YWxGek1EWm9TRmRvTlRWSVdFRTFaVVJSTnpWdU1YZG1Ud3BoUTIwd2RYVTJkM1JIWkVsUlUzZGFRVzAzY1Rkc2FtMTJaRzR4YTA5VFpGTXlVbWxVWTBwWGQwdERSbHA1YVRSM01GaFFZbXRXYURJNFFUMEtMUzB0TFMxRlRrUWdRMFZTVkVsR1NVTkJWRVV0TFMwdExRbz0nIC0tYXBpc2VydmVyLWVuZHBvaW50ICdodHRwczovL0UxOUIxQ0QyRDQzNUIyQ0FCRjcwNDIwMUU1QzQwNERDLnNrMS51cy1nb3Ytd2VzdC0xLmVrcy5hbWF6b25hd3MuY29tJyAgLS1rdWJlbGV0LWV4dHJhLWFyZ3MgIiIgJ3N1cHBvcnQtdHJhaW5pbmctZWtzLXZEOTVjUnNDJwoKIyBBbGxvdyB1c2VyIHN1cHBsaWVkIHVzZXJkYXRhIGNvZGUKZWNobyBzdXBwb3J0IHRyYWluaW5nCg==",
            "vpc_classic_link_id": "",
            "vpc_classic_link_security_groups": null
          },
          "private": "bnVsbA==",
          "dependencies": [
            "aws_security_group.worker_group_mgmt_one",
            "aws_security_group.worker_group_mgmt_two",
            "data.aws_availability_zones.available",
            "module.eks.aws_cloudwatch_log_group.this",
            "module.eks.aws_eks_cluster.this",
            "module.eks.aws_iam_instance_profile.workers",
            "module.eks.aws_iam_role.cluster",
            "module.eks.aws_iam_role.workers",
            "module.eks.aws_iam_role_policy_attachment.cluster_AmazonEKSClusterPolicy",
            "module.eks.aws_iam_role_policy_attachment.cluster_AmazonEKSServicePolicy",
            "module.eks.aws_iam_role_policy_attachment.cluster_AmazonEKSVPCResourceControllerPolicy",
            "module.eks.aws_iam_role_policy_attachment.workers_AmazonEC2ContainerRegistryReadOnly",
            "module.eks.aws_iam_role_policy_attachment.workers_AmazonEKSWorkerNodePolicy",
            "module.eks.aws_iam_role_policy_attachment.workers_AmazonEKS_CNI_Policy",
            "module.eks.aws_iam_role_policy_attachment.workers_additional_policies",
            "module.eks.aws_security_group.cluster",
            "module.eks.aws_security_group.workers",
            "module.eks.aws_security_group_rule.cluster_egress_internet",
            "module.eks.aws_security_group_rule.cluster_https_worker_ingress",
            "module.eks.aws_security_group_rule.cluster_primary_ingress_workers",
            "module.eks.aws_security_group_rule.workers_egress_internet",
            "module.eks.aws_security_group_rule.workers_ingress_cluster",
            "module.eks.aws_security_group_rule.workers_ingress_cluster_https",
            "module.eks.aws_security_group_rule.workers_ingress_cluster_kubelet",
            "module.eks.aws_security_group_rule.workers_ingress_cluster_primary",
            "module.eks.aws_security_group_rule.workers_ingress_self",
            "module.eks.data.aws_ami.eks_worker",
            "module.eks.data.aws_ami.eks_worker_windows",
            "module.eks.data.aws_iam_instance_profile.custom_worker_group_iam_instance_profile",
            "module.eks.data.aws_iam_policy_document.cluster_assume_role_policy",
            "module.eks.data.aws_iam_policy_document.workers_assume_role_policy",
            "module.eks.data.aws_iam_role.custom_cluster_iam_role",
            "module.eks.data.aws_partition.current",
            "module.eks.data.template_file.userdata",
            "module.vpc.aws_subnet.private",
            "module.vpc.aws_vpc.this",
            "module.vpc.aws_vpc_ipv4_cidr_block_association.this",
            "random_string.suffix"
          ],
          "create_before_destroy": true
        }
      ]
    },
    {
      "module": "module.eks",
      "mode": "managed",
      "type": "aws_security_group",
      "name": "cluster",
      "provider": "provider[\"registry.terraform.io/hashicorp/aws\"]",
      "instances": [
        {
          "index_key": 0,
          "schema_version": 1,
          "attributes": {
            "arn": "arn:aws-us-gov:ec2:us-gov-west-1:096785701408:security-group/sg-08cda0051e0b2d63b",
            "description": "EKS cluster security group.",
            "egress": [],
            "id": "sg-08cda0051e0b2d63b",
            "ingress": [],
            "name": "support-training-eks-vD95cRsC2021020300331671500000000b",
            "name_prefix": "support-training-eks-vD95cRsC",
            "owner_id": "096785701408",
            "revoke_rules_on_delete": false,
            "tags": {
              "Environment": "support-training",
              "GithubOrg": "terraform-aws-modules",
              "GithubRepo": "terraform-aws-eks",
              "Name": "support-training-eks-vD95cRsC-eks_cluster_sg"
            },
            "timeouts": null,
            "vpc_id": "vpc-0cd3c970dded22cb0"
          },
          "private": "eyJlMmJmYjczMC1lY2FhLTExZTYtOGY4OC0zNDM2M2JjN2M0YzAiOnsiY3JlYXRlIjo2MDAwMDAwMDAwMDAsImRlbGV0ZSI6NjAwMDAwMDAwMDAwfSwic2NoZW1hX3ZlcnNpb24iOiIxIn0=",
          "dependencies": [
            "module.vpc.aws_vpc.this",
            "random_string.suffix"
          ],
          "create_before_destroy": true
        }
      ]
    },
    {
      "module": "module.eks",
      "mode": "managed",
      "type": "aws_security_group",
      "name": "workers",
      "provider": "provider[\"registry.terraform.io/hashicorp/aws\"]",
      "instances": [
        {
          "index_key": 0,
          "schema_version": 1,
          "attributes": {
            "arn": "arn:aws-us-gov:ec2:us-gov-west-1:096785701408:security-group/sg-0d763ccd30b2e9472",
            "description": "Security group for all nodes in the cluster.",
            "egress": [],
            "id": "sg-0d763ccd30b2e9472",
            "ingress": [],
            "name": "support-training-eks-vD95cRsC2021020300331671290000000a",
            "name_prefix": "support-training-eks-vD95cRsC",
            "owner_id": "096785701408",
            "revoke_rules_on_delete": false,
            "tags": {
              "Environment": "support-training",
              "GithubOrg": "terraform-aws-modules",
              "GithubRepo": "terraform-aws-eks",
              "Name": "support-training-eks-vD95cRsC-eks_worker_sg",
              "kubernetes.io/cluster/support-training-eks-vD95cRsC": "owned"
            },
            "timeouts": null,
            "vpc_id": "vpc-0cd3c970dded22cb0"
          },
          "private": "eyJlMmJmYjczMC1lY2FhLTExZTYtOGY4OC0zNDM2M2JjN2M0YzAiOnsiY3JlYXRlIjo2MDAwMDAwMDAwMDAsImRlbGV0ZSI6NjAwMDAwMDAwMDAwfSwic2NoZW1hX3ZlcnNpb24iOiIxIn0=",
          "dependencies": [
            "module.vpc.aws_vpc.this",
            "random_string.suffix"
          ],
          "create_before_destroy": true
        }
      ]
    },
    {
      "module": "module.eks",
      "mode": "managed",
      "type": "aws_security_group_rule",
      "name": "cluster_egress_internet",
      "provider": "provider[\"registry.terraform.io/hashicorp/aws\"]",
      "instances": [
        {
          "index_key": 0,
          "schema_version": 2,
          "attributes": {
            "cidr_blocks": [
              "0.0.0.0/0"
            ],
            "description": "Allow cluster egress access to the Internet.",
            "from_port": 0,
            "id": "sgrule-3631770533",
            "ipv6_cidr_blocks": null,
            "prefix_list_ids": null,
            "protocol": "-1",
            "security_group_id": "sg-08cda0051e0b2d63b",
            "self": false,
            "source_security_group_id": null,
            "to_port": 0,
            "type": "egress"
          },
          "private": "eyJzY2hlbWFfdmVyc2lvbiI6IjIifQ==",
          "dependencies": [
            "module.eks.aws_security_group.cluster",
            "module.vpc.aws_vpc.this",
            "random_string.suffix"
          ],
          "create_before_destroy": true
        }
      ]
    },
    {
      "module": "module.eks",
      "mode": "managed",
      "type": "aws_security_group_rule",
      "name": "cluster_https_worker_ingress",
      "provider": "provider[\"registry.terraform.io/hashicorp/aws\"]",
      "instances": [
        {
          "index_key": 0,
          "schema_version": 2,
          "attributes": {
            "cidr_blocks": null,
            "description": "Allow pods to communicate with the EKS cluster API.",
            "from_port": 443,
            "id": "sgrule-3742316066",
            "ipv6_cidr_blocks": null,
            "prefix_list_ids": null,
            "protocol": "tcp",
            "security_group_id": "sg-08cda0051e0b2d63b",
            "self": false,
            "source_security_group_id": "sg-0d763ccd30b2e9472",
            "to_port": 443,
            "type": "ingress"
          },
          "private": "eyJzY2hlbWFfdmVyc2lvbiI6IjIifQ==",
          "dependencies": [
            "module.eks.aws_security_group.cluster",
            "module.eks.aws_security_group.workers",
            "module.vpc.aws_vpc.this",
            "random_string.suffix"
          ],
          "create_before_destroy": true
        }
      ]
    },
    {
      "module": "module.eks",
      "mode": "managed",
      "type": "aws_security_group_rule",
      "name": "workers_egress_internet",
      "provider": "provider[\"registry.terraform.io/hashicorp/aws\"]",
      "instances": [
        {
          "index_key": 0,
          "schema_version": 2,
          "attributes": {
            "cidr_blocks": [
              "0.0.0.0/0"
            ],
            "description": "Allow nodes all egress to the Internet.",
            "from_port": 0,
            "id": "sgrule-300778642",
            "ipv6_cidr_blocks": null,
            "prefix_list_ids": null,
            "protocol": "-1",
            "security_group_id": "sg-0d763ccd30b2e9472",
            "self": false,
            "source_security_group_id": null,
            "to_port": 0,
            "type": "egress"
          },
          "private": "eyJzY2hlbWFfdmVyc2lvbiI6IjIifQ==",
          "dependencies": [
            "module.eks.aws_security_group.workers",
            "module.vpc.aws_vpc.this",
            "random_string.suffix"
          ],
          "create_before_destroy": true
        }
      ]
    },
    {
      "module": "module.eks",
      "mode": "managed",
      "type": "aws_security_group_rule",
      "name": "workers_ingress_cluster",
      "provider": "provider[\"registry.terraform.io/hashicorp/aws\"]",
      "instances": [
        {
          "index_key": 0,
          "schema_version": 2,
          "attributes": {
            "cidr_blocks": null,
            "description": "Allow workers pods to receive communication from the cluster control plane.",
            "from_port": 1025,
            "id": "sgrule-4127728713",
            "ipv6_cidr_blocks": null,
            "prefix_list_ids": null,
            "protocol": "tcp",
            "security_group_id": "sg-0d763ccd30b2e9472",
            "self": false,
            "source_security_group_id": "sg-08cda0051e0b2d63b",
            "to_port": 65535,
            "type": "ingress"
          },
          "private": "eyJzY2hlbWFfdmVyc2lvbiI6IjIifQ==",
          "dependencies": [
            "module.eks.aws_security_group.cluster",
            "module.eks.aws_security_group.workers",
            "module.vpc.aws_vpc.this",
            "random_string.suffix"
          ],
          "create_before_destroy": true
        }
      ]
    },
    {
      "module": "module.eks",
      "mode": "managed",
      "type": "aws_security_group_rule",
      "name": "workers_ingress_cluster_https",
      "provider": "provider[\"registry.terraform.io/hashicorp/aws\"]",
      "instances": [
        {
          "index_key": 0,
          "schema_version": 2,
          "attributes": {
            "cidr_blocks": null,
            "description": "Allow pods running extension API servers on port 443 to receive communication from cluster control plane.",
            "from_port": 443,
            "id": "sgrule-2124670353",
            "ipv6_cidr_blocks": null,
            "prefix_list_ids": null,
            "protocol": "tcp",
            "security_group_id": "sg-0d763ccd30b2e9472",
            "self": false,
            "source_security_group_id": "sg-08cda0051e0b2d63b",
            "to_port": 443,
            "type": "ingress"
          },
          "private": "eyJzY2hlbWFfdmVyc2lvbiI6IjIifQ==",
          "dependencies": [
            "module.eks.aws_security_group.cluster",
            "module.eks.aws_security_group.workers",
            "module.vpc.aws_vpc.this",
            "random_string.suffix"
          ],
          "create_before_destroy": true
        }
      ]
    },
    {
      "module": "module.eks",
      "mode": "managed",
      "type": "aws_security_group_rule",
      "name": "workers_ingress_self",
      "provider": "provider[\"registry.terraform.io/hashicorp/aws\"]",
      "instances": [
        {
          "index_key": 0,
          "schema_version": 2,
          "attributes": {
            "cidr_blocks": null,
            "description": "Allow node to communicate with each other.",
            "from_port": 0,
            "id": "sgrule-694291066",
            "ipv6_cidr_blocks": null,
            "prefix_list_ids": null,
            "protocol": "-1",
            "security_group_id": "sg-0d763ccd30b2e9472",
            "self": false,
            "source_security_group_id": "sg-0d763ccd30b2e9472",
            "to_port": 65535,
            "type": "ingress"
          },
          "private": "eyJzY2hlbWFfdmVyc2lvbiI6IjIifQ==",
          "dependencies": [
            "module.eks.aws_security_group.workers",
            "module.vpc.aws_vpc.this",
            "random_string.suffix"
          ],
          "create_before_destroy": true
        }
      ]
    },
    {
      "module": "module.eks",
      "mode": "managed",
      "type": "kubernetes_config_map",
      "name": "aws_auth",
      "provider": "provider[\"registry.terraform.io/hashicorp/kubernetes\"]",
      "instances": [
        {
          "index_key": 0,
          "schema_version": 0,
          "attributes": {
            "binary_data": null,
            "data": {
              "mapAccounts": "[]\n",
              "mapRoles": "- \"groups\":\n  - \"system:bootstrappers\"\n  - \"system:nodes\"\n  \"rolearn\": \"arn:aws-us-gov:iam::096785701408:role/support-training-eks-vD95cRsC2021020300431771540000000c\"\n  \"username\": \"system:node:{{EC2PrivateDNSName}}\"\n",
              "mapUsers": "[]\n"
            },
            "id": "kube-system/aws-auth",
            "metadata": [
              {
                "annotations": null,
                "generate_name": "",
                "generation": 0,
                "labels": {
                  "app.kubernetes.io/managed-by": "Terraform",
                  "terraform.io/module": "terraform-aws-modules.eks.aws"
                },
                "name": "aws-auth",
                "namespace": "kube-system",
                "resource_version": "717",
                "self_link": "",
                "uid": "0c1e4d58-8f78-4b7f-9a47-14f25b43f2cb"
              }
            ]
          },
          "private": "bnVsbA==",
          "dependencies": [
            "aws_security_group.worker_group_mgmt_one",
            "aws_security_group.worker_group_mgmt_two",
            "data.aws_availability_zones.available",
            "data.aws_eks_cluster.cluster",
            "module.eks.aws_cloudwatch_log_group.this",
            "module.eks.aws_eks_cluster.this",
            "module.eks.aws_iam_instance_profile.workers",
            "module.eks.aws_iam_instance_profile.workers_launch_template",
            "module.eks.aws_iam_role.cluster",
            "module.eks.aws_iam_role.workers",
            "module.eks.aws_iam_role_policy_attachment.cluster_AmazonEKSClusterPolicy",
            "module.eks.aws_iam_role_policy_attachment.cluster_AmazonEKSServicePolicy",
            "module.eks.aws_iam_role_policy_attachment.cluster_AmazonEKSVPCResourceControllerPolicy",
            "module.eks.aws_security_group.cluster",
            "module.eks.aws_security_group.workers",
            "module.eks.aws_security_group_rule.cluster_egress_internet",
            "module.eks.aws_security_group_rule.cluster_https_worker_ingress",
            "module.eks.aws_security_group_rule.cluster_private_access",
            "module.eks.data.aws_ami.eks_worker",
            "module.eks.data.aws_caller_identity.current",
            "module.eks.data.aws_iam_instance_profile.custom_worker_group_iam_instance_profile",
            "module.eks.data.aws_iam_instance_profile.custom_worker_group_launch_template_iam_instance_profile",
            "module.eks.data.aws_iam_policy_document.cluster_assume_role_policy",
            "module.eks.data.aws_iam_policy_document.workers_assume_role_policy",
            "module.eks.data.aws_iam_role.custom_cluster_iam_role",
            "module.eks.data.aws_partition.current",
            "module.eks.module.fargate.aws_iam_role.eks_fargate_pod",
            "module.eks.module.fargate.data.aws_iam_role.custom_fargate_iam_role",
            "module.eks.null_resource.wait_for_cluster",
            "module.vpc.aws_subnet.private",
            "module.vpc.aws_vpc.this",
            "module.vpc.aws_vpc_ipv4_cidr_block_association.this",
            "random_string.suffix"
          ]
        }
      ]
    },
    {
      "module": "module.eks",
      "mode": "managed",
      "type": "local_file",
      "name": "kubeconfig",
      "provider": "provider[\"registry.terraform.io/hashicorp/local\"]",
      "instances": [
        {
          "index_key": 0,
          "schema_version": 0,
          "attributes": {
            "content": "apiVersion: v1\npreferences: {}\nkind: Config\n\nclusters:\n- cluster:\n    server: https://E19B1CD2D435B2CABF704201E5C404DC.sk1.us-gov-west-1.eks.amazonaws.com\n    certificate-authority-data: LS0tLS1CRUdJTiBDRVJUSUZJQ0FURS0tLS0tCk1JSUN5RENDQWJDZ0F3SUJBZ0lCQURBTkJna3Foa2lHOXcwQkFRc0ZBREFWTVJNd0VRWURWUVFERXdwcmRXSmwKY201bGRHVnpNQjRYRFRJeE1ESXdNekF3TkRBeU1Gb1hEVE14TURJd01UQXdOREF5TUZvd0ZURVRNQkVHQTFVRQpBeE1LYTNWaVpYSnVaWFJsY3pDQ0FTSXdEUVlKS29aSWh2Y05BUUVCQlFBRGdnRVBBRENDQVFvQ2dnRUJBTjlLCkRhdnNycHlFRjdmN2tSRGxsNmU4cE43UkhyYmVzWHovbXJTdXowL3hIczVoOVp5Mk1EN0lRcDlBRVA1cWFaY2gKQTdSbGNlUkxEUjJQaHRlWnBwekJ4dGdZdCtFRzVvRzF5dW8rL3ZSUzBkR08xSTVOaEZVenRxdXVrYlBlMVlDcApPTmJiQ085cTdVa0IyWk9SL1ZSMXM4ZTdjM1kzazRtZXBEQURNbmxKRkozSjU1WDhFQ2tnRlFyYWphTTEvT2dGCkpIYTQ0SEZZYTR0bmNQRFVkUGVnaXhNNE1raEk5QUhNeGVhVUtzQmxnTUJxZU1mbnBQOXFVNm10elNDa3UwcWYKWlZ2V2RES3RURFhFY1lZUC8vTEwrUU9tK3k0cVdkNFYrWW5SM2RtNlJVV1RLYmZYRGNDWjkxcnJBS1FVWkYwWgpHTEZvWmRRTk54S3hxMVRsY0swQ0F3RUFBYU1qTUNFd0RnWURWUjBQQVFIL0JBUURBZ0trTUE4R0ExVWRFd0VCCi93UUZNQU1CQWY4d0RRWUpLb1pJaHZjTkFRRUxCUUFEZ2dFQkFCM1RFL2MzYktTOVgrSysxaEpyRXBKNUZUUHQKeGF0c3FHeDF5QXhyUDBFYkJ2RE1KVTQrbndWaDhPWWdreiswUnNmcmVXVnp1VmFqK3JLYXl2WUtJOE9QWGFIegp1Q1N1V0xmQ1puZTN2b29JckpNTzh6Nk53K2lYT25ycXdlM1p2MmtVQU5pTCtheEdva3lha0VIeXpzSnRoSXoxCnRuTWw1Y2EwWW5hSk5tVktRaWZOTlVXZXBaOHlOWGdTaXB4VlRnSmY4TFhEY252U1NUbGdUVWRnZEEvQTZycG4KcGNYbjJaTkRlU0hHNkRGSGR2M3pDRm9sSnU2aGxJdUJ3SWRid2kvalFzMDZoSFdoNTVIWEE1ZURRNzVuMXdmTwphQ20wdXU2d3RHZElRU3daQW03cTdsam12ZG4xa09TZFMyUmlUY0pXd0tDRlp5aTR3MFhQYmtWaDI4QT0KLS0tLS1FTkQgQ0VSVElGSUNBVEUtLS0tLQo=\n  name: eks_support-training-eks-vD95cRsC\n\ncontexts:\n- context:\n    cluster: eks_support-training-eks-vD95cRsC\n    user: eks_support-training-eks-vD95cRsC\n  name: eks_support-training-eks-vD95cRsC\n\ncurrent-context: eks_support-training-eks-vD95cRsC\n\nusers:\n- name: eks_support-training-eks-vD95cRsC\n  user:\n    exec:\n      apiVersion: client.authentication.k8s.io/v1alpha1\n      command: aws-iam-authenticator\n      args:\n        - \"token\"\n        - \"-i\"\n        - \"support-training-eks-vD95cRsC\"\n",
            "content_base64": null,
            "directory_permission": "0755",
            "file_permission": "0644",
            "filename": "./kubeconfig_support-training-eks-vD95cRsC",
            "id": "c05b0ca71543a9ad0376adde06c1f5ee760ada45",
            "sensitive_content": null,
            "source": null
          },
          "private": "bnVsbA==",
          "dependencies": [
            "data.aws_availability_zones.available",
            "module.eks.aws_cloudwatch_log_group.this",
            "module.eks.aws_eks_cluster.this",
            "module.eks.aws_iam_role.cluster",
            "module.eks.aws_iam_role_policy_attachment.cluster_AmazonEKSClusterPolicy",
            "module.eks.aws_iam_role_policy_attachment.cluster_AmazonEKSServicePolicy",
            "module.eks.aws_iam_role_policy_attachment.cluster_AmazonEKSVPCResourceControllerPolicy",
            "module.eks.aws_security_group.cluster",
            "module.eks.aws_security_group.workers",
            "module.eks.aws_security_group_rule.cluster_egress_internet",
            "module.eks.aws_security_group_rule.cluster_https_worker_ingress",
            "module.eks.data.aws_iam_policy_document.cluster_assume_role_policy",
            "module.eks.data.aws_iam_role.custom_cluster_iam_role",
            "module.eks.data.aws_partition.current",
            "module.vpc.aws_subnet.private",
            "module.vpc.aws_vpc.this",
            "module.vpc.aws_vpc_ipv4_cidr_block_association.this",
            "random_string.suffix"
          ]
        }
      ]
    },
    {
      "module": "module.eks",
      "mode": "managed",
      "type": "null_resource",
      "name": "wait_for_cluster",
      "provider": "provider[\"registry.terraform.io/hashicorp/null\"]",
      "instances": [
        {
          "index_key": 0,
          "schema_version": 0,
          "attributes": {
            "id": "7213926604829340715",
            "triggers": null
          },
          "private": "bnVsbA==",
          "dependencies": [
            "data.aws_availability_zones.available",
            "module.eks.aws_cloudwatch_log_group.this",
            "module.eks.aws_eks_cluster.this",
            "module.eks.aws_iam_role.cluster",
            "module.eks.aws_iam_role_policy_attachment.cluster_AmazonEKSClusterPolicy",
            "module.eks.aws_iam_role_policy_attachment.cluster_AmazonEKSServicePolicy",
            "module.eks.aws_iam_role_policy_attachment.cluster_AmazonEKSVPCResourceControllerPolicy",
            "module.eks.aws_security_group.cluster",
            "module.eks.aws_security_group.workers",
            "module.eks.aws_security_group_rule.cluster_egress_internet",
            "module.eks.aws_security_group_rule.cluster_https_worker_ingress",
            "module.eks.aws_security_group_rule.cluster_private_access",
            "module.eks.data.aws_iam_policy_document.cluster_assume_role_policy",
            "module.eks.data.aws_iam_role.custom_cluster_iam_role",
            "module.eks.data.aws_partition.current",
            "module.vpc.aws_subnet.private",
            "module.vpc.aws_vpc.this",
            "module.vpc.aws_vpc_ipv4_cidr_block_association.this",
            "random_string.suffix"
          ]
        }
      ]
    },
    {
      "module": "module.eks",
      "mode": "managed",
      "type": "random_pet",
      "name": "workers",
      "provider": "provider[\"registry.terraform.io/hashicorp/random\"]",
      "instances": [
        {
          "index_key": 0,
          "schema_version": 0,
          "attributes": {
            "id": "firm-javelin",
            "keepers": {
              "lc_name": "support-training-eks-vD95cRsC-worker-group-120210203004319838400000013"
            },
            "length": 2,
            "prefix": null,
            "separator": "-"
          },
          "private": "bnVsbA==",
          "dependencies": [
            "aws_security_group.worker_group_mgmt_one",
            "aws_security_group.worker_group_mgmt_two",
            "data.aws_availability_zones.available",
            "module.eks.aws_cloudwatch_log_group.this",
            "module.eks.aws_eks_cluster.this",
            "module.eks.aws_iam_instance_profile.workers",
            "module.eks.aws_iam_role.cluster",
            "module.eks.aws_iam_role.workers",
            "module.eks.aws_iam_role_policy_attachment.cluster_AmazonEKSClusterPolicy",
            "module.eks.aws_iam_role_policy_attachment.cluster_AmazonEKSServicePolicy",
            "module.eks.aws_iam_role_policy_attachment.cluster_AmazonEKSVPCResourceControllerPolicy",
            "module.eks.aws_iam_role_policy_attachment.workers_AmazonEC2ContainerRegistryReadOnly",
            "module.eks.aws_iam_role_policy_attachment.workers_AmazonEKSWorkerNodePolicy",
            "module.eks.aws_iam_role_policy_attachment.workers_AmazonEKS_CNI_Policy",
            "module.eks.aws_iam_role_policy_attachment.workers_additional_policies",
            "module.eks.aws_launch_configuration.workers",
            "module.eks.aws_security_group.cluster",
            "module.eks.aws_security_group.workers",
            "module.eks.aws_security_group_rule.cluster_egress_internet",
            "module.eks.aws_security_group_rule.cluster_https_worker_ingress",
            "module.eks.aws_security_group_rule.cluster_primary_ingress_workers",
            "module.eks.aws_security_group_rule.workers_egress_internet",
            "module.eks.aws_security_group_rule.workers_ingress_cluster",
            "module.eks.aws_security_group_rule.workers_ingress_cluster_https",
            "module.eks.aws_security_group_rule.workers_ingress_cluster_kubelet",
            "module.eks.aws_security_group_rule.workers_ingress_cluster_primary",
            "module.eks.aws_security_group_rule.workers_ingress_self",
            "module.eks.data.aws_ami.eks_worker",
            "module.eks.data.aws_ami.eks_worker_windows",
            "module.eks.data.aws_iam_instance_profile.custom_worker_group_iam_instance_profile",
            "module.eks.data.aws_iam_policy_document.cluster_assume_role_policy",
            "module.eks.data.aws_iam_policy_document.workers_assume_role_policy",
            "module.eks.data.aws_iam_role.custom_cluster_iam_role",
            "module.eks.data.aws_partition.current",
            "module.eks.data.template_file.userdata",
            "module.vpc.aws_subnet.private",
            "module.vpc.aws_vpc.this",
            "module.vpc.aws_vpc_ipv4_cidr_block_association.this",
            "random_string.suffix"
          ],
          "create_before_destroy": true
        },
        {
          "index_key": 1,
          "schema_version": 0,
          "attributes": {
            "id": "immense-gnat",
            "keepers": {
              "lc_name": "support-training-eks-vD95cRsC-worker-group-220210203004319838300000012"
            },
            "length": 2,
            "prefix": null,
            "separator": "-"
          },
          "private": "bnVsbA==",
          "dependencies": [
            "aws_security_group.worker_group_mgmt_one",
            "aws_security_group.worker_group_mgmt_two",
            "data.aws_availability_zones.available",
            "module.eks.aws_cloudwatch_log_group.this",
            "module.eks.aws_eks_cluster.this",
            "module.eks.aws_iam_instance_profile.workers",
            "module.eks.aws_iam_role.cluster",
            "module.eks.aws_iam_role.workers",
            "module.eks.aws_iam_role_policy_attachment.cluster_AmazonEKSClusterPolicy",
            "module.eks.aws_iam_role_policy_attachment.cluster_AmazonEKSServicePolicy",
            "module.eks.aws_iam_role_policy_attachment.cluster_AmazonEKSVPCResourceControllerPolicy",
            "module.eks.aws_iam_role_policy_attachment.workers_AmazonEC2ContainerRegistryReadOnly",
            "module.eks.aws_iam_role_policy_attachment.workers_AmazonEKSWorkerNodePolicy",
            "module.eks.aws_iam_role_policy_attachment.workers_AmazonEKS_CNI_Policy",
            "module.eks.aws_iam_role_policy_attachment.workers_additional_policies",
            "module.eks.aws_launch_configuration.workers",
            "module.eks.aws_security_group.cluster",
            "module.eks.aws_security_group.workers",
            "module.eks.aws_security_group_rule.cluster_egress_internet",
            "module.eks.aws_security_group_rule.cluster_https_worker_ingress",
            "module.eks.aws_security_group_rule.cluster_primary_ingress_workers",
            "module.eks.aws_security_group_rule.workers_egress_internet",
            "module.eks.aws_security_group_rule.workers_ingress_cluster",
            "module.eks.aws_security_group_rule.workers_ingress_cluster_https",
            "module.eks.aws_security_group_rule.workers_ingress_cluster_kubelet",
            "module.eks.aws_security_group_rule.workers_ingress_cluster_primary",
            "module.eks.aws_security_group_rule.workers_ingress_self",
            "module.eks.data.aws_ami.eks_worker",
            "module.eks.data.aws_ami.eks_worker_windows",
            "module.eks.data.aws_iam_instance_profile.custom_worker_group_iam_instance_profile",
            "module.eks.data.aws_iam_policy_document.cluster_assume_role_policy",
            "module.eks.data.aws_iam_policy_document.workers_assume_role_policy",
            "module.eks.data.aws_iam_role.custom_cluster_iam_role",
            "module.eks.data.aws_partition.current",
            "module.eks.data.template_file.userdata",
            "module.vpc.aws_subnet.private",
            "module.vpc.aws_vpc.this",
            "module.vpc.aws_vpc_ipv4_cidr_block_association.this",
            "random_string.suffix"
          ],
          "create_before_destroy": true
        }
      ]
    },
    {
      "module": "module.vpc",
      "mode": "managed",
      "type": "aws_eip",
      "name": "nat",
      "provider": "provider[\"registry.terraform.io/hashicorp/aws\"]",
      "instances": [
        {
          "index_key": 0,
          "schema_version": 0,
          "attributes": {
            "allocation_id": null,
            "associate_with_private_ip": null,
            "association_id": "",
            "carrier_ip": "",
            "customer_owned_ip": "",
            "customer_owned_ipv4_pool": "",
            "domain": "vpc",
            "id": "eipalloc-02eb15024787451b5",
            "instance": "",
            "network_border_group": "us-gov-west-1",
            "network_interface": "",
            "private_dns": null,
            "private_ip": "",
            "public_dns": "ec2-52-61-150-68.us-gov-west-1.compute.amazonaws.com",
            "public_ip": "52.61.150.68",
            "public_ipv4_pool": "amazon",
            "tags": {
              "Name": "support-vpc-us-gov-west-1a",
              "kubernetes.io/cluster/support-training-eks-vD95cRsC": "shared"
            },
            "timeouts": null,
            "vpc": true
          },
          "private": "eyJlMmJmYjczMC1lY2FhLTExZTYtOGY4OC0zNDM2M2JjN2M0YzAiOnsiZGVsZXRlIjoxODAwMDAwMDAwMDAsInJlYWQiOjkwMDAwMDAwMDAwMCwidXBkYXRlIjozMDAwMDAwMDAwMDB9fQ==",
          "dependencies": [
            "data.aws_availability_zones.available",
            "random_string.suffix"
          ]
        }
      ]
    },
    {
      "module": "module.vpc",
      "mode": "managed",
      "type": "aws_internet_gateway",
      "name": "this",
      "provider": "provider[\"registry.terraform.io/hashicorp/aws\"]",
      "instances": [
        {
          "index_key": 0,
          "schema_version": 0,
          "attributes": {
            "arn": "arn:aws-us-gov:ec2:us-gov-west-1:096785701408:internet-gateway/igw-02704e1635cba9c09",
            "id": "igw-02704e1635cba9c09",
            "owner_id": "096785701408",
            "tags": {
              "Name": "support-vpc",
              "kubernetes.io/cluster/support-training-eks-vD95cRsC": "shared"
            },
            "vpc_id": "vpc-0cd3c970dded22cb0"
          },
          "private": "bnVsbA==",
          "dependencies": [
            "module.vpc.aws_vpc.this",
            "module.vpc.aws_vpc_ipv4_cidr_block_association.this",
            "random_string.suffix"
          ]
        }
      ]
    },
    {
      "module": "module.vpc",
      "mode": "managed",
      "type": "aws_nat_gateway",
      "name": "this",
      "provider": "provider[\"registry.terraform.io/hashicorp/aws\"]",
      "instances": [
        {
          "index_key": 0,
          "schema_version": 0,
          "attributes": {
            "allocation_id": "eipalloc-02eb15024787451b5",
            "id": "nat-0f43b647cb81f2192",
            "network_interface_id": "eni-039136fd1ae612649",
            "private_ip": "10.0.4.208",
            "public_ip": "52.61.150.68",
            "subnet_id": "subnet-00792dfe9247cc894",
            "tags": {
              "Name": "support-vpc-us-gov-west-1a",
              "kubernetes.io/cluster/support-training-eks-vD95cRsC": "shared"
            }
          },
          "private": "bnVsbA==",
          "dependencies": [
            "data.aws_availability_zones.available",
            "module.vpc.aws_eip.nat",
            "module.vpc.aws_internet_gateway.this",
            "module.vpc.aws_subnet.public",
            "module.vpc.aws_vpc.this",
            "module.vpc.aws_vpc_ipv4_cidr_block_association.this",
            "random_string.suffix"
          ]
        }
      ]
    },
    {
      "module": "module.vpc",
      "mode": "managed",
      "type": "aws_route",
      "name": "private_nat_gateway",
      "provider": "provider[\"registry.terraform.io/hashicorp/aws\"]",
      "instances": [
        {
          "index_key": 0,
          "schema_version": 0,
          "attributes": {
            "destination_cidr_block": "0.0.0.0/0",
            "destination_ipv6_cidr_block": "",
            "destination_prefix_list_id": "",
            "egress_only_gateway_id": "",
            "gateway_id": "",
            "id": "r-rtb-0d11dbc1454c9fb481080289494",
            "instance_id": "",
            "instance_owner_id": "",
            "local_gateway_id": "",
            "nat_gateway_id": "nat-0f43b647cb81f2192",
            "network_interface_id": "",
            "origin": "CreateRoute",
            "route_table_id": "rtb-0d11dbc1454c9fb48",
            "state": "active",
            "timeouts": {
              "create": "5m",
              "delete": null
            },
            "transit_gateway_id": "",
            "vpc_endpoint_id": null,
            "vpc_peering_connection_id": ""
          },
          "private": "eyJlMmJmYjczMC1lY2FhLTExZTYtOGY4OC0zNDM2M2JjN2M0YzAiOnsiY3JlYXRlIjozMDAwMDAwMDAwMDAsImRlbGV0ZSI6MzAwMDAwMDAwMDAwfX0=",
          "dependencies": [
            "data.aws_availability_zones.available",
            "module.vpc.aws_eip.nat",
            "module.vpc.aws_internet_gateway.this",
            "module.vpc.aws_nat_gateway.this",
            "module.vpc.aws_route_table.private",
            "module.vpc.aws_subnet.public",
            "module.vpc.aws_vpc.this",
            "module.vpc.aws_vpc_ipv4_cidr_block_association.this",
            "random_string.suffix"
          ]
        }
      ]
    },
    {
      "module": "module.vpc",
      "mode": "managed",
      "type": "aws_route",
      "name": "public_internet_gateway",
      "provider": "provider[\"registry.terraform.io/hashicorp/aws\"]",
      "instances": [
        {
          "index_key": 0,
          "schema_version": 0,
          "attributes": {
            "destination_cidr_block": "0.0.0.0/0",
            "destination_ipv6_cidr_block": "",
            "destination_prefix_list_id": "",
            "egress_only_gateway_id": "",
            "gateway_id": "igw-02704e1635cba9c09",
            "id": "r-rtb-0d7689474461a86171080289494",
            "instance_id": "",
            "instance_owner_id": "",
            "local_gateway_id": "",
            "nat_gateway_id": "",
            "network_interface_id": "",
            "origin": "CreateRoute",
            "route_table_id": "rtb-0d7689474461a8617",
            "state": "active",
            "timeouts": {
              "create": "5m",
              "delete": null
            },
            "transit_gateway_id": "",
            "vpc_endpoint_id": null,
            "vpc_peering_connection_id": ""
          },
          "private": "eyJlMmJmYjczMC1lY2FhLTExZTYtOGY4OC0zNDM2M2JjN2M0YzAiOnsiY3JlYXRlIjozMDAwMDAwMDAwMDAsImRlbGV0ZSI6MzAwMDAwMDAwMDAwfX0=",
          "dependencies": [
            "module.vpc.aws_internet_gateway.this",
            "module.vpc.aws_route_table.public",
            "module.vpc.aws_vpc.this",
            "module.vpc.aws_vpc_ipv4_cidr_block_association.this",
            "random_string.suffix"
          ]
        }
      ]
    },
    {
      "module": "module.vpc",
      "mode": "managed",
      "type": "aws_route_table",
      "name": "private",
      "provider": "provider[\"registry.terraform.io/hashicorp/aws\"]",
      "instances": [
        {
          "index_key": 0,
          "schema_version": 0,
          "attributes": {
            "id": "rtb-0d11dbc1454c9fb48",
            "owner_id": "096785701408",
            "propagating_vgws": [],
            "route": [],
            "tags": {
              "Name": "support-vpc-private",
              "kubernetes.io/cluster/support-training-eks-vD95cRsC": "shared"
            },
            "vpc_id": "vpc-0cd3c970dded22cb0"
          },
          "private": "bnVsbA==",
          "dependencies": [
            "data.aws_availability_zones.available",
            "module.vpc.aws_vpc.this",
            "module.vpc.aws_vpc_ipv4_cidr_block_association.this",
            "random_string.suffix"
          ]
        }
      ]
    },
    {
      "module": "module.vpc",
      "mode": "managed",
      "type": "aws_route_table",
      "name": "public",
      "provider": "provider[\"registry.terraform.io/hashicorp/aws\"]",
      "instances": [
        {
          "index_key": 0,
          "schema_version": 0,
          "attributes": {
            "id": "rtb-0d7689474461a8617",
            "owner_id": "096785701408",
            "propagating_vgws": [],
            "route": [],
            "tags": {
              "Name": "support-vpc-public",
              "kubernetes.io/cluster/support-training-eks-vD95cRsC": "shared"
            },
            "vpc_id": "vpc-0cd3c970dded22cb0"
          },
          "private": "bnVsbA==",
          "dependencies": [
            "module.vpc.aws_vpc.this",
            "module.vpc.aws_vpc_ipv4_cidr_block_association.this",
            "random_string.suffix"
          ]
        }
      ]
    },
    {
      "module": "module.vpc",
      "mode": "managed",
      "type": "aws_route_table_association",
      "name": "private",
      "provider": "provider[\"registry.terraform.io/hashicorp/aws\"]",
      "instances": [
        {
          "index_key": 0,
          "schema_version": 0,
          "attributes": {
            "gateway_id": null,
            "id": "rtbassoc-0ae7fa512474273b3",
            "route_table_id": "rtb-0d11dbc1454c9fb48",
            "subnet_id": "subnet-09156b7b6ebfb8f81"
          },
          "private": "bnVsbA==",
          "dependencies": [
            "data.aws_availability_zones.available",
            "module.vpc.aws_route_table.private",
            "module.vpc.aws_subnet.private",
            "module.vpc.aws_vpc.this",
            "module.vpc.aws_vpc_ipv4_cidr_block_association.this",
            "random_string.suffix"
          ]
        },
        {
          "index_key": 1,
          "schema_version": 0,
          "attributes": {
            "gateway_id": null,
            "id": "rtbassoc-04d9d49c83a2b20c5",
            "route_table_id": "rtb-0d11dbc1454c9fb48",
            "subnet_id": "subnet-0d22deaebd6e050fd"
          },
          "private": "bnVsbA==",
          "dependencies": [
            "data.aws_availability_zones.available",
            "module.vpc.aws_route_table.private",
            "module.vpc.aws_subnet.private",
            "module.vpc.aws_vpc.this",
            "module.vpc.aws_vpc_ipv4_cidr_block_association.this",
            "random_string.suffix"
          ]
        },
        {
          "index_key": 2,
          "schema_version": 0,
          "attributes": {
            "gateway_id": null,
            "id": "rtbassoc-0e69091d8f939a675",
            "route_table_id": "rtb-0d11dbc1454c9fb48",
            "subnet_id": "subnet-0bf6d8be3a39db2ae"
          },
          "private": "bnVsbA==",
          "dependencies": [
            "data.aws_availability_zones.available",
            "module.vpc.aws_route_table.private",
            "module.vpc.aws_subnet.private",
            "module.vpc.aws_vpc.this",
            "module.vpc.aws_vpc_ipv4_cidr_block_association.this",
            "random_string.suffix"
          ]
        }
      ]
    },
    {
      "module": "module.vpc",
      "mode": "managed",
      "type": "aws_route_table_association",
      "name": "public",
      "provider": "provider[\"registry.terraform.io/hashicorp/aws\"]",
      "instances": [
        {
          "index_key": 0,
          "schema_version": 0,
          "attributes": {
            "gateway_id": null,
            "id": "rtbassoc-01f5a513d18c306d9",
            "route_table_id": "rtb-0d7689474461a8617",
            "subnet_id": "subnet-00792dfe9247cc894"
          },
          "private": "bnVsbA==",
          "dependencies": [
            "data.aws_availability_zones.available",
            "module.vpc.aws_route_table.public",
            "module.vpc.aws_subnet.public",
            "module.vpc.aws_vpc.this",
            "module.vpc.aws_vpc_ipv4_cidr_block_association.this",
            "random_string.suffix"
          ]
        },
        {
          "index_key": 1,
          "schema_version": 0,
          "attributes": {
            "gateway_id": null,
            "id": "rtbassoc-0862bd1d5c9a0118e",
            "route_table_id": "rtb-0d7689474461a8617",
            "subnet_id": "subnet-019f08162a8be8505"
          },
          "private": "bnVsbA==",
          "dependencies": [
            "data.aws_availability_zones.available",
            "module.vpc.aws_route_table.public",
            "module.vpc.aws_subnet.public",
            "module.vpc.aws_vpc.this",
            "module.vpc.aws_vpc_ipv4_cidr_block_association.this",
            "random_string.suffix"
          ]
        },
        {
          "index_key": 2,
          "schema_version": 0,
          "attributes": {
            "gateway_id": null,
            "id": "rtbassoc-02aeaa5225d1185d1",
            "route_table_id": "rtb-0d7689474461a8617",
            "subnet_id": "subnet-00b54f5294841cc47"
          },
          "private": "bnVsbA==",
          "dependencies": [
            "data.aws_availability_zones.available",
            "module.vpc.aws_route_table.public",
            "module.vpc.aws_subnet.public",
            "module.vpc.aws_vpc.this",
            "module.vpc.aws_vpc_ipv4_cidr_block_association.this",
            "random_string.suffix"
          ]
        }
      ]
    },
    {
      "module": "module.vpc",
      "mode": "managed",
      "type": "aws_subnet",
      "name": "private",
      "provider": "provider[\"registry.terraform.io/hashicorp/aws\"]",
      "instances": [
        {
          "index_key": 0,
          "schema_version": 1,
          "attributes": {
            "arn": "arn:aws-us-gov:ec2:us-gov-west-1:096785701408:subnet/subnet-09156b7b6ebfb8f81",
            "assign_ipv6_address_on_creation": false,
            "availability_zone": "us-gov-west-1a",
            "availability_zone_id": "usgw1-az2",
            "cidr_block": "10.0.1.0/24",
            "id": "subnet-09156b7b6ebfb8f81",
            "ipv6_cidr_block": "",
            "ipv6_cidr_block_association_id": "",
            "map_public_ip_on_launch": false,
            "outpost_arn": "",
            "owner_id": "096785701408",
            "tags": {
              "Name": "support-vpc-private-us-gov-west-1a",
              "kubernetes.io/cluster/support-training-eks-vD95cRsC": "shared",
              "kubernetes.io/role/internal-elb": "1"
            },
            "timeouts": null,
            "vpc_id": "vpc-0cd3c970dded22cb0"
          },
          "private": "eyJlMmJmYjczMC1lY2FhLTExZTYtOGY4OC0zNDM2M2JjN2M0YzAiOnsiY3JlYXRlIjo2MDAwMDAwMDAwMDAsImRlbGV0ZSI6MTIwMDAwMDAwMDAwMH0sInNjaGVtYV92ZXJzaW9uIjoiMSJ9",
          "dependencies": [
            "data.aws_availability_zones.available",
            "module.vpc.aws_vpc.this",
            "module.vpc.aws_vpc_ipv4_cidr_block_association.this",
            "random_string.suffix"
          ],
          "create_before_destroy": true
        },
        {
          "index_key": 1,
          "schema_version": 1,
          "attributes": {
            "arn": "arn:aws-us-gov:ec2:us-gov-west-1:096785701408:subnet/subnet-0d22deaebd6e050fd",
            "assign_ipv6_address_on_creation": false,
            "availability_zone": "us-gov-west-1b",
            "availability_zone_id": "usgw1-az1",
            "cidr_block": "10.0.2.0/24",
            "id": "subnet-0d22deaebd6e050fd",
            "ipv6_cidr_block": "",
            "ipv6_cidr_block_association_id": "",
            "map_public_ip_on_launch": false,
            "outpost_arn": "",
            "owner_id": "096785701408",
            "tags": {
              "Name": "support-vpc-private-us-gov-west-1b",
              "kubernetes.io/cluster/support-training-eks-vD95cRsC": "shared",
              "kubernetes.io/role/internal-elb": "1"
            },
            "timeouts": null,
            "vpc_id": "vpc-0cd3c970dded22cb0"
          },
          "private": "eyJlMmJmYjczMC1lY2FhLTExZTYtOGY4OC0zNDM2M2JjN2M0YzAiOnsiY3JlYXRlIjo2MDAwMDAwMDAwMDAsImRlbGV0ZSI6MTIwMDAwMDAwMDAwMH0sInNjaGVtYV92ZXJzaW9uIjoiMSJ9",
          "dependencies": [
            "data.aws_availability_zones.available",
            "module.vpc.aws_vpc.this",
            "module.vpc.aws_vpc_ipv4_cidr_block_association.this",
            "random_string.suffix"
          ],
          "create_before_destroy": true
        },
        {
          "index_key": 2,
          "schema_version": 1,
          "attributes": {
            "arn": "arn:aws-us-gov:ec2:us-gov-west-1:096785701408:subnet/subnet-0bf6d8be3a39db2ae",
            "assign_ipv6_address_on_creation": false,
            "availability_zone": "us-gov-west-1c",
            "availability_zone_id": "usgw1-az3",
            "cidr_block": "10.0.3.0/24",
            "id": "subnet-0bf6d8be3a39db2ae",
            "ipv6_cidr_block": "",
            "ipv6_cidr_block_association_id": "",
            "map_public_ip_on_launch": false,
            "outpost_arn": "",
            "owner_id": "096785701408",
            "tags": {
              "Name": "support-vpc-private-us-gov-west-1c",
              "kubernetes.io/cluster/support-training-eks-vD95cRsC": "shared",
              "kubernetes.io/role/internal-elb": "1"
            },
            "timeouts": null,
            "vpc_id": "vpc-0cd3c970dded22cb0"
          },
          "private": "eyJlMmJmYjczMC1lY2FhLTExZTYtOGY4OC0zNDM2M2JjN2M0YzAiOnsiY3JlYXRlIjo2MDAwMDAwMDAwMDAsImRlbGV0ZSI6MTIwMDAwMDAwMDAwMH0sInNjaGVtYV92ZXJzaW9uIjoiMSJ9",
          "dependencies": [
            "data.aws_availability_zones.available",
            "module.vpc.aws_vpc.this",
            "module.vpc.aws_vpc_ipv4_cidr_block_association.this",
            "random_string.suffix"
          ],
          "create_before_destroy": true
        }
      ]
    },
    {
      "module": "module.vpc",
      "mode": "managed",
      "type": "aws_subnet",
      "name": "public",
      "provider": "provider[\"registry.terraform.io/hashicorp/aws\"]",
      "instances": [
        {
          "index_key": 0,
          "schema_version": 1,
          "attributes": {
            "arn": "arn:aws-us-gov:ec2:us-gov-west-1:096785701408:subnet/subnet-00792dfe9247cc894",
            "assign_ipv6_address_on_creation": false,
            "availability_zone": "us-gov-west-1a",
            "availability_zone_id": "usgw1-az2",
            "cidr_block": "10.0.4.0/24",
            "id": "subnet-00792dfe9247cc894",
            "ipv6_cidr_block": "",
            "ipv6_cidr_block_association_id": "",
            "map_public_ip_on_launch": true,
            "outpost_arn": "",
            "owner_id": "096785701408",
            "tags": {
              "Name": "support-vpc-public-us-gov-west-1a",
              "kubernetes.io/cluster/support-training-eks-vD95cRsC": "shared",
              "kubernetes.io/role/elb": "1"
            },
            "timeouts": null,
            "vpc_id": "vpc-0cd3c970dded22cb0"
          },
          "private": "eyJlMmJmYjczMC1lY2FhLTExZTYtOGY4OC0zNDM2M2JjN2M0YzAiOnsiY3JlYXRlIjo2MDAwMDAwMDAwMDAsImRlbGV0ZSI6MTIwMDAwMDAwMDAwMH0sInNjaGVtYV92ZXJzaW9uIjoiMSJ9",
          "dependencies": [
            "data.aws_availability_zones.available",
            "module.vpc.aws_vpc.this",
            "module.vpc.aws_vpc_ipv4_cidr_block_association.this",
            "random_string.suffix"
          ]
        },
        {
          "index_key": 1,
          "schema_version": 1,
          "attributes": {
            "arn": "arn:aws-us-gov:ec2:us-gov-west-1:096785701408:subnet/subnet-019f08162a8be8505",
            "assign_ipv6_address_on_creation": false,
            "availability_zone": "us-gov-west-1b",
            "availability_zone_id": "usgw1-az1",
            "cidr_block": "10.0.5.0/24",
            "id": "subnet-019f08162a8be8505",
            "ipv6_cidr_block": "",
            "ipv6_cidr_block_association_id": "",
            "map_public_ip_on_launch": true,
            "outpost_arn": "",
            "owner_id": "096785701408",
            "tags": {
              "Name": "support-vpc-public-us-gov-west-1b",
              "kubernetes.io/cluster/support-training-eks-vD95cRsC": "shared",
              "kubernetes.io/role/elb": "1"
            },
            "timeouts": null,
            "vpc_id": "vpc-0cd3c970dded22cb0"
          },
          "private": "eyJlMmJmYjczMC1lY2FhLTExZTYtOGY4OC0zNDM2M2JjN2M0YzAiOnsiY3JlYXRlIjo2MDAwMDAwMDAwMDAsImRlbGV0ZSI6MTIwMDAwMDAwMDAwMH0sInNjaGVtYV92ZXJzaW9uIjoiMSJ9",
          "dependencies": [
            "data.aws_availability_zones.available",
            "module.vpc.aws_vpc.this",
            "module.vpc.aws_vpc_ipv4_cidr_block_association.this",
            "random_string.suffix"
          ]
        },
        {
          "index_key": 2,
          "schema_version": 1,
          "attributes": {
            "arn": "arn:aws-us-gov:ec2:us-gov-west-1:096785701408:subnet/subnet-00b54f5294841cc47",
            "assign_ipv6_address_on_creation": false,
            "availability_zone": "us-gov-west-1c",
            "availability_zone_id": "usgw1-az3",
            "cidr_block": "10.0.6.0/24",
            "id": "subnet-00b54f5294841cc47",
            "ipv6_cidr_block": "",
            "ipv6_cidr_block_association_id": "",
            "map_public_ip_on_launch": true,
            "outpost_arn": "",
            "owner_id": "096785701408",
            "tags": {
              "Name": "support-vpc-public-us-gov-west-1c",
              "kubernetes.io/cluster/support-training-eks-vD95cRsC": "shared",
              "kubernetes.io/role/elb": "1"
            },
            "timeouts": null,
            "vpc_id": "vpc-0cd3c970dded22cb0"
          },
          "private": "eyJlMmJmYjczMC1lY2FhLTExZTYtOGY4OC0zNDM2M2JjN2M0YzAiOnsiY3JlYXRlIjo2MDAwMDAwMDAwMDAsImRlbGV0ZSI6MTIwMDAwMDAwMDAwMH0sInNjaGVtYV92ZXJzaW9uIjoiMSJ9",
          "dependencies": [
            "data.aws_availability_zones.available",
            "module.vpc.aws_vpc.this",
            "module.vpc.aws_vpc_ipv4_cidr_block_association.this",
            "random_string.suffix"
          ]
        }
      ]
    },
    {
      "module": "module.vpc",
      "mode": "managed",
      "type": "aws_vpc",
      "name": "this",
      "provider": "provider[\"registry.terraform.io/hashicorp/aws\"]",
      "instances": [
        {
          "index_key": 0,
          "schema_version": 1,
          "attributes": {
            "arn": "arn:aws-us-gov:ec2:us-gov-west-1:096785701408:vpc/vpc-0cd3c970dded22cb0",
            "assign_generated_ipv6_cidr_block": false,
            "cidr_block": "10.0.0.0/16",
            "default_network_acl_id": "acl-03e4e3eca0fffbe7e",
            "default_route_table_id": "rtb-0fc937296f4a244d8",
            "default_security_group_id": "sg-0bfce0492e1c65131",
            "dhcp_options_id": "dopt-68b5170f",
            "enable_classiclink": null,
            "enable_classiclink_dns_support": null,
            "enable_dns_hostnames": true,
            "enable_dns_support": true,
            "id": "vpc-0cd3c970dded22cb0",
            "instance_tenancy": "default",
            "ipv6_association_id": "",
            "ipv6_cidr_block": "",
            "main_route_table_id": "rtb-0fc937296f4a244d8",
            "owner_id": "096785701408",
            "tags": {
              "Name": "support-vpc",
              "kubernetes.io/cluster/support-training-eks-vD95cRsC": "shared"
            }
          },
          "private": "eyJzY2hlbWFfdmVyc2lvbiI6IjEifQ==",
          "dependencies": [
            "random_string.suffix"
          ],
          "create_before_destroy": true
        }
      ]
    }
  ]
}
